// !$*UTF8*$!
{
	archiveVersion = 1;
	classes = {
	};
	objectVersion = 50;
	objects = {

/* Begin PBXBuildFile section */
		360A717321EC348E00BD328A /* APIConfig.swift in Sources */ = {isa = PBXBuildFile; fileRef = 360A717221EC348E00BD328A /* APIConfig.swift */; };
		360A717721EC43EA00BD328A /* APIRequests.swift in Sources */ = {isa = PBXBuildFile; fileRef = 360A717621EC43EA00BD328A /* APIRequests.swift */; };
		360A717B21EC851B00BD328A /* APIEnum.swift in Sources */ = {isa = PBXBuildFile; fileRef = 360A717A21EC851B00BD328A /* APIEnum.swift */; };
		360A717F21EC904500BD328A /* APIQueue.swift in Sources */ = {isa = PBXBuildFile; fileRef = 360A717E21EC904500BD328A /* APIQueue.swift */; };
		362E43B021E75079008767CE /* AppDelegate.swift in Sources */ = {isa = PBXBuildFile; fileRef = 362E43AF21E75079008767CE /* AppDelegate.swift */; };
		362E43B221E75079008767CE /* ViewController.swift in Sources */ = {isa = PBXBuildFile; fileRef = 362E43B121E75079008767CE /* ViewController.swift */; };
		362E43B521E75079008767CE /* Main.storyboard in Resources */ = {isa = PBXBuildFile; fileRef = 362E43B321E75079008767CE /* Main.storyboard */; };
		362E43B721E7507A008767CE /* Assets.xcassets in Resources */ = {isa = PBXBuildFile; fileRef = 362E43B621E7507A008767CE /* Assets.xcassets */; };
		362E43BA21E7507A008767CE /* LaunchScreen.storyboard in Resources */ = {isa = PBXBuildFile; fileRef = 362E43B821E7507A008767CE /* LaunchScreen.storyboard */; };
		36A0F5DD21F0697A00C85640 /* APIServiceTaskWrapper.swift in Sources */ = {isa = PBXBuildFile; fileRef = 36A0F5DC21F0697A00C85640 /* APIServiceTaskWrapper.swift */; };
		36CBD3E321EDAAC700EB972B /* APIService.swift in Sources */ = {isa = PBXBuildFile; fileRef = 36CBD3E221EDAAC700EB972B /* APIService.swift */; };
		36CBD3E521EDBC8700EB972B /* APIServiceTask.swift in Sources */ = {isa = PBXBuildFile; fileRef = 36CBD3E421EDBC8700EB972B /* APIServiceTask.swift */; };
/* End PBXBuildFile section */

/* Begin PBXFileReference section */
		360A717221EC348E00BD328A /* APIConfig.swift */ = {isa = PBXFileReference; lastKnownFileType = sourcecode.swift; path = APIConfig.swift; sourceTree = "<group>"; };
		360A717621EC43EA00BD328A /* APIRequests.swift */ = {isa = PBXFileReference; lastKnownFileType = sourcecode.swift; path = APIRequests.swift; sourceTree = "<group>"; };
		360A717A21EC851B00BD328A /* APIEnum.swift */ = {isa = PBXFileReference; lastKnownFileType = sourcecode.swift; path = APIEnum.swift; sourceTree = "<group>"; };
		360A717E21EC904500BD328A /* APIQueue.swift */ = {isa = PBXFileReference; lastKnownFileType = sourcecode.swift; path = APIQueue.swift; sourceTree = "<group>"; };
		362E43AC21E75079008767CE /* NetWorkLayer.app */ = {isa = PBXFileReference; explicitFileType = wrapper.application; includeInIndex = 0; path = NetWorkLayer.app; sourceTree = BUILT_PRODUCTS_DIR; };
		362E43AF21E75079008767CE /* AppDelegate.swift */ = {isa = PBXFileReference; lastKnownFileType = sourcecode.swift; path = AppDelegate.swift; sourceTree = "<group>"; };
		362E43B121E75079008767CE /* ViewController.swift */ = {isa = PBXFileReference; lastKnownFileType = sourcecode.swift; path = ViewController.swift; sourceTree = "<group>"; };
		362E43B421E75079008767CE /* Base */ = {isa = PBXFileReference; lastKnownFileType = file.storyboard; name = Base; path = Base.lproj/Main.storyboard; sourceTree = "<group>"; };
		362E43B621E7507A008767CE /* Assets.xcassets */ = {isa = PBXFileReference; lastKnownFileType = folder.assetcatalog; path = Assets.xcassets; sourceTree = "<group>"; };
		362E43B921E7507A008767CE /* Base */ = {isa = PBXFileReference; lastKnownFileType = file.storyboard; name = Base; path = Base.lproj/LaunchScreen.storyboard; sourceTree = "<group>"; };
		362E43BB21E7507A008767CE /* Info.plist */ = {isa = PBXFileReference; lastKnownFileType = text.plist.xml; path = Info.plist; sourceTree = "<group>"; };
		36A0F5DC21F0697A00C85640 /* APIServiceTaskWrapper.swift */ = {isa = PBXFileReference; lastKnownFileType = sourcecode.swift; path = APIServiceTaskWrapper.swift; sourceTree = "<group>"; };
		36CBD3E221EDAAC700EB972B /* APIService.swift */ = {isa = PBXFileReference; lastKnownFileType = sourcecode.swift; path = APIService.swift; sourceTree = "<group>"; };
		36CBD3E421EDBC8700EB972B /* APIServiceTask.swift */ = {isa = PBXFileReference; fileEncoding = 4; lastKnownFileType = sourcecode.swift; path = APIServiceTask.swift; sourceTree = "<group>"; };
/* End PBXFileReference section */

/* Begin PBXFrameworksBuildPhase section */
		362E43A921E75079008767CE /* Frameworks */ = {
			isa = PBXFrameworksBuildPhase;
			buildActionMask = 2147483647;
			files = (
			);
			runOnlyForDeploymentPostprocessing = 0;
		};
/* End PBXFrameworksBuildPhase section */

/* Begin PBXGroup section */
		362E43A321E75079008767CE = {
			isa = PBXGroup;
			children = (
				362E43AE21E75079008767CE /* NetWorkLayer */,
				362E43AD21E75079008767CE /* Products */,
			);
			sourceTree = "<group>";
		};
		362E43AD21E75079008767CE /* Products */ = {
			isa = PBXGroup;
			children = (
				362E43AC21E75079008767CE /* NetWorkLayer.app */,
			);
			name = Products;
			sourceTree = "<group>";
		};
		362E43AE21E75079008767CE /* NetWorkLayer */ = {
			isa = PBXGroup;
			children = (
				362E43AF21E75079008767CE /* AppDelegate.swift */,
				362E43B121E75079008767CE /* ViewController.swift */,
				362E43B321E75079008767CE /* Main.storyboard */,
				362E43B621E7507A008767CE /* Assets.xcassets */,
				362E43B821E7507A008767CE /* LaunchScreen.storyboard */,
				362E43BB21E7507A008767CE /* Info.plist */,
				36CBD3E721EDE8DB00EB972B /* API Service core */,
			);
			path = NetWorkLayer;
			sourceTree = "<group>";
		};
		36CBD3E721EDE8DB00EB972B /* API Service core */ = {
			isa = PBXGroup;
			children = (
				360A717221EC348E00BD328A /* APIConfig.swift */,
				360A717A21EC851B00BD328A /* APIEnum.swift */,
				36CBD3E221EDAAC700EB972B /* APIService.swift */,
				36CBD3E421EDBC8700EB972B /* APIServiceTask.swift */,
				36A0F5DC21F0697A00C85640 /* APIServiceTaskWrapper.swift */,
				360A717621EC43EA00BD328A /* APIRequests.swift */,
				360A717E21EC904500BD328A /* APIQueue.swift */,
			);
			path = "API Service core";
			sourceTree = "<group>";
		};
/* End PBXGroup section */

/* Begin PBXNativeTarget section */
		362E43AB21E75079008767CE /* NetWorkLayer */ = {
			isa = PBXNativeTarget;
			buildConfigurationList = 362E43BE21E7507A008767CE /* Build configuration list for PBXNativeTarget "NetWorkLayer" */;
			buildPhases = (
				362E43A821E75079008767CE /* Sources */,
				362E43A921E75079008767CE /* Frameworks */,
				362E43AA21E75079008767CE /* Resources */,
			);
			buildRules = (
			);
			dependencies = (
			);
			name = NetWorkLayer;
			productName = NetWorkLayer;
			productReference = 362E43AC21E75079008767CE /* NetWorkLayer.app */;
			productType = "com.apple.product-type.application";
		};
/* End PBXNativeTarget section */

/* Begin PBXProject section */
		362E43A421E75079008767CE /* Project object */ = {
			isa = PBXProject;
			attributes = {
				LastSwiftUpdateCheck = 1010;
				LastUpgradeCheck = 1010;
				ORGANIZATIONNAME = Hank_Zhong;
				TargetAttributes = {
					362E43AB21E75079008767CE = {
						CreatedOnToolsVersion = 10.1;
					};
				};
			};
			buildConfigurationList = 362E43A721E75079008767CE /* Build configuration list for PBXProject "NetWorkLayer" */;
			compatibilityVersion = "Xcode 9.3";
			developmentRegion = en;
			hasScannedForEncodings = 0;
			knownRegions = (
				en,
				Base,
			);
			mainGroup = 362E43A321E75079008767CE;
			productRefGroup = 362E43AD21E75079008767CE /* Products */;
			projectDirPath = "";
			projectRoot = "";
			targets = (
				362E43AB21E75079008767CE /* NetWorkLayer */,
			);
		};
/* End PBXProject section */

/* Begin PBXResourcesBuildPhase section */
		362E43AA21E75079008767CE /* Resources */ = {
			isa = PBXResourcesBuildPhase;
			buildActionMask = 2147483647;
			files = (
				362E43BA21E7507A008767CE /* LaunchScreen.storyboard in Resources */,
				362E43B721E7507A008767CE /* Assets.xcassets in Resources */,
				362E43B521E75079008767CE /* Main.storyboard in Resources */,
			);
			runOnlyForDeploymentPostprocessing = 0;
		};
/* End PBXResourcesBuildPhase section */

/* Begin PBXSourcesBuildPhase section */
		362E43A821E75079008767CE /* Sources */ = {
			isa = PBXSourcesBuildPhase;
			buildActionMask = 2147483647;
			files = (
				360A717F21EC904500BD328A /* APIQueue.swift in Sources */,
				362E43B221E75079008767CE /* ViewController.swift in Sources */,
				360A717721EC43EA00BD328A /* APIRequests.swift in Sources */,
				360A717B21EC851B00BD328A /* APIEnum.swift in Sources */,
				360A717321EC348E00BD328A /* APIConfig.swift in Sources */,
				36CBD3E321EDAAC700EB972B /* APIService.swift in Sources */,
				36CBD3E521EDBC8700EB972B /* APIServiceTask.swift in Sources */,
				362E43B021E75079008767CE /* AppDelegate.swift in Sources */,
				36A0F5DD21F0697A00C85640 /* APIServiceTaskWrapper.swift in Sources */,
			);
			runOnlyForDeploymentPostprocessing = 0;
		};
/* End PBXSourcesBuildPhase section */

/* Begin PBXVariantGroup section */
		362E43B321E75079008767CE /* Main.storyboard */ = {
			isa = PBXVariantGroup;
			children = (
				362E43B421E75079008767CE /* Base */,
			);
			name = Main.storyboard;
			sourceTree = "<group>";
		};
		362E43B821E7507A008767CE /* LaunchScreen.storyboard */ = {
			isa = PBXVariantGroup;
			children = (
				362E43B921E7507A008767CE /* Base */,
			);
			name = LaunchScreen.storyboard;
			sourceTree = "<group>";
		};
/* End PBXVariantGroup section */

/* Begin XCBuildConfiguration section */
		362E43BC21E7507A008767CE /* Debug */ = {
			isa = XCBuildConfiguration;
			buildSettings = {
				ALWAYS_SEARCH_USER_PATHS = NO;
				CLANG_ANALYZER_NONNULL = YES;
				CLANG_ANALYZER_NUMBER_OBJECT_CONVERSION = YES_AGGRESSIVE;
				CLANG_CXX_LANGUAGE_STANDARD = "gnu++14";
				CLANG_CXX_LIBRARY = "libc++";
				CLANG_ENABLE_MODULES = YES;
				CLANG_ENABLE_OBJC_ARC = YES;
				CLANG_ENABLE_OBJC_WEAK = YES;
				CLANG_WARN_BLOCK_CAPTURE_AUTORELEASING = YES;
				CLANG_WARN_BOOL_CONVERSION = YES;
				CLANG_WARN_COMMA = YES;
				CLANG_WARN_CONSTANT_CONVERSION = YES;
				CLANG_WARN_DEPRECATED_OBJC_IMPLEMENTATIONS = YES;
				CLANG_WARN_DIRECT_OBJC_ISA_USAGE = YES_ERROR;
				CLANG_WARN_DOCUMENTATION_COMMENTS = YES;
				CLANG_WARN_EMPTY_BODY = YES;
				CLANG_WARN_ENUM_CONVERSION = YES;
				CLANG_WARN_INFINITE_RECURSION = YES;
				CLANG_WARN_INT_CONVERSION = YES;
				CLANG_WARN_NON_LITERAL_NULL_CONVERSION = YES;
				CLANG_WARN_OBJC_IMPLICIT_RETAIN_SELF = YES;
				CLANG_WARN_OBJC_LITERAL_CONVERSION = YES;
				CLANG_WARN_OBJC_ROOT_CLASS = YES_ERROR;
				CLANG_WARN_RANGE_LOOP_ANALYSIS = YES;
				CLANG_WARN_STRICT_PROTOTYPES = YES;
				CLANG_WARN_SUSPICIOUS_MOVE = YES;
				CLANG_WARN_UNGUARDED_AVAILABILITY = YES_AGGRESSIVE;
				CLANG_WARN_UNREACHABLE_CODE = YES;
				CLANG_WARN__DUPLICATE_METHOD_MATCH = YES;
				CODE_SIGN_IDENTITY = "iPhone Developer";
				COPY_PHASE_STRIP = NO;
				DEBUG_INFORMATION_FORMAT = dwarf;
				ENABLE_STRICT_OBJC_MSGSEND = YES;
				ENABLE_TESTABILITY = YES;
				GCC_C_LANGUAGE_STANDARD = gnu11;
				GCC_DYNAMIC_NO_PIC = NO;
				GCC_NO_COMMON_BLOCKS = YES;
				GCC_OPTIMIZATION_LEVEL = 0;
				GCC_PREPROCESSOR_DEFINITIONS = (
					"DEBUG=1",
					"$(inherited)",
				);
				GCC_WARN_64_TO_32_BIT_CONVERSION = YES;
				GCC_WARN_ABOUT_RETURN_TYPE = YES_ERROR;
				GCC_WARN_UNDECLARED_SELECTOR = YES;
				GCC_WARN_UNINITIALIZED_AUTOS = YES_AGGRESSIVE;
				GCC_WARN_UNUSED_FUNCTION = YES;
				GCC_WARN_UNUSED_VARIABLE = YES;
				IPHONEOS_DEPLOYMENT_TARGET = 12.1;
				MTL_ENABLE_DEBUG_INFO = INCLUDE_SOURCE;
				MTL_FAST_MATH = YES;
				ONLY_ACTIVE_ARCH = YES;
				SDKROOT = iphoneos;
				SWIFT_ACTIVE_COMPILATION_CONDITIONS = DEBUG;
				SWIFT_OPTIMIZATION_LEVEL = "-Onone";
			};
			name = Debug;
		};
		362E43BD21E7507A008767CE /* Release */ = {
			isa = XCBuildConfiguration;
			buildSettings = {
				ALWAYS_SEARCH_USER_PATHS = NO;
				CLANG_ANALYZER_NONNULL = YES;
				CLANG_ANALYZER_NUMBER_OBJECT_CONVERSION = YES_AGGRESSIVE;
				CLANG_CXX_LANGUAGE_STANDARD = "gnu++14";
				CLANG_CXX_LIBRARY = "libc++";
				CLANG_ENABLE_MODULES = YES;
				CLANG_ENABLE_OBJC_ARC = YES;
				CLANG_ENABLE_OBJC_WEAK = YES;
				CLANG_WARN_BLOCK_CAPTURE_AUTORELEASING = YES;
				CLANG_WARN_BOOL_CONVERSION = YES;
				CLANG_WARN_COMMA = YES;
				CLANG_WARN_CONSTANT_CONVERSION = YES;
				CLANG_WARN_DEPRECATED_OBJC_IMPLEMENTATIONS = YES;
				CLANG_WARN_DIRECT_OBJC_ISA_USAGE = YES_ERROR;
				CLANG_WARN_DOCUMENTATION_COMMENTS = YES;
				CLANG_WARN_EMPTY_BODY = YES;
				CLANG_WARN_ENUM_CONVERSION = YES;
				CLANG_WARN_INFINITE_RECURSION = YES;
				CLANG_WARN_INT_CONVERSION = YES;
				CLANG_WARN_NON_LITERAL_NULL_CONVERSION = YES;
				CLANG_WARN_OBJC_IMPLICIT_RETAIN_SELF = YES;
				CLANG_WARN_OBJC_LITERAL_CONVERSION = YES;
				CLANG_WARN_OBJC_ROOT_CLASS = YES_ERROR;
				CLANG_WARN_RANGE_LOOP_ANALYSIS = YES;
				CLANG_WARN_STRICT_PROTOTYPES = YES;
				CLANG_WARN_SUSPICIOUS_MOVE = YES;
				CLANG_WARN_UNGUARDED_AVAILABILITY = YES_AGGRESSIVE;
				CLANG_WARN_UNREACHABLE_CODE = YES;
				CLANG_WARN__DUPLICATE_METHOD_MATCH = YES;
				CODE_SIGN_IDENTITY = "iPhone Developer";
				COPY_PHASE_STRIP = NO;
				DEBUG_INFORMATION_FORMAT = "dwarf-with-dsym";
				ENABLE_NS_ASSERTIONS = NO;
				ENABLE_STRICT_OBJC_MSGSEND = YES;
				GCC_C_LANGUAGE_STANDARD = gnu11;
				GCC_NO_COMMON_BLOCKS = YES;
				GCC_WARN_64_TO_32_BIT_CONVERSION = YES;
				GCC_WARN_ABOUT_RETURN_TYPE = YES_ERROR;
				GCC_WARN_UNDECLARED_SELECTOR = YES;
				GCC_WARN_UNINITIALIZED_AUTOS = YES_AGGRESSIVE;
				GCC_WARN_UNUSED_FUNCTION = YES;
				GCC_WARN_UNUSED_VARIABLE = YES;
				IPHONEOS_DEPLOYMENT_TARGET = 12.1;
				MTL_ENABLE_DEBUG_INFO = NO;
				MTL_FAST_MATH = YES;
				SDKROOT = iphoneos;
				SWIFT_COMPILATION_MODE = wholemodule;
				SWIFT_OPTIMIZATION_LEVEL = "-O";
				VALIDATE_PRODUCT = YES;
			};
			name = Release;
		};
		362E43BF21E7507A008767CE /* Debug */ = {
			isa = XCBuildConfiguration;
			buildSettings = {
				ASSETCATALOG_COMPILER_APPICON_NAME = AppIcon;
				CODE_SIGN_STYLE = Automatic;
				DEVELOPMENT_TEAM = 2Q9UN2MUUV;
				INFOPLIST_FILE = NetWorkLayer/Info.plist;
				LD_RUNPATH_SEARCH_PATHS = (
					"$(inherited)",
					"@executable_path/Frameworks",
				);
				PRODUCT_BUNDLE_IDENTIFIER = "com.Hank-Zhong.NetWorkLayer";
				PRODUCT_NAME = "$(TARGET_NAME)";
				SWIFT_VERSION = 4.2;
				TARGETED_DEVICE_FAMILY = "1,2";
			};
			name = Debug;
		};
		362E43C021E7507A008767CE /* Release */ = {
			isa = XCBuildConfiguration;
			buildSettings = {
				ASSETCATALOG_COMPILER_APPICON_NAME = AppIcon;
				CODE_SIGN_STYLE = Automatic;
				DEVELOPMENT_TEAM = 2Q9UN2MUUV;
				INFOPLIST_FILE = NetWorkLayer/Info.plist;
				LD_RUNPATH_SEARCH_PATHS = (
					"$(inherited)",
					"@executable_path/Frameworks",
				);
				PRODUCT_BUNDLE_IDENTIFIER = "com.Hank-Zhong.NetWorkLayer";
				PRODUCT_NAME = "$(TARGET_NAME)";
				SWIFT_VERSION = 4.2;
				TARGETED_DEVICE_FAMILY = "1,2";
			};
			name = Release;
		};
/* End XCBuildConfiguration section */

/* Begin XCConfigurationList section */
		362E43A721E75079008767CE /* Build configuration list for PBXProject "NetWorkLayer" */ = {
			isa = XCConfigurationList;
			buildConfigurations = (
				362E43BC21E7507A008767CE /* Debug */,
				362E43BD21E7507A008767CE /* Release */,
			);
			defaultConfigurationIsVisible = 0;
			defaultConfigurationName = Release;
		};
		362E43BE21E7507A008767CE /* Build configuration list for PBXNativeTarget "NetWorkLayer" */ = {
			isa = XCConfigurationList;
			buildConfigurations = (
				362E43BF21E7507A008767CE /* Debug */,
				362E43C021E7507A008767CE /* Release */,
			);
			defaultConfigurationIsVisible = 0;
			defaultConfigurationName = Release;
		};
/* End XCConfigurationList section */
	};
	rootObject = 362E43A421E75079008767CE /* Project object */;
}
