// !$*UTF8*$!
{
	archiveVersion = 1;
	classes = {
	};
	objectVersion = 48;
	objects = {

/* Begin PBXBuildFile section */
		278E05B52045095900BB3F92 /* UImage+Resize.swift in Sources */ = {isa = PBXBuildFile; fileRef = 278E05B42045095900BB3F92 /* UImage+Resize.swift */; };
		278E05B72045096F00BB3F92 /* frame_01.png in Resources */ = {isa = PBXBuildFile; fileRef = 278E05B62045096F00BB3F92 /* frame_01.png */; };
		27B9879E2043EC3F00D9C2E4 /* AppDelegate.swift in Sources */ = {isa = PBXBuildFile; fileRef = 27B9879D2043EC3F00D9C2E4 /* AppDelegate.swift */; };
		27B987A02043EC3F00D9C2E4 /* ViewController.swift in Sources */ = {isa = PBXBuildFile; fileRef = 27B9879F2043EC3F00D9C2E4 /* ViewController.swift */; };
		27B987A32043EC3F00D9C2E4 /* Main.storyboard in Resources */ = {isa = PBXBuildFile; fileRef = 27B987A12043EC3F00D9C2E4 /* Main.storyboard */; };
		27B987A52043EC3F00D9C2E4 /* Assets.xcassets in Resources */ = {isa = PBXBuildFile; fileRef = 27B987A42043EC3F00D9C2E4 /* Assets.xcassets */; };
		27B987A82043EC3F00D9C2E4 /* LaunchScreen.storyboard in Resources */ = {isa = PBXBuildFile; fileRef = 27B987A62043EC3F00D9C2E4 /* LaunchScreen.storyboard */; };
		27B987B02043F9AA00D9C2E4 /* the-smartest-smartphone.mp4 in Resources */ = {isa = PBXBuildFile; fileRef = 27B987AF2043F9AA00D9C2E4 /* the-smartest-smartphone.mp4 */; };
/* End PBXBuildFile section */

/* Begin PBXFileReference section */
		278E05B42045095900BB3F92 /* UImage+Resize.swift */ = {isa = PBXFileReference; fileEncoding = 4; lastKnownFileType = sourcecode.swift; path = "UImage+Resize.swift"; sourceTree = "<group>"; };
		278E05B62045096F00BB3F92 /* frame_01.png */ = {isa = PBXFileReference; lastKnownFileType = image.png; path = frame_01.png; sourceTree = "<group>"; };
		27B9879A2043EC3F00D9C2E4 /* HelloMtAV.app */ = {isa = PBXFileReference; explicitFileType = wrapper.application; includeInIndex = 0; path = HelloMtAV.app; sourceTree = BUILT_PRODUCTS_DIR; };
		27B9879D2043EC3F00D9C2E4 /* AppDelegate.swift */ = {isa = PBXFileReference; lastKnownFileType = sourcecode.swift; path = AppDelegate.swift; sourceTree = "<group>"; };
		27B9879F2043EC3F00D9C2E4 /* ViewController.swift */ = {isa = PBXFileReference; lastKnownFileType = sourcecode.swift; path = ViewController.swift; sourceTree = "<group>"; };
		27B987A22043EC3F00D9C2E4 /* Base */ = {isa = PBXFileReference; lastKnownFileType = file.storyboard; name = Base; path = Base.lproj/Main.storyboard; sourceTree = "<group>"; };
		27B987A42043EC3F00D9C2E4 /* Assets.xcassets */ = {isa = PBXFileReference; lastKnownFileType = folder.assetcatalog; path = Assets.xcassets; sourceTree = "<group>"; };
		27B987A72043EC3F00D9C2E4 /* Base */ = {isa = PBXFileReference; lastKnownFileType = file.storyboard; name = Base; path = Base.lproj/LaunchScreen.storyboard; sourceTree = "<group>"; };
		27B987A92043EC3F00D9C2E4 /* Info.plist */ = {isa = PBXFileReference; lastKnownFileType = text.plist.xml; path = Info.plist; sourceTree = "<group>"; };
		27B987AF2043F9AA00D9C2E4 /* the-smartest-smartphone.mp4 */ = {isa = PBXFileReference; lastKnownFileType = file; path = "the-smartest-smartphone.mp4"; sourceTree = "<group>"; };
/* End PBXFileReference section */

/* Begin PBXFrameworksBuildPhase section */
		27B987972043EC3F00D9C2E4 /* Frameworks */ = {
			isa = PBXFrameworksBuildPhase;
			buildActionMask = 2147483647;
			files = (
			);
			runOnlyForDeploymentPostprocessing = 0;
		};
/* End PBXFrameworksBuildPhase section */

/* Begin PBXGroup section */
		27B987912043EC3F00D9C2E4 = {
			isa = PBXGroup;
			children = (
				27B9879C2043EC3F00D9C2E4 /* HelloMtAV */,
				27B9879B2043EC3F00D9C2E4 /* Products */,
			);
			sourceTree = "<group>";
		};
		27B9879B2043EC3F00D9C2E4 /* Products */ = {
			isa = PBXGroup;
			children = (
				27B9879A2043EC3F00D9C2E4 /* HelloMtAV.app */,
			);
			name = Products;
			sourceTree = "<group>";
		};
		27B9879C2043EC3F00D9C2E4 /* HelloMtAV */ = {
			isa = PBXGroup;
			children = (
				27B9879D2043EC3F00D9C2E4 /* AppDelegate.swift */,
				27B9879F2043EC3F00D9C2E4 /* ViewController.swift */,
				27B987A12043EC3F00D9C2E4 /* Main.storyboard */,
				27B987AF2043F9AA00D9C2E4 /* the-smartest-smartphone.mp4 */,
				27B987A42043EC3F00D9C2E4 /* Assets.xcassets */,
				27B987A62043EC3F00D9C2E4 /* LaunchScreen.storyboard */,
				27B987A92043EC3F00D9C2E4 /* Info.plist */,
				278E05B42045095900BB3F92 /* UImage+Resize.swift */,
				278E05B62045096F00BB3F92 /* frame_01.png */,
			);
			path = HelloMtAV;
			sourceTree = "<group>";
		};
/* End PBXGroup section */

/* Begin PBXNativeTarget section */
		27B987992043EC3F00D9C2E4 /* HelloMtAV */ = {
			isa = PBXNativeTarget;
			buildConfigurationList = 27B987AC2043EC3F00D9C2E4 /* Build configuration list for PBXNativeTarget "HelloMtAV" */;
			buildPhases = (
				27B987962043EC3F00D9C2E4 /* Sources */,
				27B987972043EC3F00D9C2E4 /* Frameworks */,
				27B987982043EC3F00D9C2E4 /* Resources */,
			);
			buildRules = (
			);
			dependencies = (
			);
			name = HelloMtAV;
			productName = HelloMtAV;
			productReference = 27B9879A2043EC3F00D9C2E4 /* HelloMtAV.app */;
			productType = "com.apple.product-type.application";
		};
/* End PBXNativeTarget section */

/* Begin PBXProject section */
		27B987922043EC3F00D9C2E4 /* Project object */ = {
			isa = PBXProject;
			attributes = {
				LastSwiftUpdateCheck = 0910;
				LastUpgradeCheck = 0910;
				ORGANIZATIONNAME = user37;
				TargetAttributes = {
					27B987992043EC3F00D9C2E4 = {
						CreatedOnToolsVersion = 9.1;
						ProvisioningStyle = Automatic;
					};
				};
			};
			buildConfigurationList = 27B987952043EC3F00D9C2E4 /* Build configuration list for PBXProject "HelloMtAV" */;
			compatibilityVersion = "Xcode 8.0";
			developmentRegion = en;
			hasScannedForEncodings = 0;
			knownRegions = (
				en,
				Base,
			);
			mainGroup = 27B987912043EC3F00D9C2E4;
			productRefGroup = 27B9879B2043EC3F00D9C2E4 /* Products */;
			projectDirPath = "";
			projectRoot = "";
			targets = (
				27B987992043EC3F00D9C2E4 /* HelloMtAV */,
			);
		};
/* End PBXProject section */

/* Begin PBXResourcesBuildPhase section */
		27B987982043EC3F00D9C2E4 /* Resources */ = {
			isa = PBXResourcesBuildPhase;
			buildActionMask = 2147483647;
			files = (
				27B987A82043EC3F00D9C2E4 /* LaunchScreen.storyboard in Resources */,
				27B987B02043F9AA00D9C2E4 /* the-smartest-smartphone.mp4 in Resources */,
				278E05B72045096F00BB3F92 /* frame_01.png in Resources */,
				27B987A52043EC3F00D9C2E4 /* Assets.xcassets in Resources */,
				27B987A32043EC3F00D9C2E4 /* Main.storyboard in Resources */,
			);
			runOnlyForDeploymentPostprocessing = 0;
		};
/* End PBXResourcesBuildPhase section */

/* Begin PBXSourcesBuildPhase section */
		27B987962043EC3F00D9C2E4 /* Sources */ = {
			isa = PBXSourcesBuildPhase;
			buildActionMask = 2147483647;
			files = (
				27B987A02043EC3F00D9C2E4 /* ViewController.swift in Sources */,
				278E05B52045095900BB3F92 /* UImage+Resize.swift in Sources */,
				27B9879E2043EC3F00D9C2E4 /* AppDelegate.swift in Sources */,
			);
			runOnlyForDeploymentPostprocessing = 0;
		};
/* End PBXSourcesBuildPhase section */

/* Begin PBXVariantGroup section */
		27B987A12043EC3F00D9C2E4 /* Main.storyboard */ = {
			isa = PBXVariantGroup;
			children = (
				27B987A22043EC3F00D9C2E4 /* Base */,
			);
			name = Main.storyboard;
			sourceTree = "<group>";
		};
		27B987A62043EC3F00D9C2E4 /* LaunchScreen.storyboard */ = {
			isa = PBXVariantGroup;
			children = (
				27B987A72043EC3F00D9C2E4 /* Base */,
			);
			name = LaunchScreen.storyboard;
			sourceTree = "<group>";
		};
/* End PBXVariantGroup section */

/* Begin XCBuildConfiguration section */
		27B987AA2043EC3F00D9C2E4 /* Debug */ = {
			isa = XCBuildConfiguration;
			buildSettings = {
				ALWAYS_SEARCH_USER_PATHS = NO;
				CLANG_ANALYZER_NONNULL = YES;
				CLANG_ANALYZER_NUMBER_OBJECT_CONVERSION = YES_AGGRESSIVE;
				CLANG_CXX_LANGUAGE_STANDARD = "gnu++14";
				CLANG_CXX_LIBRARY = "libc++";
				CLANG_ENABLE_MODULES = YES;
				CLANG_ENABLE_OBJC_ARC = YES;
				CLANG_WARN_BLOCK_CAPTURE_AUTORELEASING = YES;
				CLANG_WARN_BOOL_CONVERSION = YES;
				CLANG_WARN_COMMA = YES;
				CLANG_WARN_CONSTANT_CONVERSION = YES;
				CLANG_WARN_DIRECT_OBJC_ISA_USAGE = YES_ERROR;
				CLANG_WARN_DOCUMENTATION_COMMENTS = YES;
				CLANG_WARN_EMPTY_BODY = YES;
				CLANG_WARN_ENUM_CONVERSION = YES;
				CLANG_WARN_INFINITE_RECURSION = YES;
				CLANG_WARN_INT_CONVERSION = YES;
				CLANG_WARN_NON_LITERAL_NULL_CONVERSION = YES;
				CLANG_WARN_OBJC_LITERAL_CONVERSION = YES;
				CLANG_WARN_OBJC_ROOT_CLASS = YES_ERROR;
				CLANG_WARN_RANGE_LOOP_ANALYSIS = YES;
				CLANG_WARN_STRICT_PROTOTYPES = YES;
				CLANG_WARN_SUSPICIOUS_MOVE = YES;
				CLANG_WARN_UNGUARDED_AVAILABILITY = YES_AGGRESSIVE;
				CLANG_WARN_UNREACHABLE_CODE = YES;
				CLANG_WARN__DUPLICATE_METHOD_MATCH = YES;
				CODE_SIGN_IDENTITY = "iPhone Developer";
				COPY_PHASE_STRIP = NO;
				DEBUG_INFORMATION_FORMAT = dwarf;
				ENABLE_STRICT_OBJC_MSGSEND = YES;
				ENABLE_TESTABILITY = YES;
				GCC_C_LANGUAGE_STANDARD = gnu11;
				GCC_DYNAMIC_NO_PIC = NO;
				GCC_NO_COMMON_BLOCKS = YES;
				GCC_OPTIMIZATION_LEVEL = 0;
				GCC_PREPROCESSOR_DEFINITIONS = (
					"DEBUG=1",
					"$(inherited)",
				);
				GCC_WARN_64_TO_32_BIT_CONVERSION = YES;
				GCC_WARN_ABOUT_RETURN_TYPE = YES_ERROR;
				GCC_WARN_UNDECLARED_SELECTOR = YES;
				GCC_WARN_UNINITIALIZED_AUTOS = YES_AGGRESSIVE;
				GCC_WARN_UNUSED_FUNCTION = YES;
				GCC_WARN_UNUSED_VARIABLE = YES;
				IPHONEOS_DEPLOYMENT_TARGET = 11.1;
				MTL_ENABLE_DEBUG_INFO = YES;
				ONLY_ACTIVE_ARCH = YES;
				SDKROOT = iphoneos;
				SWIFT_ACTIVE_COMPILATION_CONDITIONS = DEBUG;
				SWIFT_OPTIMIZATION_LEVEL = "-Onone";
			};
			name = Debug;
		};
		27B987AB2043EC3F00D9C2E4 /* Release */ = {
			isa = XCBuildConfiguration;
			buildSettings = {
				ALWAYS_SEARCH_USER_PATHS = NO;
				CLANG_ANALYZER_NONNULL = YES;
				CLANG_ANALYZER_NUMBER_OBJECT_CONVERSION = YES_AGGRESSIVE;
				CLANG_CXX_LANGUAGE_STANDARD = "gnu++14";
				CLANG_CXX_LIBRARY = "libc++";
				CLANG_ENABLE_MODULES = YES;
				CLANG_ENABLE_OBJC_ARC = YES;
				CLANG_WARN_BLOCK_CAPTURE_AUTORELEASING = YES;
				CLANG_WARN_BOOL_CONVERSION = YES;
				CLANG_WARN_COMMA = YES;
				CLANG_WARN_CONSTANT_CONVERSION = YES;
				CLANG_WARN_DIRECT_OBJC_ISA_USAGE = YES_ERROR;
				CLANG_WARN_DOCUMENTATION_COMMENTS = YES;
				CLANG_WARN_EMPTY_BODY = YES;
				CLANG_WARN_ENUM_CONVERSION = YES;
				CLANG_WARN_INFINITE_RECURSION = YES;
				CLANG_WARN_INT_CONVERSION = YES;
				CLANG_WARN_NON_LITERAL_NULL_CONVERSION = YES;
				CLANG_WARN_OBJC_LITERAL_CONVERSION = YES;
				CLANG_WARN_OBJC_ROOT_CLASS = YES_ERROR;
				CLANG_WARN_RANGE_LOOP_ANALYSIS = YES;
				CLANG_WARN_STRICT_PROTOTYPES = YES;
				CLANG_WARN_SUSPICIOUS_MOVE = YES;
				CLANG_WARN_UNGUARDED_AVAILABILITY = YES_AGGRESSIVE;
				CLANG_WARN_UNREACHABLE_CODE = YES;
				CLANG_WARN__DUPLICATE_METHOD_MATCH = YES;
				CODE_SIGN_IDENTITY = "iPhone Developer";
				COPY_PHASE_STRIP = NO;
				DEBUG_INFORMATION_FORMAT = "dwarf-with-dsym";
				ENABLE_NS_ASSERTIONS = NO;
				ENABLE_STRICT_OBJC_MSGSEND = YES;
				GCC_C_LANGUAGE_STANDARD = gnu11;
				GCC_NO_COMMON_BLOCKS = YES;
				GCC_WARN_64_TO_32_BIT_CONVERSION = YES;
				GCC_WARN_ABOUT_RETURN_TYPE = YES_ERROR;
				GCC_WARN_UNDECLARED_SELECTOR = YES;
				GCC_WARN_UNINITIALIZED_AUTOS = YES_AGGRESSIVE;
				GCC_WARN_UNUSED_FUNCTION = YES;
				GCC_WARN_UNUSED_VARIABLE = YES;
				IPHONEOS_DEPLOYMENT_TARGET = 11.1;
				MTL_ENABLE_DEBUG_INFO = NO;
				SDKROOT = iphoneos;
				SWIFT_OPTIMIZATION_LEVEL = "-Owholemodule";
				VALIDATE_PRODUCT = YES;
			};
			name = Release;
		};
		27B987AD2043EC3F00D9C2E4 /* Debug */ = {
			isa = XCBuildConfiguration;
			buildSettings = {
				ASSETCATALOG_COMPILER_APPICON_NAME = AppIcon;
				CODE_SIGN_STYLE = Automatic;
				INFOPLIST_FILE = HelloMtAV/Info.plist;
				LD_RUNPATH_SEARCH_PATHS = "$(inherited) @executable_path/Frameworks";
				PRODUCT_BUNDLE_IDENTIFIER = com.www.HelloMtAV;
				PRODUCT_NAME = "$(TARGET_NAME)";
				SWIFT_VERSION = 4.0;
				TARGETED_DEVICE_FAMILY = "1,2";
			};
			name = Debug;
		};
		27B987AE2043EC3F00D9C2E4 /* Release */ = {
			isa = XCBuildConfiguration;
			buildSettings = {
				ASSETCATALOG_COMPILER_APPICON_NAME = AppIcon;
				CODE_SIGN_STYLE = Automatic;
				INFOPLIST_FILE = HelloMtAV/Info.plist;
				LD_RUNPATH_SEARCH_PATHS = "$(inherited) @executable_path/Frameworks";
				PRODUCT_BUNDLE_IDENTIFIER = com.www.HelloMtAV;
				PRODUCT_NAME = "$(TARGET_NAME)";
				SWIFT_VERSION = 4.0;
				TARGETED_DEVICE_FAMILY = "1,2";
			};
			name = Release;
		};
/* End XCBuildConfiguration section */

/* Begin XCConfigurationList section */
		27B987952043EC3F00D9C2E4 /* Build configuration list for PBXProject "HelloMtAV" */ = {
			isa = XCConfigurationList;
			buildConfigurations = (
				27B987AA2043EC3F00D9C2E4 /* Debug */,
				27B987AB2043EC3F00D9C2E4 /* Release */,
			);
			defaultConfigurationIsVisible = 0;
			defaultConfigurationName = Release;
		};
		27B987AC2043EC3F00D9C2E4 /* Build configuration list for PBXNativeTarget "HelloMtAV" */ = {
			isa = XCConfigurationList;
			buildConfigurations = (
				27B987AD2043EC3F00D9C2E4 /* Debug */,
				27B987AE2043EC3F00D9C2E4 /* Release */,
			);
			defaultConfigurationIsVisible = 0;
			defaultConfigurationName = Release;
		};
/* End XCConfigurationList section */
	};
	rootObject = 27B987922043EC3F00D9C2E4 /* Project object */;
}
