// !$*UTF8*$!
{
	archiveVersion = 1;
	classes = {
	};
	objectVersion = 50;
	objects = {

/* Begin PBXBuildFile section */
		2701D50720D7BB9200158406 /* CATransitionVC.swift in Sources */ = {isa = PBXBuildFile; fileRef = 2701D50620D7BB9200158406 /* CATransitionVC.swift */; };
		277C39BC20D57FE4003B1655 /* ChildVC_transition.swift in Sources */ = {isa = PBXBuildFile; fileRef = 277C39BB20D57FE4003B1655 /* ChildVC_transition.swift */; };
		361E038921536C1B00D06DE0 /* PushViewController.swift in Sources */ = {isa = PBXBuildFile; fileRef = 361E038821536C1B00D06DE0 /* PushViewController.swift */; };
		361E038B21536C2C00D06DE0 /* PopViewController.swift in Sources */ = {isa = PBXBuildFile; fileRef = 361E038A21536C2C00D06DE0 /* PopViewController.swift */; };
		361E038F2153717F00D06DE0 /* TabBarController.swift in Sources */ = {isa = PBXBuildFile; fileRef = 361E038E2153717F00D06DE0 /* TabBarController.swift */; };
		361E0391215371CB00D06DE0 /* PresentingViewController.swift in Sources */ = {isa = PBXBuildFile; fileRef = 361E0390215371CB00D06DE0 /* PresentingViewController.swift */; };
		361E0393215371D700D06DE0 /* PresentedViewController.swift in Sources */ = {isa = PBXBuildFile; fileRef = 361E0392215371D700D06DE0 /* PresentedViewController.swift */; };
		361E03952153729C00D06DE0 /* RadiusButton.swift in Sources */ = {isa = PBXBuildFile; fileRef = 361E03942153729C00D06DE0 /* RadiusButton.swift */; };
		367CDFA020D263DE006CA74A /* AppDelegate.swift in Sources */ = {isa = PBXBuildFile; fileRef = 367CDF9F20D263DE006CA74A /* AppDelegate.swift */; };
		367CDFA520D263DE006CA74A /* Main.storyboard in Resources */ = {isa = PBXBuildFile; fileRef = 367CDFA320D263DE006CA74A /* Main.storyboard */; };
		367CDFA720D263DF006CA74A /* Assets.xcassets in Resources */ = {isa = PBXBuildFile; fileRef = 367CDFA620D263DF006CA74A /* Assets.xcassets */; };
		367CDFAA20D263DF006CA74A /* LaunchScreen.storyboard in Resources */ = {isa = PBXBuildFile; fileRef = 367CDFA820D263DF006CA74A /* LaunchScreen.storyboard */; };
		36FD60BA20D276AF00978A93 /* TableViewController.swift in Sources */ = {isa = PBXBuildFile; fileRef = 36FD60B920D276AF00978A93 /* TableViewController.swift */; };
/* End PBXBuildFile section */

/* Begin PBXFileReference section */
		2701D50620D7BB9200158406 /* CATransitionVC.swift */ = {isa = PBXFileReference; lastKnownFileType = sourcecode.swift; path = CATransitionVC.swift; sourceTree = "<group>"; };
		277C39BB20D57FE4003B1655 /* ChildVC_transition.swift */ = {isa = PBXFileReference; lastKnownFileType = sourcecode.swift; path = ChildVC_transition.swift; sourceTree = "<group>"; };
		361E038821536C1B00D06DE0 /* PushViewController.swift */ = {isa = PBXFileReference; lastKnownFileType = sourcecode.swift; path = PushViewController.swift; sourceTree = "<group>"; };
		361E038A21536C2C00D06DE0 /* PopViewController.swift */ = {isa = PBXFileReference; lastKnownFileType = sourcecode.swift; path = PopViewController.swift; sourceTree = "<group>"; };
		361E038E2153717F00D06DE0 /* TabBarController.swift */ = {isa = PBXFileReference; lastKnownFileType = sourcecode.swift; path = TabBarController.swift; sourceTree = "<group>"; };
		361E0390215371CB00D06DE0 /* PresentingViewController.swift */ = {isa = PBXFileReference; lastKnownFileType = sourcecode.swift; path = PresentingViewController.swift; sourceTree = "<group>"; };
		361E0392215371D700D06DE0 /* PresentedViewController.swift */ = {isa = PBXFileReference; lastKnownFileType = sourcecode.swift; path = PresentedViewController.swift; sourceTree = "<group>"; };
		361E03942153729C00D06DE0 /* RadiusButton.swift */ = {isa = PBXFileReference; lastKnownFileType = sourcecode.swift; path = RadiusButton.swift; sourceTree = "<group>"; };
		367CDF9C20D263DE006CA74A /* DoSomeTransition.app */ = {isa = PBXFileReference; explicitFileType = wrapper.application; includeInIndex = 0; path = DoSomeTransition.app; sourceTree = BUILT_PRODUCTS_DIR; };
		367CDF9F20D263DE006CA74A /* AppDelegate.swift */ = {isa = PBXFileReference; lastKnownFileType = sourcecode.swift; path = AppDelegate.swift; sourceTree = "<group>"; };
		367CDFA420D263DE006CA74A /* Base */ = {isa = PBXFileReference; lastKnownFileType = file.storyboard; name = Base; path = Base.lproj/Main.storyboard; sourceTree = "<group>"; };
		367CDFA620D263DF006CA74A /* Assets.xcassets */ = {isa = PBXFileReference; lastKnownFileType = folder.assetcatalog; path = Assets.xcassets; sourceTree = "<group>"; };
		367CDFA920D263DF006CA74A /* Base */ = {isa = PBXFileReference; lastKnownFileType = file.storyboard; name = Base; path = Base.lproj/LaunchScreen.storyboard; sourceTree = "<group>"; };
		367CDFAB20D263DF006CA74A /* Info.plist */ = {isa = PBXFileReference; lastKnownFileType = text.plist.xml; path = Info.plist; sourceTree = "<group>"; };
		36FD60B920D276AF00978A93 /* TableViewController.swift */ = {isa = PBXFileReference; lastKnownFileType = sourcecode.swift; path = TableViewController.swift; sourceTree = "<group>"; };
/* End PBXFileReference section */

/* Begin PBXFrameworksBuildPhase section */
		367CDF9920D263DD006CA74A /* Frameworks */ = {
			isa = PBXFrameworksBuildPhase;
			buildActionMask = 2147483647;
			files = (
			);
			runOnlyForDeploymentPostprocessing = 0;
		};
/* End PBXFrameworksBuildPhase section */

/* Begin PBXGroup section */
		367CDF9320D263DD006CA74A = {
			isa = PBXGroup;
			children = (
				367CDF9E20D263DE006CA74A /* DoSomeTransition */,
				367CDF9D20D263DE006CA74A /* Products */,
			);
			sourceTree = "<group>";
		};
		367CDF9D20D263DE006CA74A /* Products */ = {
			isa = PBXGroup;
			children = (
				367CDF9C20D263DE006CA74A /* DoSomeTransition.app */,
			);
			name = Products;
			sourceTree = "<group>";
		};
		367CDF9E20D263DE006CA74A /* DoSomeTransition */ = {
			isa = PBXGroup;
			children = (
				367CDF9F20D263DE006CA74A /* AppDelegate.swift */,
				367CDFA320D263DE006CA74A /* Main.storyboard */,
				36FD60B920D276AF00978A93 /* TableViewController.swift */,
				367CDFA620D263DF006CA74A /* Assets.xcassets */,
				367CDFA820D263DF006CA74A /* LaunchScreen.storyboard */,
				367CDFAB20D263DF006CA74A /* Info.plist */,
				361E038821536C1B00D06DE0 /* PushViewController.swift */,
				361E038A21536C2C00D06DE0 /* PopViewController.swift */,
				361E038E2153717F00D06DE0 /* TabBarController.swift */,
				361E0390215371CB00D06DE0 /* PresentingViewController.swift */,
				361E0392215371D700D06DE0 /* PresentedViewController.swift */,
				277C39BB20D57FE4003B1655 /* ChildVC_transition.swift */,
				2701D50620D7BB9200158406 /* CATransitionVC.swift */,
				361E03942153729C00D06DE0 /* RadiusButton.swift */,
			);
			path = DoSomeTransition;
			sourceTree = "<group>";
		};
/* End PBXGroup section */

/* Begin PBXNativeTarget section */
		367CDF9B20D263DD006CA74A /* DoSomeTransition */ = {
			isa = PBXNativeTarget;
			buildConfigurationList = 367CDFAE20D263DF006CA74A /* Build configuration list for PBXNativeTarget "DoSomeTransition" */;
			buildPhases = (
				367CDF9820D263DD006CA74A /* Sources */,
				367CDF9920D263DD006CA74A /* Frameworks */,
				367CDF9A20D263DD006CA74A /* Resources */,
			);
			buildRules = (
			);
			dependencies = (
			);
			name = DoSomeTransition;
			productName = DoSomeTransition;
			productReference = 367CDF9C20D263DE006CA74A /* DoSomeTransition.app */;
			productType = "com.apple.product-type.application";
		};
/* End PBXNativeTarget section */

/* Begin PBXProject section */
		367CDF9420D263DD006CA74A /* Project object */ = {
			isa = PBXProject;
			attributes = {
				LastSwiftUpdateCheck = 0940;
				LastUpgradeCheck = 0940;
				ORGANIZATIONNAME = Hank_Zhong;
				TargetAttributes = {
					367CDF9B20D263DD006CA74A = {
						CreatedOnToolsVersion = 9.4;
						LastSwiftMigration = 1000;
					};
				};
			};
			buildConfigurationList = 367CDF9720D263DD006CA74A /* Build configuration list for PBXProject "DoSomeTransition" */;
			compatibilityVersion = "Xcode 9.3";
			developmentRegion = en;
			hasScannedForEncodings = 0;
			knownRegions = (
				en,
				Base,
			);
			mainGroup = 367CDF9320D263DD006CA74A;
			productRefGroup = 367CDF9D20D263DE006CA74A /* Products */;
			projectDirPath = "";
			projectRoot = "";
			targets = (
				367CDF9B20D263DD006CA74A /* DoSomeTransition */,
			);
		};
/* End PBXProject section */

/* Begin PBXResourcesBuildPhase section */
		367CDF9A20D263DD006CA74A /* Resources */ = {
			isa = PBXResourcesBuildPhase;
			buildActionMask = 2147483647;
			files = (
				367CDFAA20D263DF006CA74A /* LaunchScreen.storyboard in Resources */,
				367CDFA720D263DF006CA74A /* Assets.xcassets in Resources */,
				367CDFA520D263DE006CA74A /* Main.storyboard in Resources */,
			);
			runOnlyForDeploymentPostprocessing = 0;
		};
/* End PBXResourcesBuildPhase section */

/* Begin PBXSourcesBuildPhase section */
		367CDF9820D263DD006CA74A /* Sources */ = {
			isa = PBXSourcesBuildPhase;
			buildActionMask = 2147483647;
			files = (
				2701D50720D7BB9200158406 /* CATransitionVC.swift in Sources */,
				367CDFA020D263DE006CA74A /* AppDelegate.swift in Sources */,
				361E038B21536C2C00D06DE0 /* PopViewController.swift in Sources */,
				361E03952153729C00D06DE0 /* RadiusButton.swift in Sources */,
				36FD60BA20D276AF00978A93 /* TableViewController.swift in Sources */,
				361E038F2153717F00D06DE0 /* TabBarController.swift in Sources */,
				361E0393215371D700D06DE0 /* PresentedViewController.swift in Sources */,
				361E038921536C1B00D06DE0 /* PushViewController.swift in Sources */,
				277C39BC20D57FE4003B1655 /* ChildVC_transition.swift in Sources */,
				361E0391215371CB00D06DE0 /* PresentingViewController.swift in Sources */,
			);
			runOnlyForDeploymentPostprocessing = 0;
		};
/* End PBXSourcesBuildPhase section */

/* Begin PBXVariantGroup section */
		367CDFA320D263DE006CA74A /* Main.storyboard */ = {
			isa = PBXVariantGroup;
			children = (
				367CDFA420D263DE006CA74A /* Base */,
			);
			name = Main.storyboard;
			sourceTree = "<group>";
		};
		367CDFA820D263DF006CA74A /* LaunchScreen.storyboard */ = {
			isa = PBXVariantGroup;
			children = (
				367CDFA920D263DF006CA74A /* Base */,
			);
			name = LaunchScreen.storyboard;
			sourceTree = "<group>";
		};
/* End PBXVariantGroup section */

/* Begin XCBuildConfiguration section */
		367CDFAC20D263DF006CA74A /* Debug */ = {
			isa = XCBuildConfiguration;
			buildSettings = {
				ALWAYS_SEARCH_USER_PATHS = NO;
				CLANG_ANALYZER_NONNULL = YES;
				CLANG_ANALYZER_NUMBER_OBJECT_CONVERSION = YES_AGGRESSIVE;
				CLANG_CXX_LANGUAGE_STANDARD = "gnu++14";
				CLANG_CXX_LIBRARY = "libc++";
				CLANG_ENABLE_MODULES = YES;
				CLANG_ENABLE_OBJC_ARC = YES;
				CLANG_ENABLE_OBJC_WEAK = YES;
				CLANG_WARN_BLOCK_CAPTURE_AUTORELEASING = YES;
				CLANG_WARN_BOOL_CONVERSION = YES;
				CLANG_WARN_COMMA = YES;
				CLANG_WARN_CONSTANT_CONVERSION = YES;
				CLANG_WARN_DEPRECATED_OBJC_IMPLEMENTATIONS = YES;
				CLANG_WARN_DIRECT_OBJC_ISA_USAGE = YES_ERROR;
				CLANG_WARN_DOCUMENTATION_COMMENTS = YES;
				CLANG_WARN_EMPTY_BODY = YES;
				CLANG_WARN_ENUM_CONVERSION = YES;
				CLANG_WARN_INFINITE_RECURSION = YES;
				CLANG_WARN_INT_CONVERSION = YES;
				CLANG_WARN_NON_LITERAL_NULL_CONVERSION = YES;
				CLANG_WARN_OBJC_IMPLICIT_RETAIN_SELF = YES;
				CLANG_WARN_OBJC_LITERAL_CONVERSION = YES;
				CLANG_WARN_OBJC_ROOT_CLASS = YES_ERROR;
				CLANG_WARN_RANGE_LOOP_ANALYSIS = YES;
				CLANG_WARN_STRICT_PROTOTYPES = YES;
				CLANG_WARN_SUSPICIOUS_MOVE = YES;
				CLANG_WARN_UNGUARDED_AVAILABILITY = YES_AGGRESSIVE;
				CLANG_WARN_UNREACHABLE_CODE = YES;
				CLANG_WARN__DUPLICATE_METHOD_MATCH = YES;
				CODE_SIGN_IDENTITY = "iPhone Developer";
				COPY_PHASE_STRIP = NO;
				DEBUG_INFORMATION_FORMAT = dwarf;
				ENABLE_STRICT_OBJC_MSGSEND = YES;
				ENABLE_TESTABILITY = YES;
				GCC_C_LANGUAGE_STANDARD = gnu11;
				GCC_DYNAMIC_NO_PIC = NO;
				GCC_NO_COMMON_BLOCKS = YES;
				GCC_OPTIMIZATION_LEVEL = 0;
				GCC_PREPROCESSOR_DEFINITIONS = (
					"DEBUG=1",
					"$(inherited)",
				);
				GCC_WARN_64_TO_32_BIT_CONVERSION = YES;
				GCC_WARN_ABOUT_RETURN_TYPE = YES_ERROR;
				GCC_WARN_UNDECLARED_SELECTOR = YES;
				GCC_WARN_UNINITIALIZED_AUTOS = YES_AGGRESSIVE;
				GCC_WARN_UNUSED_FUNCTION = YES;
				GCC_WARN_UNUSED_VARIABLE = YES;
				IPHONEOS_DEPLOYMENT_TARGET = 11.4;
				MTL_ENABLE_DEBUG_INFO = YES;
				ONLY_ACTIVE_ARCH = YES;
				SDKROOT = iphoneos;
				SWIFT_ACTIVE_COMPILATION_CONDITIONS = DEBUG;
				SWIFT_OPTIMIZATION_LEVEL = "-Onone";
			};
			name = Debug;
		};
		367CDFAD20D263DF006CA74A /* Release */ = {
			isa = XCBuildConfiguration;
			buildSettings = {
				ALWAYS_SEARCH_USER_PATHS = NO;
				CLANG_ANALYZER_NONNULL = YES;
				CLANG_ANALYZER_NUMBER_OBJECT_CONVERSION = YES_AGGRESSIVE;
				CLANG_CXX_LANGUAGE_STANDARD = "gnu++14";
				CLANG_CXX_LIBRARY = "libc++";
				CLANG_ENABLE_MODULES = YES;
				CLANG_ENABLE_OBJC_ARC = YES;
				CLANG_ENABLE_OBJC_WEAK = YES;
				CLANG_WARN_BLOCK_CAPTURE_AUTORELEASING = YES;
				CLANG_WARN_BOOL_CONVERSION = YES;
				CLANG_WARN_COMMA = YES;
				CLANG_WARN_CONSTANT_CONVERSION = YES;
				CLANG_WARN_DEPRECATED_OBJC_IMPLEMENTATIONS = YES;
				CLANG_WARN_DIRECT_OBJC_ISA_USAGE = YES_ERROR;
				CLANG_WARN_DOCUMENTATION_COMMENTS = YES;
				CLANG_WARN_EMPTY_BODY = YES;
				CLANG_WARN_ENUM_CONVERSION = YES;
				CLANG_WARN_INFINITE_RECURSION = YES;
				CLANG_WARN_INT_CONVERSION = YES;
				CLANG_WARN_NON_LITERAL_NULL_CONVERSION = YES;
				CLANG_WARN_OBJC_IMPLICIT_RETAIN_SELF = YES;
				CLANG_WARN_OBJC_LITERAL_CONVERSION = YES;
				CLANG_WARN_OBJC_ROOT_CLASS = YES_ERROR;
				CLANG_WARN_RANGE_LOOP_ANALYSIS = YES;
				CLANG_WARN_STRICT_PROTOTYPES = YES;
				CLANG_WARN_SUSPICIOUS_MOVE = YES;
				CLANG_WARN_UNGUARDED_AVAILABILITY = YES_AGGRESSIVE;
				CLANG_WARN_UNREACHABLE_CODE = YES;
				CLANG_WARN__DUPLICATE_METHOD_MATCH = YES;
				CODE_SIGN_IDENTITY = "iPhone Developer";
				COPY_PHASE_STRIP = NO;
				DEBUG_INFORMATION_FORMAT = "dwarf-with-dsym";
				ENABLE_NS_ASSERTIONS = NO;
				ENABLE_STRICT_OBJC_MSGSEND = YES;
				GCC_C_LANGUAGE_STANDARD = gnu11;
				GCC_NO_COMMON_BLOCKS = YES;
				GCC_WARN_64_TO_32_BIT_CONVERSION = YES;
				GCC_WARN_ABOUT_RETURN_TYPE = YES_ERROR;
				GCC_WARN_UNDECLARED_SELECTOR = YES;
				GCC_WARN_UNINITIALIZED_AUTOS = YES_AGGRESSIVE;
				GCC_WARN_UNUSED_FUNCTION = YES;
				GCC_WARN_UNUSED_VARIABLE = YES;
				IPHONEOS_DEPLOYMENT_TARGET = 11.4;
				MTL_ENABLE_DEBUG_INFO = NO;
				SDKROOT = iphoneos;
				SWIFT_COMPILATION_MODE = wholemodule;
				SWIFT_OPTIMIZATION_LEVEL = "-O";
				VALIDATE_PRODUCT = YES;
			};
			name = Release;
		};
		367CDFAF20D263DF006CA74A /* Debug */ = {
			isa = XCBuildConfiguration;
			buildSettings = {
				ASSETCATALOG_COMPILER_APPICON_NAME = AppIcon;
				CODE_SIGN_STYLE = Automatic;
				DEVELOPMENT_TEAM = FJ796T7KK8;
				INFOPLIST_FILE = DoSomeTransition/Info.plist;
				LD_RUNPATH_SEARCH_PATHS = (
					"$(inherited)",
					"@executable_path/Frameworks",
				);
				PRODUCT_BUNDLE_IDENTIFIER = "com.Hank-Zhong.DoSomeTransition";
				PRODUCT_NAME = "$(TARGET_NAME)";
				SWIFT_VERSION = 4.2;
				TARGETED_DEVICE_FAMILY = "1,2";
			};
			name = Debug;
		};
		367CDFB020D263DF006CA74A /* Release */ = {
			isa = XCBuildConfiguration;
			buildSettings = {
				ASSETCATALOG_COMPILER_APPICON_NAME = AppIcon;
				CODE_SIGN_STYLE = Automatic;
				DEVELOPMENT_TEAM = FJ796T7KK8;
				INFOPLIST_FILE = DoSomeTransition/Info.plist;
				LD_RUNPATH_SEARCH_PATHS = (
					"$(inherited)",
					"@executable_path/Frameworks",
				);
				PRODUCT_BUNDLE_IDENTIFIER = "com.Hank-Zhong.DoSomeTransition";
				PRODUCT_NAME = "$(TARGET_NAME)";
				SWIFT_VERSION = 4.2;
				TARGETED_DEVICE_FAMILY = "1,2";
			};
			name = Release;
		};
/* End XCBuildConfiguration section */

/* Begin XCConfigurationList section */
		367CDF9720D263DD006CA74A /* Build configuration list for PBXProject "DoSomeTransition" */ = {
			isa = XCConfigurationList;
			buildConfigurations = (
				367CDFAC20D263DF006CA74A /* Debug */,
				367CDFAD20D263DF006CA74A /* Release */,
			);
			defaultConfigurationIsVisible = 0;
			defaultConfigurationName = Release;
		};
		367CDFAE20D263DF006CA74A /* Build configuration list for PBXNativeTarget "DoSomeTransition" */ = {
			isa = XCConfigurationList;
			buildConfigurations = (
				367CDFAF20D263DF006CA74A /* Debug */,
				367CDFB020D263DF006CA74A /* Release */,
			);
			defaultConfigurationIsVisible = 0;
			defaultConfigurationName = Release;
		};
/* End XCConfigurationList section */
	};
	rootObject = 367CDF9420D263DD006CA74A /* Project object */;
}
