// !$*UTF8*$!
{
	archiveVersion = 1;
	classes = {
	};
	objectVersion = 50;
	objects = {

/* Begin PBXBuildFile section */
		362CB85B21B4C34C00F87DB4 /* AppDelegate.swift in Sources */ = {isa = PBXBuildFile; fileRef = 362CB85A21B4C34C00F87DB4 /* AppDelegate.swift */; };
		362CB85D21B4C34C00F87DB4 /* PaintingViewController.swift in Sources */ = {isa = PBXBuildFile; fileRef = 362CB85C21B4C34C00F87DB4 /* PaintingViewController.swift */; };
		362CB86021B4C34C00F87DB4 /* Main.storyboard in Resources */ = {isa = PBXBuildFile; fileRef = 362CB85E21B4C34C00F87DB4 /* Main.storyboard */; };
		362CB86221B4C34D00F87DB4 /* Assets.xcassets in Resources */ = {isa = PBXBuildFile; fileRef = 362CB86121B4C34D00F87DB4 /* Assets.xcassets */; };
		362CB86521B4C34D00F87DB4 /* LaunchScreen.storyboard in Resources */ = {isa = PBXBuildFile; fileRef = 362CB86321B4C34D00F87DB4 /* LaunchScreen.storyboard */; };
		362CB86D21B4C46B00F87DB4 /* TableViewController.swift in Sources */ = {isa = PBXBuildFile; fileRef = 362CB86C21B4C46B00F87DB4 /* TableViewController.swift */; };
		362CB86F21B4D92800F87DB4 /* PaintingView.swift in Sources */ = {isa = PBXBuildFile; fileRef = 362CB86E21B4D92800F87DB4 /* PaintingView.swift */; };
		362CB87121B4D97B00F87DB4 /* BottomView.swift in Sources */ = {isa = PBXBuildFile; fileRef = 362CB87021B4D97B00F87DB4 /* BottomView.swift */; };
		36E3F3EF21BA51A200FC1996 /* ClippingBezier.framework in Frameworks */ = {isa = PBXBuildFile; fileRef = 3634E73B21B8B5D100AE1A96 /* ClippingBezier.framework */; };
		36E3F3F021BA51A200FC1996 /* PerformanceBezier.framework in Frameworks */ = {isa = PBXBuildFile; fileRef = 3634E73C21B8B5D200AE1A96 /* PerformanceBezier.framework */; };
/* End PBXBuildFile section */

/* Begin PBXCopyFilesBuildPhase section */
		3634E73E21B8B5D200AE1A96 /* Embed Frameworks */ = {
			isa = PBXCopyFilesBuildPhase;
			buildActionMask = 2147483647;
			dstPath = "";
			dstSubfolderSpec = 10;
			files = (
			);
			name = "Embed Frameworks";
			runOnlyForDeploymentPostprocessing = 0;
		};
/* End PBXCopyFilesBuildPhase section */

/* Begin PBXFileReference section */
		362CB85721B4C34C00F87DB4 /* drawer.app */ = {isa = PBXFileReference; explicitFileType = wrapper.application; includeInIndex = 0; path = drawer.app; sourceTree = BUILT_PRODUCTS_DIR; };
		362CB85A21B4C34C00F87DB4 /* AppDelegate.swift */ = {isa = PBXFileReference; lastKnownFileType = sourcecode.swift; path = AppDelegate.swift; sourceTree = "<group>"; };
		362CB85C21B4C34C00F87DB4 /* PaintingViewController.swift */ = {isa = PBXFileReference; lastKnownFileType = sourcecode.swift; path = PaintingViewController.swift; sourceTree = "<group>"; };
		362CB85F21B4C34C00F87DB4 /* Base */ = {isa = PBXFileReference; lastKnownFileType = file.storyboard; name = Base; path = Base.lproj/Main.storyboard; sourceTree = "<group>"; };
		362CB86121B4C34D00F87DB4 /* Assets.xcassets */ = {isa = PBXFileReference; lastKnownFileType = folder.assetcatalog; path = Assets.xcassets; sourceTree = "<group>"; };
		362CB86421B4C34D00F87DB4 /* Base */ = {isa = PBXFileReference; lastKnownFileType = file.storyboard; name = Base; path = Base.lproj/LaunchScreen.storyboard; sourceTree = "<group>"; };
		362CB86621B4C34D00F87DB4 /* Info.plist */ = {isa = PBXFileReference; lastKnownFileType = text.plist.xml; path = Info.plist; sourceTree = "<group>"; };
		362CB86C21B4C46B00F87DB4 /* TableViewController.swift */ = {isa = PBXFileReference; lastKnownFileType = sourcecode.swift; path = TableViewController.swift; sourceTree = "<group>"; };
		362CB86E21B4D92800F87DB4 /* PaintingView.swift */ = {isa = PBXFileReference; lastKnownFileType = sourcecode.swift; path = PaintingView.swift; sourceTree = "<group>"; };
		362CB87021B4D97B00F87DB4 /* BottomView.swift */ = {isa = PBXFileReference; lastKnownFileType = sourcecode.swift; path = BottomView.swift; sourceTree = "<group>"; };
		3634E73B21B8B5D100AE1A96 /* ClippingBezier.framework */ = {isa = PBXFileReference; lastKnownFileType = wrapper.framework; name = ClippingBezier.framework; path = drawer/Framework/ClippingBezier.framework; sourceTree = "<group>"; };
		3634E73C21B8B5D200AE1A96 /* PerformanceBezier.framework */ = {isa = PBXFileReference; lastKnownFileType = wrapper.framework; name = PerformanceBezier.framework; path = drawer/Framework/PerformanceBezier.framework; sourceTree = "<group>"; };
		3634E74521B8BE4400AE1A96 /* drawer-bridging.h */ = {isa = PBXFileReference; lastKnownFileType = sourcecode.c.h; path = "drawer-bridging.h"; sourceTree = "<group>"; };
/* End PBXFileReference section */

/* Begin PBXFrameworksBuildPhase section */
		362CB85421B4C34C00F87DB4 /* Frameworks */ = {
			isa = PBXFrameworksBuildPhase;
			buildActionMask = 2147483647;
			files = (
				36E3F3EF21BA51A200FC1996 /* ClippingBezier.framework in Frameworks */,
				36E3F3F021BA51A200FC1996 /* PerformanceBezier.framework in Frameworks */,
			);
			runOnlyForDeploymentPostprocessing = 0;
		};
/* End PBXFrameworksBuildPhase section */

/* Begin PBXGroup section */
		362CB84E21B4C34C00F87DB4 = {
			isa = PBXGroup;
			children = (
				362CB85921B4C34C00F87DB4 /* drawer */,
				362CB85821B4C34C00F87DB4 /* Products */,
				36ADCE0721B7E35900671553 /* Frameworks */,
			);
			sourceTree = "<group>";
		};
		362CB85821B4C34C00F87DB4 /* Products */ = {
			isa = PBXGroup;
			children = (
				362CB85721B4C34C00F87DB4 /* drawer.app */,
			);
			name = Products;
			sourceTree = "<group>";
		};
		362CB85921B4C34C00F87DB4 /* drawer */ = {
			isa = PBXGroup;
			children = (
				362CB85A21B4C34C00F87DB4 /* AppDelegate.swift */,
				362CB86C21B4C46B00F87DB4 /* TableViewController.swift */,
				362CB85E21B4C34C00F87DB4 /* Main.storyboard */,
				362CB86121B4C34D00F87DB4 /* Assets.xcassets */,
				362CB86321B4C34D00F87DB4 /* LaunchScreen.storyboard */,
				362CB86621B4C34D00F87DB4 /* Info.plist */,
				362CB85C21B4C34C00F87DB4 /* PaintingViewController.swift */,
				362CB87021B4D97B00F87DB4 /* BottomView.swift */,
				362CB86E21B4D92800F87DB4 /* PaintingView.swift */,
				3634E74521B8BE4400AE1A96 /* drawer-bridging.h */,
			);
			path = drawer;
			sourceTree = "<group>";
		};
		36ADCE0721B7E35900671553 /* Frameworks */ = {
			isa = PBXGroup;
			children = (
				3634E73B21B8B5D100AE1A96 /* ClippingBezier.framework */,
				3634E73C21B8B5D200AE1A96 /* PerformanceBezier.framework */,
			);
			name = Frameworks;
			sourceTree = "<group>";
		};
/* End PBXGroup section */

/* Begin PBXNativeTarget section */
		362CB85621B4C34C00F87DB4 /* drawer */ = {
			isa = PBXNativeTarget;
			buildConfigurationList = 362CB86921B4C34D00F87DB4 /* Build configuration list for PBXNativeTarget "drawer" */;
			buildPhases = (
				362CB85321B4C34C00F87DB4 /* Sources */,
				362CB85421B4C34C00F87DB4 /* Frameworks */,
				362CB85521B4C34C00F87DB4 /* Resources */,
				3634E73E21B8B5D200AE1A96 /* Embed Frameworks */,
			);
			buildRules = (
			);
			dependencies = (
			);
			name = drawer;
			productName = drawer;
			productReference = 362CB85721B4C34C00F87DB4 /* drawer.app */;
			productType = "com.apple.product-type.application";
		};
/* End PBXNativeTarget section */

/* Begin PBXProject section */
		362CB84F21B4C34C00F87DB4 /* Project object */ = {
			isa = PBXProject;
			attributes = {
				LastSwiftUpdateCheck = 1010;
				LastUpgradeCheck = 1010;
				ORGANIZATIONNAME = Hank_Zhong;
				TargetAttributes = {
					362CB85621B4C34C00F87DB4 = {
						CreatedOnToolsVersion = 10.1;
					};
				};
			};
			buildConfigurationList = 362CB85221B4C34C00F87DB4 /* Build configuration list for PBXProject "drawer" */;
			compatibilityVersion = "Xcode 9.3";
			developmentRegion = en;
			hasScannedForEncodings = 0;
			knownRegions = (
				en,
				Base,
			);
			mainGroup = 362CB84E21B4C34C00F87DB4;
			productRefGroup = 362CB85821B4C34C00F87DB4 /* Products */;
			projectDirPath = "";
			projectRoot = "";
			targets = (
				362CB85621B4C34C00F87DB4 /* drawer */,
			);
		};
/* End PBXProject section */

/* Begin PBXResourcesBuildPhase section */
		362CB85521B4C34C00F87DB4 /* Resources */ = {
			isa = PBXResourcesBuildPhase;
			buildActionMask = 2147483647;
			files = (
				362CB86521B4C34D00F87DB4 /* LaunchScreen.storyboard in Resources */,
				362CB86221B4C34D00F87DB4 /* Assets.xcassets in Resources */,
				362CB86021B4C34C00F87DB4 /* Main.storyboard in Resources */,
			);
			runOnlyForDeploymentPostprocessing = 0;
		};
/* End PBXResourcesBuildPhase section */

/* Begin PBXSourcesBuildPhase section */
		362CB85321B4C34C00F87DB4 /* Sources */ = {
			isa = PBXSourcesBuildPhase;
			buildActionMask = 2147483647;
			files = (
				362CB85D21B4C34C00F87DB4 /* PaintingViewController.swift in Sources */,
				362CB86D21B4C46B00F87DB4 /* TableViewController.swift in Sources */,
				362CB86F21B4D92800F87DB4 /* PaintingView.swift in Sources */,
				362CB85B21B4C34C00F87DB4 /* AppDelegate.swift in Sources */,
				362CB87121B4D97B00F87DB4 /* BottomView.swift in Sources */,
			);
			runOnlyForDeploymentPostprocessing = 0;
		};
/* End PBXSourcesBuildPhase section */

/* Begin PBXVariantGroup section */
		362CB85E21B4C34C00F87DB4 /* Main.storyboard */ = {
			isa = PBXVariantGroup;
			children = (
				362CB85F21B4C34C00F87DB4 /* Base */,
			);
			name = Main.storyboard;
			sourceTree = "<group>";
		};
		362CB86321B4C34D00F87DB4 /* LaunchScreen.storyboard */ = {
			isa = PBXVariantGroup;
			children = (
				362CB86421B4C34D00F87DB4 /* Base */,
			);
			name = LaunchScreen.storyboard;
			sourceTree = "<group>";
		};
/* End PBXVariantGroup section */

/* Begin XCBuildConfiguration section */
		362CB86721B4C34D00F87DB4 /* Debug */ = {
			isa = XCBuildConfiguration;
			buildSettings = {
				ALWAYS_SEARCH_USER_PATHS = NO;
				ARCHS = "$(ARCHS_STANDARD)";
				CLANG_ANALYZER_NONNULL = YES;
				CLANG_ANALYZER_NUMBER_OBJECT_CONVERSION = YES_AGGRESSIVE;
				CLANG_CXX_LANGUAGE_STANDARD = "gnu++14";
				CLANG_CXX_LIBRARY = "libc++";
				CLANG_ENABLE_MODULES = YES;
				CLANG_ENABLE_OBJC_ARC = YES;
				CLANG_ENABLE_OBJC_WEAK = YES;
				CLANG_WARN_BLOCK_CAPTURE_AUTORELEASING = YES;
				CLANG_WARN_BOOL_CONVERSION = YES;
				CLANG_WARN_COMMA = YES;
				CLANG_WARN_CONSTANT_CONVERSION = YES;
				CLANG_WARN_DEPRECATED_OBJC_IMPLEMENTATIONS = YES;
				CLANG_WARN_DIRECT_OBJC_ISA_USAGE = YES_ERROR;
				CLANG_WARN_DOCUMENTATION_COMMENTS = YES;
				CLANG_WARN_EMPTY_BODY = YES;
				CLANG_WARN_ENUM_CONVERSION = YES;
				CLANG_WARN_INFINITE_RECURSION = YES;
				CLANG_WARN_INT_CONVERSION = YES;
				CLANG_WARN_NON_LITERAL_NULL_CONVERSION = YES;
				CLANG_WARN_OBJC_IMPLICIT_RETAIN_SELF = YES;
				CLANG_WARN_OBJC_LITERAL_CONVERSION = YES;
				CLANG_WARN_OBJC_ROOT_CLASS = YES_ERROR;
				CLANG_WARN_RANGE_LOOP_ANALYSIS = YES;
				CLANG_WARN_STRICT_PROTOTYPES = YES;
				CLANG_WARN_SUSPICIOUS_MOVE = YES;
				CLANG_WARN_UNGUARDED_AVAILABILITY = YES_AGGRESSIVE;
				CLANG_WARN_UNREACHABLE_CODE = YES;
				CLANG_WARN__DUPLICATE_METHOD_MATCH = YES;
				CODE_SIGN_IDENTITY = "iPhone Developer";
				COPY_PHASE_STRIP = NO;
				DEBUG_INFORMATION_FORMAT = dwarf;
				ENABLE_STRICT_OBJC_MSGSEND = YES;
				ENABLE_TESTABILITY = YES;
				GCC_C_LANGUAGE_STANDARD = gnu11;
				GCC_DYNAMIC_NO_PIC = NO;
				GCC_NO_COMMON_BLOCKS = YES;
				GCC_OPTIMIZATION_LEVEL = 0;
				GCC_PREPROCESSOR_DEFINITIONS = (
					"DEBUG=1",
					"$(inherited)",
				);
				GCC_WARN_64_TO_32_BIT_CONVERSION = YES;
				GCC_WARN_ABOUT_RETURN_TYPE = YES_ERROR;
				GCC_WARN_UNDECLARED_SELECTOR = YES;
				GCC_WARN_UNINITIALIZED_AUTOS = YES_AGGRESSIVE;
				GCC_WARN_UNUSED_FUNCTION = YES;
				GCC_WARN_UNUSED_VARIABLE = YES;
				IPHONEOS_DEPLOYMENT_TARGET = 12.1;
				MTL_ENABLE_DEBUG_INFO = INCLUDE_SOURCE;
				MTL_FAST_MATH = YES;
				ONLY_ACTIVE_ARCH = YES;
				SDKROOT = iphoneos;
				SWIFT_ACTIVE_COMPILATION_CONDITIONS = DEBUG;
				SWIFT_OPTIMIZATION_LEVEL = "-Onone";
				VALID_ARCHS = "armv7 armv7s arm64 arm64e";
			};
			name = Debug;
		};
		362CB86821B4C34D00F87DB4 /* Release */ = {
			isa = XCBuildConfiguration;
			buildSettings = {
				ALWAYS_SEARCH_USER_PATHS = NO;
				ARCHS = "$(ARCHS_STANDARD)";
				CLANG_ANALYZER_NONNULL = YES;
				CLANG_ANALYZER_NUMBER_OBJECT_CONVERSION = YES_AGGRESSIVE;
				CLANG_CXX_LANGUAGE_STANDARD = "gnu++14";
				CLANG_CXX_LIBRARY = "libc++";
				CLANG_ENABLE_MODULES = YES;
				CLANG_ENABLE_OBJC_ARC = YES;
				CLANG_ENABLE_OBJC_WEAK = YES;
				CLANG_WARN_BLOCK_CAPTURE_AUTORELEASING = YES;
				CLANG_WARN_BOOL_CONVERSION = YES;
				CLANG_WARN_COMMA = YES;
				CLANG_WARN_CONSTANT_CONVERSION = YES;
				CLANG_WARN_DEPRECATED_OBJC_IMPLEMENTATIONS = YES;
				CLANG_WARN_DIRECT_OBJC_ISA_USAGE = YES_ERROR;
				CLANG_WARN_DOCUMENTATION_COMMENTS = YES;
				CLANG_WARN_EMPTY_BODY = YES;
				CLANG_WARN_ENUM_CONVERSION = YES;
				CLANG_WARN_INFINITE_RECURSION = YES;
				CLANG_WARN_INT_CONVERSION = YES;
				CLANG_WARN_NON_LITERAL_NULL_CONVERSION = YES;
				CLANG_WARN_OBJC_IMPLICIT_RETAIN_SELF = YES;
				CLANG_WARN_OBJC_LITERAL_CONVERSION = YES;
				CLANG_WARN_OBJC_ROOT_CLASS = YES_ERROR;
				CLANG_WARN_RANGE_LOOP_ANALYSIS = YES;
				CLANG_WARN_STRICT_PROTOTYPES = YES;
				CLANG_WARN_SUSPICIOUS_MOVE = YES;
				CLANG_WARN_UNGUARDED_AVAILABILITY = YES_AGGRESSIVE;
				CLANG_WARN_UNREACHABLE_CODE = YES;
				CLANG_WARN__DUPLICATE_METHOD_MATCH = YES;
				CODE_SIGN_IDENTITY = "iPhone Developer";
				COPY_PHASE_STRIP = NO;
				DEBUG_INFORMATION_FORMAT = "dwarf-with-dsym";
				ENABLE_NS_ASSERTIONS = NO;
				ENABLE_STRICT_OBJC_MSGSEND = YES;
				GCC_C_LANGUAGE_STANDARD = gnu11;
				GCC_NO_COMMON_BLOCKS = YES;
				GCC_WARN_64_TO_32_BIT_CONVERSION = YES;
				GCC_WARN_ABOUT_RETURN_TYPE = YES_ERROR;
				GCC_WARN_UNDECLARED_SELECTOR = YES;
				GCC_WARN_UNINITIALIZED_AUTOS = YES_AGGRESSIVE;
				GCC_WARN_UNUSED_FUNCTION = YES;
				GCC_WARN_UNUSED_VARIABLE = YES;
				IPHONEOS_DEPLOYMENT_TARGET = 12.1;
				MTL_ENABLE_DEBUG_INFO = NO;
				MTL_FAST_MATH = YES;
				SDKROOT = iphoneos;
				SWIFT_COMPILATION_MODE = wholemodule;
				SWIFT_OPTIMIZATION_LEVEL = "-O";
				VALIDATE_PRODUCT = YES;
			};
			name = Release;
		};
		362CB86A21B4C34D00F87DB4 /* Debug */ = {
			isa = XCBuildConfiguration;
			buildSettings = {
				ASSETCATALOG_COMPILER_APPICON_NAME = AppIcon;
				CODE_SIGN_STYLE = Automatic;
				DEVELOPMENT_TEAM = 2Q9UN2MUUV;
				ENABLE_ONLY_ACTIVE_RESOURCES = YES;
				FRAMEWORK_SEARCH_PATHS = (
					"$(inherited)",
					"$(PROJECT_DIR)/drawer/Framework",
				);
				GCC_PRECOMPILE_PREFIX_HEADER = YES;
				INFOPLIST_FILE = drawer/Info.plist;
				IPHONEOS_DEPLOYMENT_TARGET = 11.0;
				LD_RUNPATH_SEARCH_PATHS = (
					"$(inherited)",
					"@executable_path/Frameworks",
				);
				ONLY_ACTIVE_ARCH = YES;
				OTHER_LDFLAGS = (
					"-ObjC++",
					"-lstdc++",
				);
				PRODUCT_BUNDLE_IDENTIFIER = "com.Hank-Zhong.drawer87";
				PRODUCT_NAME = "$(TARGET_NAME)";
				SWIFT_OBJC_BRIDGING_HEADER = "drawer/drawer-bridging.h";
				SWIFT_VERSION = 4.2;
				TARGETED_DEVICE_FAMILY = "1,2";
			};
			name = Debug;
		};
		362CB86B21B4C34D00F87DB4 /* Release */ = {
			isa = XCBuildConfiguration;
			buildSettings = {
				ASSETCATALOG_COMPILER_APPICON_NAME = AppIcon;
				CODE_SIGN_STYLE = Automatic;
				DEVELOPMENT_TEAM = 2Q9UN2MUUV;
				ENABLE_ONLY_ACTIVE_RESOURCES = YES;
				FRAMEWORK_SEARCH_PATHS = (
					"$(inherited)",
					"$(PROJECT_DIR)/drawer/Framework",
				);
				GCC_PRECOMPILE_PREFIX_HEADER = YES;
				INFOPLIST_FILE = drawer/Info.plist;
				IPHONEOS_DEPLOYMENT_TARGET = 11.0;
				LD_RUNPATH_SEARCH_PATHS = (
					"$(inherited)",
					"@executable_path/Frameworks",
				);
				OTHER_LDFLAGS = (
					"-ObjC++",
					"-lstdc++",
				);
				PRODUCT_BUNDLE_IDENTIFIER = "com.Hank-Zhong.drawer87";
				PRODUCT_NAME = "$(TARGET_NAME)";
				SWIFT_OBJC_BRIDGING_HEADER = "drawer/drawer-bridging.h";
				SWIFT_VERSION = 4.2;
				TARGETED_DEVICE_FAMILY = "1,2";
			};
			name = Release;
		};
/* End XCBuildConfiguration section */

/* Begin XCConfigurationList section */
		362CB85221B4C34C00F87DB4 /* Build configuration list for PBXProject "drawer" */ = {
			isa = XCConfigurationList;
			buildConfigurations = (
				362CB86721B4C34D00F87DB4 /* Debug */,
				362CB86821B4C34D00F87DB4 /* Release */,
			);
			defaultConfigurationIsVisible = 0;
			defaultConfigurationName = Release;
		};
		362CB86921B4C34D00F87DB4 /* Build configuration list for PBXNativeTarget "drawer" */ = {
			isa = XCConfigurationList;
			buildConfigurations = (
				362CB86A21B4C34D00F87DB4 /* Debug */,
				362CB86B21B4C34D00F87DB4 /* Release */,
			);
			defaultConfigurationIsVisible = 0;
			defaultConfigurationName = Release;
		};
/* End XCConfigurationList section */
	};
	rootObject = 362CB84F21B4C34C00F87DB4 /* Project object */;
}
