// !$*UTF8*$!
{
	archiveVersion = 1;
	classes = {
	};
	objectVersion = 50;
	objects = {

/* Begin PBXBuildFile section */
		3652BF72219E6368001F0F58 /* CellViewModel.swift in Sources */ = {isa = PBXBuildFile; fileRef = 3652BF71219E6368001F0F58 /* CellViewModel.swift */; };
		366D4D5A219BFDED006A3193 /* MVVMCore.swift in Sources */ = {isa = PBXBuildFile; fileRef = 366D4D59219BFDED006A3193 /* MVVMCore.swift */; };
		366D4D5C219BFE07006A3193 /* LabelViewModel.swift in Sources */ = {isa = PBXBuildFile; fileRef = 366D4D5B219BFE07006A3193 /* LabelViewModel.swift */; };
		3670F4E8219A9F9000887768 /* AppDelegate.swift in Sources */ = {isa = PBXBuildFile; fileRef = 3670F4E7219A9F9000887768 /* AppDelegate.swift */; };
		3670F4EA219A9F9000887768 /* ViewController.swift in Sources */ = {isa = PBXBuildFile; fileRef = 3670F4E9219A9F9000887768 /* ViewController.swift */; };
		3670F4ED219A9F9000887768 /* Main.storyboard in Resources */ = {isa = PBXBuildFile; fileRef = 3670F4EB219A9F9000887768 /* Main.storyboard */; };
		3670F4EF219A9F9100887768 /* Assets.xcassets in Resources */ = {isa = PBXBuildFile; fileRef = 3670F4EE219A9F9100887768 /* Assets.xcassets */; };
		3670F4F2219A9F9100887768 /* LaunchScreen.storyboard in Resources */ = {isa = PBXBuildFile; fileRef = 3670F4F0219A9F9100887768 /* LaunchScreen.storyboard */; };
		36C3C8D6219D075F00AFAFCD /* TableViewController.swift in Sources */ = {isa = PBXBuildFile; fileRef = 36C3C8D5219D075F00AFAFCD /* TableViewController.swift */; };
		36C3C8D8219D089E00AFAFCD /* TableViewCell.swift in Sources */ = {isa = PBXBuildFile; fileRef = 36C3C8D7219D089E00AFAFCD /* TableViewCell.swift */; };
		36C3C8DA219D685C00AFAFCD /* Respository.swift in Sources */ = {isa = PBXBuildFile; fileRef = 36C3C8D9219D685C00AFAFCD /* Respository.swift */; };
		36C3C8DC219D69BB00AFAFCD /* SimulateImageService.swift in Sources */ = {isa = PBXBuildFile; fileRef = 36C3C8DB219D69BB00AFAFCD /* SimulateImageService.swift */; };
		36C3C8DE219D6F9600AFAFCD /* Model.swift in Sources */ = {isa = PBXBuildFile; fileRef = 36C3C8DD219D6F9600AFAFCD /* Model.swift */; };
/* End PBXBuildFile section */

/* Begin PBXFileReference section */
		3652BF71219E6368001F0F58 /* CellViewModel.swift */ = {isa = PBXFileReference; lastKnownFileType = sourcecode.swift; path = CellViewModel.swift; sourceTree = "<group>"; };
		366D4D59219BFDED006A3193 /* MVVMCore.swift */ = {isa = PBXFileReference; lastKnownFileType = sourcecode.swift; path = MVVMCore.swift; sourceTree = "<group>"; };
		366D4D5B219BFE07006A3193 /* LabelViewModel.swift */ = {isa = PBXFileReference; lastKnownFileType = sourcecode.swift; path = LabelViewModel.swift; sourceTree = "<group>"; };
		3670F4E4219A9F9000887768 /* MVVM_Practice.app */ = {isa = PBXFileReference; explicitFileType = wrapper.application; includeInIndex = 0; path = MVVM_Practice.app; sourceTree = BUILT_PRODUCTS_DIR; };
		3670F4E7219A9F9000887768 /* AppDelegate.swift */ = {isa = PBXFileReference; lastKnownFileType = sourcecode.swift; path = AppDelegate.swift; sourceTree = "<group>"; };
		3670F4E9219A9F9000887768 /* ViewController.swift */ = {isa = PBXFileReference; lastKnownFileType = sourcecode.swift; path = ViewController.swift; sourceTree = "<group>"; };
		3670F4EC219A9F9000887768 /* Base */ = {isa = PBXFileReference; lastKnownFileType = file.storyboard; name = Base; path = Base.lproj/Main.storyboard; sourceTree = "<group>"; };
		3670F4EE219A9F9100887768 /* Assets.xcassets */ = {isa = PBXFileReference; lastKnownFileType = folder.assetcatalog; path = Assets.xcassets; sourceTree = "<group>"; };
		3670F4F1219A9F9100887768 /* Base */ = {isa = PBXFileReference; lastKnownFileType = file.storyboard; name = Base; path = Base.lproj/LaunchScreen.storyboard; sourceTree = "<group>"; };
		3670F4F3219A9F9100887768 /* Info.plist */ = {isa = PBXFileReference; lastKnownFileType = text.plist.xml; path = Info.plist; sourceTree = "<group>"; };
		36C3C8D5219D075F00AFAFCD /* TableViewController.swift */ = {isa = PBXFileReference; lastKnownFileType = sourcecode.swift; path = TableViewController.swift; sourceTree = "<group>"; };
		36C3C8D7219D089E00AFAFCD /* TableViewCell.swift */ = {isa = PBXFileReference; lastKnownFileType = sourcecode.swift; path = TableViewCell.swift; sourceTree = "<group>"; };
		36C3C8D9219D685C00AFAFCD /* Respository.swift */ = {isa = PBXFileReference; lastKnownFileType = sourcecode.swift; path = Respository.swift; sourceTree = "<group>"; };
		36C3C8DB219D69BB00AFAFCD /* SimulateImageService.swift */ = {isa = PBXFileReference; lastKnownFileType = sourcecode.swift; path = SimulateImageService.swift; sourceTree = "<group>"; };
		36C3C8DD219D6F9600AFAFCD /* Model.swift */ = {isa = PBXFileReference; lastKnownFileType = sourcecode.swift; path = Model.swift; sourceTree = "<group>"; };
/* End PBXFileReference section */

/* Begin PBXFrameworksBuildPhase section */
		3670F4E1219A9F9000887768 /* Frameworks */ = {
			isa = PBXFrameworksBuildPhase;
			buildActionMask = 2147483647;
			files = (
			);
			runOnlyForDeploymentPostprocessing = 0;
		};
/* End PBXFrameworksBuildPhase section */

/* Begin PBXGroup section */
		3670F4DB219A9F9000887768 = {
			isa = PBXGroup;
			children = (
				3670F4E6219A9F9000887768 /* MVVM_Practice */,
				3670F4E5219A9F9000887768 /* Products */,
			);
			sourceTree = "<group>";
		};
		3670F4E5219A9F9000887768 /* Products */ = {
			isa = PBXGroup;
			children = (
				3670F4E4219A9F9000887768 /* MVVM_Practice.app */,
			);
			name = Products;
			sourceTree = "<group>";
		};
		3670F4E6219A9F9000887768 /* MVVM_Practice */ = {
			isa = PBXGroup;
			children = (
				3670F4E7219A9F9000887768 /* AppDelegate.swift */,
				3670F4E9219A9F9000887768 /* ViewController.swift */,
				36C3C8D5219D075F00AFAFCD /* TableViewController.swift */,
				3670F4EB219A9F9000887768 /* Main.storyboard */,
				3670F4EE219A9F9100887768 /* Assets.xcassets */,
				3670F4F0219A9F9100887768 /* LaunchScreen.storyboard */,
				3670F4F3219A9F9100887768 /* Info.plist */,
				366D4D5B219BFE07006A3193 /* LabelViewModel.swift */,
				36C3C8D7219D089E00AFAFCD /* TableViewCell.swift */,
				3652BF71219E6368001F0F58 /* CellViewModel.swift */,
				36C3C8DD219D6F9600AFAFCD /* Model.swift */,
				366D4D59219BFDED006A3193 /* MVVMCore.swift */,
				36C3C8E3219D70D700AFAFCD /* ImageService */,
			);
			path = MVVM_Practice;
			sourceTree = "<group>";
		};
		36C3C8E3219D70D700AFAFCD /* ImageService */ = {
			isa = PBXGroup;
			children = (
				36C3C8D9219D685C00AFAFCD /* Respository.swift */,
				36C3C8DB219D69BB00AFAFCD /* SimulateImageService.swift */,
			);
			path = ImageService;
			sourceTree = "<group>";
		};
/* End PBXGroup section */

/* Begin PBXNativeTarget section */
		3670F4E3219A9F9000887768 /* MVVM_Practice */ = {
			isa = PBXNativeTarget;
			buildConfigurationList = 3670F4F6219A9F9100887768 /* Build configuration list for PBXNativeTarget "MVVM_Practice" */;
			buildPhases = (
				3670F4E0219A9F9000887768 /* Sources */,
				3670F4E1219A9F9000887768 /* Frameworks */,
				3670F4E2219A9F9000887768 /* Resources */,
			);
			buildRules = (
			);
			dependencies = (
			);
			name = MVVM_Practice;
			productName = MVVM_Practice;
			productReference = 3670F4E4219A9F9000887768 /* MVVM_Practice.app */;
			productType = "com.apple.product-type.application";
		};
/* End PBXNativeTarget section */

/* Begin PBXProject section */
		3670F4DC219A9F9000887768 /* Project object */ = {
			isa = PBXProject;
			attributes = {
				LastSwiftUpdateCheck = 1010;
				LastUpgradeCheck = 1010;
				ORGANIZATIONNAME = Hank_Zhong;
				TargetAttributes = {
					3670F4E3219A9F9000887768 = {
						CreatedOnToolsVersion = 10.1;
					};
				};
			};
			buildConfigurationList = 3670F4DF219A9F9000887768 /* Build configuration list for PBXProject "MVVM_Practice" */;
			compatibilityVersion = "Xcode 9.3";
			developmentRegion = en;
			hasScannedForEncodings = 0;
			knownRegions = (
				en,
				Base,
			);
			mainGroup = 3670F4DB219A9F9000887768;
			productRefGroup = 3670F4E5219A9F9000887768 /* Products */;
			projectDirPath = "";
			projectRoot = "";
			targets = (
				3670F4E3219A9F9000887768 /* MVVM_Practice */,
			);
		};
/* End PBXProject section */

/* Begin PBXResourcesBuildPhase section */
		3670F4E2219A9F9000887768 /* Resources */ = {
			isa = PBXResourcesBuildPhase;
			buildActionMask = 2147483647;
			files = (
				3670F4F2219A9F9100887768 /* LaunchScreen.storyboard in Resources */,
				3670F4EF219A9F9100887768 /* Assets.xcassets in Resources */,
				3670F4ED219A9F9000887768 /* Main.storyboard in Resources */,
			);
			runOnlyForDeploymentPostprocessing = 0;
		};
/* End PBXResourcesBuildPhase section */

/* Begin PBXSourcesBuildPhase section */
		3670F4E0219A9F9000887768 /* Sources */ = {
			isa = PBXSourcesBuildPhase;
			buildActionMask = 2147483647;
			files = (
				3652BF72219E6368001F0F58 /* CellViewModel.swift in Sources */,
				36C3C8DE219D6F9600AFAFCD /* Model.swift in Sources */,
				36C3C8DA219D685C00AFAFCD /* Respository.swift in Sources */,
				36C3C8DC219D69BB00AFAFCD /* SimulateImageService.swift in Sources */,
				3670F4EA219A9F9000887768 /* ViewController.swift in Sources */,
				366D4D5A219BFDED006A3193 /* MVVMCore.swift in Sources */,
				3670F4E8219A9F9000887768 /* AppDelegate.swift in Sources */,
				36C3C8D8219D089E00AFAFCD /* TableViewCell.swift in Sources */,
				36C3C8D6219D075F00AFAFCD /* TableViewController.swift in Sources */,
				366D4D5C219BFE07006A3193 /* LabelViewModel.swift in Sources */,
			);
			runOnlyForDeploymentPostprocessing = 0;
		};
/* End PBXSourcesBuildPhase section */

/* Begin PBXVariantGroup section */
		3670F4EB219A9F9000887768 /* Main.storyboard */ = {
			isa = PBXVariantGroup;
			children = (
				3670F4EC219A9F9000887768 /* Base */,
			);
			name = Main.storyboard;
			sourceTree = "<group>";
		};
		3670F4F0219A9F9100887768 /* LaunchScreen.storyboard */ = {
			isa = PBXVariantGroup;
			children = (
				3670F4F1219A9F9100887768 /* Base */,
			);
			name = LaunchScreen.storyboard;
			sourceTree = "<group>";
		};
/* End PBXVariantGroup section */

/* Begin XCBuildConfiguration section */
		3670F4F4219A9F9100887768 /* Debug */ = {
			isa = XCBuildConfiguration;
			buildSettings = {
				ALWAYS_SEARCH_USER_PATHS = NO;
				CLANG_ANALYZER_NONNULL = YES;
				CLANG_ANALYZER_NUMBER_OBJECT_CONVERSION = YES_AGGRESSIVE;
				CLANG_CXX_LANGUAGE_STANDARD = "gnu++14";
				CLANG_CXX_LIBRARY = "libc++";
				CLANG_ENABLE_MODULES = YES;
				CLANG_ENABLE_OBJC_ARC = YES;
				CLANG_ENABLE_OBJC_WEAK = YES;
				CLANG_WARN_BLOCK_CAPTURE_AUTORELEASING = YES;
				CLANG_WARN_BOOL_CONVERSION = YES;
				CLANG_WARN_COMMA = YES;
				CLANG_WARN_CONSTANT_CONVERSION = YES;
				CLANG_WARN_DEPRECATED_OBJC_IMPLEMENTATIONS = YES;
				CLANG_WARN_DIRECT_OBJC_ISA_USAGE = YES_ERROR;
				CLANG_WARN_DOCUMENTATION_COMMENTS = YES;
				CLANG_WARN_EMPTY_BODY = YES;
				CLANG_WARN_ENUM_CONVERSION = YES;
				CLANG_WARN_INFINITE_RECURSION = YES;
				CLANG_WARN_INT_CONVERSION = YES;
				CLANG_WARN_NON_LITERAL_NULL_CONVERSION = YES;
				CLANG_WARN_OBJC_IMPLICIT_RETAIN_SELF = YES;
				CLANG_WARN_OBJC_LITERAL_CONVERSION = YES;
				CLANG_WARN_OBJC_ROOT_CLASS = YES_ERROR;
				CLANG_WARN_RANGE_LOOP_ANALYSIS = YES;
				CLANG_WARN_STRICT_PROTOTYPES = YES;
				CLANG_WARN_SUSPICIOUS_MOVE = YES;
				CLANG_WARN_UNGUARDED_AVAILABILITY = YES_AGGRESSIVE;
				CLANG_WARN_UNREACHABLE_CODE = YES;
				CLANG_WARN__DUPLICATE_METHOD_MATCH = YES;
				CODE_SIGN_IDENTITY = "iPhone Developer";
				COPY_PHASE_STRIP = NO;
				DEBUG_INFORMATION_FORMAT = dwarf;
				ENABLE_STRICT_OBJC_MSGSEND = YES;
				ENABLE_TESTABILITY = YES;
				GCC_C_LANGUAGE_STANDARD = gnu11;
				GCC_DYNAMIC_NO_PIC = NO;
				GCC_NO_COMMON_BLOCKS = YES;
				GCC_OPTIMIZATION_LEVEL = 0;
				GCC_PREPROCESSOR_DEFINITIONS = (
					"DEBUG=1",
					"$(inherited)",
				);
				GCC_WARN_64_TO_32_BIT_CONVERSION = YES;
				GCC_WARN_ABOUT_RETURN_TYPE = YES_ERROR;
				GCC_WARN_UNDECLARED_SELECTOR = YES;
				GCC_WARN_UNINITIALIZED_AUTOS = YES_AGGRESSIVE;
				GCC_WARN_UNUSED_FUNCTION = YES;
				GCC_WARN_UNUSED_VARIABLE = YES;
				IPHONEOS_DEPLOYMENT_TARGET = 12.1;
				MTL_ENABLE_DEBUG_INFO = INCLUDE_SOURCE;
				MTL_FAST_MATH = YES;
				ONLY_ACTIVE_ARCH = YES;
				SDKROOT = iphoneos;
				SWIFT_ACTIVE_COMPILATION_CONDITIONS = DEBUG;
				SWIFT_OPTIMIZATION_LEVEL = "-Onone";
			};
			name = Debug;
		};
		3670F4F5219A9F9100887768 /* Release */ = {
			isa = XCBuildConfiguration;
			buildSettings = {
				ALWAYS_SEARCH_USER_PATHS = NO;
				CLANG_ANALYZER_NONNULL = YES;
				CLANG_ANALYZER_NUMBER_OBJECT_CONVERSION = YES_AGGRESSIVE;
				CLANG_CXX_LANGUAGE_STANDARD = "gnu++14";
				CLANG_CXX_LIBRARY = "libc++";
				CLANG_ENABLE_MODULES = YES;
				CLANG_ENABLE_OBJC_ARC = YES;
				CLANG_ENABLE_OBJC_WEAK = YES;
				CLANG_WARN_BLOCK_CAPTURE_AUTORELEASING = YES;
				CLANG_WARN_BOOL_CONVERSION = YES;
				CLANG_WARN_COMMA = YES;
				CLANG_WARN_CONSTANT_CONVERSION = YES;
				CLANG_WARN_DEPRECATED_OBJC_IMPLEMENTATIONS = YES;
				CLANG_WARN_DIRECT_OBJC_ISA_USAGE = YES_ERROR;
				CLANG_WARN_DOCUMENTATION_COMMENTS = YES;
				CLANG_WARN_EMPTY_BODY = YES;
				CLANG_WARN_ENUM_CONVERSION = YES;
				CLANG_WARN_INFINITE_RECURSION = YES;
				CLANG_WARN_INT_CONVERSION = YES;
				CLANG_WARN_NON_LITERAL_NULL_CONVERSION = YES;
				CLANG_WARN_OBJC_IMPLICIT_RETAIN_SELF = YES;
				CLANG_WARN_OBJC_LITERAL_CONVERSION = YES;
				CLANG_WARN_OBJC_ROOT_CLASS = YES_ERROR;
				CLANG_WARN_RANGE_LOOP_ANALYSIS = YES;
				CLANG_WARN_STRICT_PROTOTYPES = YES;
				CLANG_WARN_SUSPICIOUS_MOVE = YES;
				CLANG_WARN_UNGUARDED_AVAILABILITY = YES_AGGRESSIVE;
				CLANG_WARN_UNREACHABLE_CODE = YES;
				CLANG_WARN__DUPLICATE_METHOD_MATCH = YES;
				CODE_SIGN_IDENTITY = "iPhone Developer";
				COPY_PHASE_STRIP = NO;
				DEBUG_INFORMATION_FORMAT = "dwarf-with-dsym";
				ENABLE_NS_ASSERTIONS = NO;
				ENABLE_STRICT_OBJC_MSGSEND = YES;
				GCC_C_LANGUAGE_STANDARD = gnu11;
				GCC_NO_COMMON_BLOCKS = YES;
				GCC_WARN_64_TO_32_BIT_CONVERSION = YES;
				GCC_WARN_ABOUT_RETURN_TYPE = YES_ERROR;
				GCC_WARN_UNDECLARED_SELECTOR = YES;
				GCC_WARN_UNINITIALIZED_AUTOS = YES_AGGRESSIVE;
				GCC_WARN_UNUSED_FUNCTION = YES;
				GCC_WARN_UNUSED_VARIABLE = YES;
				IPHONEOS_DEPLOYMENT_TARGET = 12.1;
				MTL_ENABLE_DEBUG_INFO = NO;
				MTL_FAST_MATH = YES;
				SDKROOT = iphoneos;
				SWIFT_COMPILATION_MODE = wholemodule;
				SWIFT_OPTIMIZATION_LEVEL = "-O";
				VALIDATE_PRODUCT = YES;
			};
			name = Release;
		};
		3670F4F7219A9F9100887768 /* Debug */ = {
			isa = XCBuildConfiguration;
			buildSettings = {
				ASSETCATALOG_COMPILER_APPICON_NAME = AppIcon;
				CODE_SIGN_STYLE = Automatic;
				INFOPLIST_FILE = MVVM_Practice/Info.plist;
				LD_RUNPATH_SEARCH_PATHS = (
					"$(inherited)",
					"@executable_path/Frameworks",
				);
				PRODUCT_BUNDLE_IDENTIFIER = "com.Hank-Zhong.MVVM-Practice";
				PRODUCT_NAME = "$(TARGET_NAME)";
				SWIFT_VERSION = 4.2;
				TARGETED_DEVICE_FAMILY = "1,2";
			};
			name = Debug;
		};
		3670F4F8219A9F9100887768 /* Release */ = {
			isa = XCBuildConfiguration;
			buildSettings = {
				ASSETCATALOG_COMPILER_APPICON_NAME = AppIcon;
				CODE_SIGN_STYLE = Automatic;
				INFOPLIST_FILE = MVVM_Practice/Info.plist;
				LD_RUNPATH_SEARCH_PATHS = (
					"$(inherited)",
					"@executable_path/Frameworks",
				);
				PRODUCT_BUNDLE_IDENTIFIER = "com.Hank-Zhong.MVVM-Practice";
				PRODUCT_NAME = "$(TARGET_NAME)";
				SWIFT_VERSION = 4.2;
				TARGETED_DEVICE_FAMILY = "1,2";
			};
			name = Release;
		};
/* End XCBuildConfiguration section */

/* Begin XCConfigurationList section */
		3670F4DF219A9F9000887768 /* Build configuration list for PBXProject "MVVM_Practice" */ = {
			isa = XCConfigurationList;
			buildConfigurations = (
				3670F4F4219A9F9100887768 /* Debug */,
				3670F4F5219A9F9100887768 /* Release */,
			);
			defaultConfigurationIsVisible = 0;
			defaultConfigurationName = Release;
		};
		3670F4F6219A9F9100887768 /* Build configuration list for PBXNativeTarget "MVVM_Practice" */ = {
			isa = XCConfigurationList;
			buildConfigurations = (
				3670F4F7219A9F9100887768 /* Debug */,
				3670F4F8219A9F9100887768 /* Release */,
			);
			defaultConfigurationIsVisible = 0;
			defaultConfigurationName = Release;
		};
/* End XCConfigurationList section */
	};
	rootObject = 3670F4DC219A9F9000887768 /* Project object */;
}
