// !$*UTF8*$!
{
	archiveVersion = 1;
	classes = {
	};
	objectVersion = 50;
	objects = {

/* Begin PBXBuildFile section */
		364CCFED21C7433C0091F37A /* AppDelegate.swift in Sources */ = {isa = PBXBuildFile; fileRef = 364CCFEC21C7433C0091F37A /* AppDelegate.swift */; };
		364CCFEF21C7433C0091F37A /* ViewController.swift in Sources */ = {isa = PBXBuildFile; fileRef = 364CCFEE21C7433C0091F37A /* ViewController.swift */; };
		364CCFF221C7433C0091F37A /* Main.storyboard in Resources */ = {isa = PBXBuildFile; fileRef = 364CCFF021C7433C0091F37A /* Main.storyboard */; };
		364CCFF421C7433D0091F37A /* Assets.xcassets in Resources */ = {isa = PBXBuildFile; fileRef = 364CCFF321C7433D0091F37A /* Assets.xcassets */; };
		364CCFF721C7433D0091F37A /* LaunchScreen.storyboard in Resources */ = {isa = PBXBuildFile; fileRef = 364CCFF521C7433D0091F37A /* LaunchScreen.storyboard */; };
		364CCFFF21C744110091F37A /* Table.swift in Sources */ = {isa = PBXBuildFile; fileRef = 364CCFFE21C744110091F37A /* Table.swift */; };
		AC0FBAA8BE86714827EF1F19 /* Pods_DBService.framework in Frameworks */ = {isa = PBXBuildFile; fileRef = 480A579458140C6000D5D840 /* Pods_DBService.framework */; };
/* End PBXBuildFile section */

/* Begin PBXFileReference section */
		364CCFE921C7433C0091F37A /* DBService.app */ = {isa = PBXFileReference; explicitFileType = wrapper.application; includeInIndex = 0; path = DBService.app; sourceTree = BUILT_PRODUCTS_DIR; };
		364CCFEC21C7433C0091F37A /* AppDelegate.swift */ = {isa = PBXFileReference; lastKnownFileType = sourcecode.swift; path = AppDelegate.swift; sourceTree = "<group>"; };
		364CCFEE21C7433C0091F37A /* ViewController.swift */ = {isa = PBXFileReference; lastKnownFileType = sourcecode.swift; path = ViewController.swift; sourceTree = "<group>"; };
		364CCFF121C7433C0091F37A /* Base */ = {isa = PBXFileReference; lastKnownFileType = file.storyboard; name = Base; path = Base.lproj/Main.storyboard; sourceTree = "<group>"; };
		364CCFF321C7433D0091F37A /* Assets.xcassets */ = {isa = PBXFileReference; lastKnownFileType = folder.assetcatalog; path = Assets.xcassets; sourceTree = "<group>"; };
		364CCFF621C7433D0091F37A /* Base */ = {isa = PBXFileReference; lastKnownFileType = file.storyboard; name = Base; path = Base.lproj/LaunchScreen.storyboard; sourceTree = "<group>"; };
		364CCFF821C7433D0091F37A /* Info.plist */ = {isa = PBXFileReference; lastKnownFileType = text.plist.xml; path = Info.plist; sourceTree = "<group>"; };
		364CCFFE21C744110091F37A /* Table.swift */ = {isa = PBXFileReference; lastKnownFileType = sourcecode.swift; path = Table.swift; sourceTree = "<group>"; };
		3D6EF2CE6B2FB7E578084D09 /* Pods-DBService.release.xcconfig */ = {isa = PBXFileReference; includeInIndex = 1; lastKnownFileType = text.xcconfig; name = "Pods-DBService.release.xcconfig"; path = "Pods/Target Support Files/Pods-DBService/Pods-DBService.release.xcconfig"; sourceTree = "<group>"; };
		480A579458140C6000D5D840 /* Pods_DBService.framework */ = {isa = PBXFileReference; explicitFileType = wrapper.framework; includeInIndex = 0; path = Pods_DBService.framework; sourceTree = BUILT_PRODUCTS_DIR; };
		AE6A9B1A0E599F3EF38EE5D7 /* Pods-DBService.debug.xcconfig */ = {isa = PBXFileReference; includeInIndex = 1; lastKnownFileType = text.xcconfig; name = "Pods-DBService.debug.xcconfig"; path = "Pods/Target Support Files/Pods-DBService/Pods-DBService.debug.xcconfig"; sourceTree = "<group>"; };
/* End PBXFileReference section */

/* Begin PBXFrameworksBuildPhase section */
		364CCFE621C7433C0091F37A /* Frameworks */ = {
			isa = PBXFrameworksBuildPhase;
			buildActionMask = 2147483647;
			files = (
				AC0FBAA8BE86714827EF1F19 /* Pods_DBService.framework in Frameworks */,
			);
			runOnlyForDeploymentPostprocessing = 0;
		};
/* End PBXFrameworksBuildPhase section */

/* Begin PBXGroup section */
		364CCFE021C7433C0091F37A = {
			isa = PBXGroup;
			children = (
				364CCFEB21C7433C0091F37A /* DBService */,
				364CCFEA21C7433C0091F37A /* Products */,
				85ECB9920337A9588CFF04A2 /* Pods */,
				36F9563D7E8D4E2FE8714337 /* Frameworks */,
			);
			sourceTree = "<group>";
		};
		364CCFEA21C7433C0091F37A /* Products */ = {
			isa = PBXGroup;
			children = (
				364CCFE921C7433C0091F37A /* DBService.app */,
			);
			name = Products;
			sourceTree = "<group>";
		};
		364CCFEB21C7433C0091F37A /* DBService */ = {
			isa = PBXGroup;
			children = (
				364CCFEC21C7433C0091F37A /* AppDelegate.swift */,
				364CCFEE21C7433C0091F37A /* ViewController.swift */,
				364CCFF021C7433C0091F37A /* Main.storyboard */,
				364CCFF321C7433D0091F37A /* Assets.xcassets */,
				364CCFF521C7433D0091F37A /* LaunchScreen.storyboard */,
				364CCFF821C7433D0091F37A /* Info.plist */,
				364CCFFE21C744110091F37A /* Table.swift */,
			);
			path = DBService;
			sourceTree = "<group>";
		};
		36F9563D7E8D4E2FE8714337 /* Frameworks */ = {
			isa = PBXGroup;
			children = (
				480A579458140C6000D5D840 /* Pods_DBService.framework */,
			);
			name = Frameworks;
			sourceTree = "<group>";
		};
		85ECB9920337A9588CFF04A2 /* Pods */ = {
			isa = PBXGroup;
			children = (
				AE6A9B1A0E599F3EF38EE5D7 /* Pods-DBService.debug.xcconfig */,
				3D6EF2CE6B2FB7E578084D09 /* Pods-DBService.release.xcconfig */,
			);
			name = Pods;
			sourceTree = "<group>";
		};
/* End PBXGroup section */

/* Begin PBXNativeTarget section */
		364CCFE821C7433C0091F37A /* DBService */ = {
			isa = PBXNativeTarget;
			buildConfigurationList = 364CCFFB21C7433D0091F37A /* Build configuration list for PBXNativeTarget "DBService" */;
			buildPhases = (
				24BDC40B28A69DA51C7F09AA /* [CP] Check Pods Manifest.lock */,
				364CCFE521C7433C0091F37A /* Sources */,
				364CCFE621C7433C0091F37A /* Frameworks */,
				364CCFE721C7433C0091F37A /* Resources */,
				EC8F69AFDD8CA19FDE303FE4 /* [CP] Embed Pods Frameworks */,
			);
			buildRules = (
			);
			dependencies = (
			);
			name = DBService;
			productName = DBService;
			productReference = 364CCFE921C7433C0091F37A /* DBService.app */;
			productType = "com.apple.product-type.application";
		};
/* End PBXNativeTarget section */

/* Begin PBXProject section */
		364CCFE121C7433C0091F37A /* Project object */ = {
			isa = PBXProject;
			attributes = {
				LastSwiftUpdateCheck = 1010;
				LastUpgradeCheck = 1010;
				ORGANIZATIONNAME = Hank_Zhong;
				TargetAttributes = {
					364CCFE821C7433C0091F37A = {
						CreatedOnToolsVersion = 10.1;
					};
				};
			};
			buildConfigurationList = 364CCFE421C7433C0091F37A /* Build configuration list for PBXProject "DBService" */;
			compatibilityVersion = "Xcode 9.3";
			developmentRegion = en;
			hasScannedForEncodings = 0;
			knownRegions = (
				en,
				Base,
			);
			mainGroup = 364CCFE021C7433C0091F37A;
			productRefGroup = 364CCFEA21C7433C0091F37A /* Products */;
			projectDirPath = "";
			projectRoot = "";
			targets = (
				364CCFE821C7433C0091F37A /* DBService */,
			);
		};
/* End PBXProject section */

/* Begin PBXResourcesBuildPhase section */
		364CCFE721C7433C0091F37A /* Resources */ = {
			isa = PBXResourcesBuildPhase;
			buildActionMask = 2147483647;
			files = (
				364CCFF721C7433D0091F37A /* LaunchScreen.storyboard in Resources */,
				364CCFF421C7433D0091F37A /* Assets.xcassets in Resources */,
				364CCFF221C7433C0091F37A /* Main.storyboard in Resources */,
			);
			runOnlyForDeploymentPostprocessing = 0;
		};
/* End PBXResourcesBuildPhase section */

/* Begin PBXShellScriptBuildPhase section */
		24BDC40B28A69DA51C7F09AA /* [CP] Check Pods Manifest.lock */ = {
			isa = PBXShellScriptBuildPhase;
			buildActionMask = 2147483647;
			files = (
			);
			inputPaths = (
				"${PODS_PODFILE_DIR_PATH}/Podfile.lock",
				"${PODS_ROOT}/Manifest.lock",
			);
			name = "[CP] Check Pods Manifest.lock";
			outputPaths = (
				"$(DERIVED_FILE_DIR)/Pods-DBService-checkManifestLockResult.txt",
			);
			runOnlyForDeploymentPostprocessing = 0;
			shellPath = /bin/sh;
			shellScript = "diff \"${PODS_PODFILE_DIR_PATH}/Podfile.lock\" \"${PODS_ROOT}/Manifest.lock\" > /dev/null\nif [ $? != 0 ] ; then\n    # print error to STDERR\n    echo \"error: The sandbox is not in sync with the Podfile.lock. Run 'pod install' or update your CocoaPods installation.\" >&2\n    exit 1\nfi\n# This output is used by Xcode 'outputs' to avoid re-running this script phase.\necho \"SUCCESS\" > \"${SCRIPT_OUTPUT_FILE_0}\"\n";
			showEnvVarsInLog = 0;
		};
		EC8F69AFDD8CA19FDE303FE4 /* [CP] Embed Pods Frameworks */ = {
			isa = PBXShellScriptBuildPhase;
			buildActionMask = 2147483647;
			files = (
			);
			inputPaths = (
				"${SRCROOT}/Pods/Target Support Files/Pods-DBService/Pods-DBService-frameworks.sh",
				"${BUILT_PRODUCTS_DIR}/FMDB/FMDB.framework",
			);
			name = "[CP] Embed Pods Frameworks";
			outputPaths = (
				"${TARGET_BUILD_DIR}/${FRAMEWORKS_FOLDER_PATH}/FMDB.framework",
			);
			runOnlyForDeploymentPostprocessing = 0;
			shellPath = /bin/sh;
			shellScript = "\"${SRCROOT}/Pods/Target Support Files/Pods-DBService/Pods-DBService-frameworks.sh\"\n";
			showEnvVarsInLog = 0;
		};
/* End PBXShellScriptBuildPhase section */

/* Begin PBXSourcesBuildPhase section */
		364CCFE521C7433C0091F37A /* Sources */ = {
			isa = PBXSourcesBuildPhase;
			buildActionMask = 2147483647;
			files = (
				364CCFFF21C744110091F37A /* Table.swift in Sources */,
				364CCFEF21C7433C0091F37A /* ViewController.swift in Sources */,
				364CCFED21C7433C0091F37A /* AppDelegate.swift in Sources */,
			);
			runOnlyForDeploymentPostprocessing = 0;
		};
/* End PBXSourcesBuildPhase section */

/* Begin PBXVariantGroup section */
		364CCFF021C7433C0091F37A /* Main.storyboard */ = {
			isa = PBXVariantGroup;
			children = (
				364CCFF121C7433C0091F37A /* Base */,
			);
			name = Main.storyboard;
			sourceTree = "<group>";
		};
		364CCFF521C7433D0091F37A /* LaunchScreen.storyboard */ = {
			isa = PBXVariantGroup;
			children = (
				364CCFF621C7433D0091F37A /* Base */,
			);
			name = LaunchScreen.storyboard;
			sourceTree = "<group>";
		};
/* End PBXVariantGroup section */

/* Begin XCBuildConfiguration section */
		364CCFF921C7433D0091F37A /* Debug */ = {
			isa = XCBuildConfiguration;
			buildSettings = {
				ALWAYS_SEARCH_USER_PATHS = NO;
				CLANG_ANALYZER_NONNULL = YES;
				CLANG_ANALYZER_NUMBER_OBJECT_CONVERSION = YES_AGGRESSIVE;
				CLANG_CXX_LANGUAGE_STANDARD = "gnu++14";
				CLANG_CXX_LIBRARY = "libc++";
				CLANG_ENABLE_MODULES = YES;
				CLANG_ENABLE_OBJC_ARC = YES;
				CLANG_ENABLE_OBJC_WEAK = YES;
				CLANG_WARN_BLOCK_CAPTURE_AUTORELEASING = YES;
				CLANG_WARN_BOOL_CONVERSION = YES;
				CLANG_WARN_COMMA = YES;
				CLANG_WARN_CONSTANT_CONVERSION = YES;
				CLANG_WARN_DEPRECATED_OBJC_IMPLEMENTATIONS = YES;
				CLANG_WARN_DIRECT_OBJC_ISA_USAGE = YES_ERROR;
				CLANG_WARN_DOCUMENTATION_COMMENTS = YES;
				CLANG_WARN_EMPTY_BODY = YES;
				CLANG_WARN_ENUM_CONVERSION = YES;
				CLANG_WARN_INFINITE_RECURSION = YES;
				CLANG_WARN_INT_CONVERSION = YES;
				CLANG_WARN_NON_LITERAL_NULL_CONVERSION = YES;
				CLANG_WARN_OBJC_IMPLICIT_RETAIN_SELF = YES;
				CLANG_WARN_OBJC_LITERAL_CONVERSION = YES;
				CLANG_WARN_OBJC_ROOT_CLASS = YES_ERROR;
				CLANG_WARN_RANGE_LOOP_ANALYSIS = YES;
				CLANG_WARN_STRICT_PROTOTYPES = YES;
				CLANG_WARN_SUSPICIOUS_MOVE = YES;
				CLANG_WARN_UNGUARDED_AVAILABILITY = YES_AGGRESSIVE;
				CLANG_WARN_UNREACHABLE_CODE = YES;
				CLANG_WARN__DUPLICATE_METHOD_MATCH = YES;
				CODE_SIGN_IDENTITY = "iPhone Developer";
				COPY_PHASE_STRIP = NO;
				DEBUG_INFORMATION_FORMAT = dwarf;
				ENABLE_STRICT_OBJC_MSGSEND = YES;
				ENABLE_TESTABILITY = YES;
				GCC_C_LANGUAGE_STANDARD = gnu11;
				GCC_DYNAMIC_NO_PIC = NO;
				GCC_NO_COMMON_BLOCKS = YES;
				GCC_OPTIMIZATION_LEVEL = 0;
				GCC_PREPROCESSOR_DEFINITIONS = (
					"DEBUG=1",
					"$(inherited)",
				);
				GCC_WARN_64_TO_32_BIT_CONVERSION = YES;
				GCC_WARN_ABOUT_RETURN_TYPE = YES_ERROR;
				GCC_WARN_UNDECLARED_SELECTOR = YES;
				GCC_WARN_UNINITIALIZED_AUTOS = YES_AGGRESSIVE;
				GCC_WARN_UNUSED_FUNCTION = YES;
				GCC_WARN_UNUSED_VARIABLE = YES;
				IPHONEOS_DEPLOYMENT_TARGET = 12.1;
				MTL_ENABLE_DEBUG_INFO = INCLUDE_SOURCE;
				MTL_FAST_MATH = YES;
				ONLY_ACTIVE_ARCH = YES;
				SDKROOT = iphoneos;
				SWIFT_ACTIVE_COMPILATION_CONDITIONS = DEBUG;
				SWIFT_OPTIMIZATION_LEVEL = "-Onone";
			};
			name = Debug;
		};
		364CCFFA21C7433D0091F37A /* Release */ = {
			isa = XCBuildConfiguration;
			buildSettings = {
				ALWAYS_SEARCH_USER_PATHS = NO;
				CLANG_ANALYZER_NONNULL = YES;
				CLANG_ANALYZER_NUMBER_OBJECT_CONVERSION = YES_AGGRESSIVE;
				CLANG_CXX_LANGUAGE_STANDARD = "gnu++14";
				CLANG_CXX_LIBRARY = "libc++";
				CLANG_ENABLE_MODULES = YES;
				CLANG_ENABLE_OBJC_ARC = YES;
				CLANG_ENABLE_OBJC_WEAK = YES;
				CLANG_WARN_BLOCK_CAPTURE_AUTORELEASING = YES;
				CLANG_WARN_BOOL_CONVERSION = YES;
				CLANG_WARN_COMMA = YES;
				CLANG_WARN_CONSTANT_CONVERSION = YES;
				CLANG_WARN_DEPRECATED_OBJC_IMPLEMENTATIONS = YES;
				CLANG_WARN_DIRECT_OBJC_ISA_USAGE = YES_ERROR;
				CLANG_WARN_DOCUMENTATION_COMMENTS = YES;
				CLANG_WARN_EMPTY_BODY = YES;
				CLANG_WARN_ENUM_CONVERSION = YES;
				CLANG_WARN_INFINITE_RECURSION = YES;
				CLANG_WARN_INT_CONVERSION = YES;
				CLANG_WARN_NON_LITERAL_NULL_CONVERSION = YES;
				CLANG_WARN_OBJC_IMPLICIT_RETAIN_SELF = YES;
				CLANG_WARN_OBJC_LITERAL_CONVERSION = YES;
				CLANG_WARN_OBJC_ROOT_CLASS = YES_ERROR;
				CLANG_WARN_RANGE_LOOP_ANALYSIS = YES;
				CLANG_WARN_STRICT_PROTOTYPES = YES;
				CLANG_WARN_SUSPICIOUS_MOVE = YES;
				CLANG_WARN_UNGUARDED_AVAILABILITY = YES_AGGRESSIVE;
				CLANG_WARN_UNREACHABLE_CODE = YES;
				CLANG_WARN__DUPLICATE_METHOD_MATCH = YES;
				CODE_SIGN_IDENTITY = "iPhone Developer";
				COPY_PHASE_STRIP = NO;
				DEBUG_INFORMATION_FORMAT = "dwarf-with-dsym";
				ENABLE_NS_ASSERTIONS = NO;
				ENABLE_STRICT_OBJC_MSGSEND = YES;
				GCC_C_LANGUAGE_STANDARD = gnu11;
				GCC_NO_COMMON_BLOCKS = YES;
				GCC_WARN_64_TO_32_BIT_CONVERSION = YES;
				GCC_WARN_ABOUT_RETURN_TYPE = YES_ERROR;
				GCC_WARN_UNDECLARED_SELECTOR = YES;
				GCC_WARN_UNINITIALIZED_AUTOS = YES_AGGRESSIVE;
				GCC_WARN_UNUSED_FUNCTION = YES;
				GCC_WARN_UNUSED_VARIABLE = YES;
				IPHONEOS_DEPLOYMENT_TARGET = 12.1;
				MTL_ENABLE_DEBUG_INFO = NO;
				MTL_FAST_MATH = YES;
				SDKROOT = iphoneos;
				SWIFT_COMPILATION_MODE = wholemodule;
				SWIFT_OPTIMIZATION_LEVEL = "-O";
				VALIDATE_PRODUCT = YES;
			};
			name = Release;
		};
		364CCFFC21C7433D0091F37A /* Debug */ = {
			isa = XCBuildConfiguration;
			baseConfigurationReference = AE6A9B1A0E599F3EF38EE5D7 /* Pods-DBService.debug.xcconfig */;
			buildSettings = {
				ASSETCATALOG_COMPILER_APPICON_NAME = AppIcon;
				CODE_SIGN_STYLE = Automatic;
				INFOPLIST_FILE = DBService/Info.plist;
				LD_RUNPATH_SEARCH_PATHS = (
					"$(inherited)",
					"@executable_path/Frameworks",
				);
				PRODUCT_BUNDLE_IDENTIFIER = "com.Hank-Zhong.DBService";
				PRODUCT_NAME = "$(TARGET_NAME)";
				SWIFT_VERSION = 4.2;
				TARGETED_DEVICE_FAMILY = "1,2";
			};
			name = Debug;
		};
		364CCFFD21C7433D0091F37A /* Release */ = {
			isa = XCBuildConfiguration;
			baseConfigurationReference = 3D6EF2CE6B2FB7E578084D09 /* Pods-DBService.release.xcconfig */;
			buildSettings = {
				ASSETCATALOG_COMPILER_APPICON_NAME = AppIcon;
				CODE_SIGN_STYLE = Automatic;
				INFOPLIST_FILE = DBService/Info.plist;
				LD_RUNPATH_SEARCH_PATHS = (
					"$(inherited)",
					"@executable_path/Frameworks",
				);
				PRODUCT_BUNDLE_IDENTIFIER = "com.Hank-Zhong.DBService";
				PRODUCT_NAME = "$(TARGET_NAME)";
				SWIFT_VERSION = 4.2;
				TARGETED_DEVICE_FAMILY = "1,2";
			};
			name = Release;
		};
/* End XCBuildConfiguration section */

/* Begin XCConfigurationList section */
		364CCFE421C7433C0091F37A /* Build configuration list for PBXProject "DBService" */ = {
			isa = XCConfigurationList;
			buildConfigurations = (
				364CCFF921C7433D0091F37A /* Debug */,
				364CCFFA21C7433D0091F37A /* Release */,
			);
			defaultConfigurationIsVisible = 0;
			defaultConfigurationName = Release;
		};
		364CCFFB21C7433D0091F37A /* Build configuration list for PBXNativeTarget "DBService" */ = {
			isa = XCConfigurationList;
			buildConfigurations = (
				364CCFFC21C7433D0091F37A /* Debug */,
				364CCFFD21C7433D0091F37A /* Release */,
			);
			defaultConfigurationIsVisible = 0;
			defaultConfigurationName = Release;
		};
/* End XCConfigurationList section */
	};
	rootObject = 364CCFE121C7433C0091F37A /* Project object */;
}
