PODS:
  - GCDWebServer/Core (3.4.2)
  - GCDWebServer/WebUploader (3.4.2):
    - GCDWebServer/Core

DEPENDENCIES:
  - GCDWebServer/WebUploader

SPEC REPOS:
  https://github.com/cocoapods/specs.git:
    - GCDWebServer

SPEC CHECKSUMS:
  GCDWebServer: 8d67ee9f634b4bb91eb4b8aee440318a5fc6debd

PODFILE CHECKSUM: 9e75d3f20e37eb9710e4b0de135c778e601d6f86

COCOAPODS: 1.5.3
