// !$*UTF8*$!
{
	archiveVersion = 1;
	classes = {
	};
	objectVersion = 50;
	objects = {

/* Begin PBXBuildFile section */
		277314D920E8DE6A00B55072 /* AppDelegate.swift in Sources */ = {isa = PBXBuildFile; fileRef = 277314D820E8DE6A00B55072 /* AppDelegate.swift */; };
		277314DB20E8DE6A00B55072 /* ViewController.swift in Sources */ = {isa = PBXBuildFile; fileRef = 277314DA20E8DE6A00B55072 /* ViewController.swift */; };
		277314DE20E8DE6A00B55072 /* Main.storyboard in Resources */ = {isa = PBXBuildFile; fileRef = 277314DC20E8DE6A00B55072 /* Main.storyboard */; };
		277314E020E8DE6C00B55072 /* Assets.xcassets in Resources */ = {isa = PBXBuildFile; fileRef = 277314DF20E8DE6C00B55072 /* Assets.xcassets */; };
		277314E320E8DE6C00B55072 /* LaunchScreen.storyboard in Resources */ = {isa = PBXBuildFile; fileRef = 277314E120E8DE6C00B55072 /* LaunchScreen.storyboard */; };
/* End PBXBuildFile section */

/* Begin PBXFileReference section */
		277314D520E8DE6A00B55072 /* Dynamic_FontSize.app */ = {isa = PBXFileReference; explicitFileType = wrapper.application; includeInIndex = 0; path = Dynamic_FontSize.app; sourceTree = BUILT_PRODUCTS_DIR; };
		277314D820E8DE6A00B55072 /* AppDelegate.swift */ = {isa = PBXFileReference; lastKnownFileType = sourcecode.swift; path = AppDelegate.swift; sourceTree = "<group>"; };
		277314DA20E8DE6A00B55072 /* ViewController.swift */ = {isa = PBXFileReference; lastKnownFileType = sourcecode.swift; path = ViewController.swift; sourceTree = "<group>"; };
		277314DD20E8DE6A00B55072 /* Base */ = {isa = PBXFileReference; lastKnownFileType = file.storyboard; name = Base; path = Base.lproj/Main.storyboard; sourceTree = "<group>"; };
		277314DF20E8DE6C00B55072 /* Assets.xcassets */ = {isa = PBXFileReference; lastKnownFileType = folder.assetcatalog; path = Assets.xcassets; sourceTree = "<group>"; };
		277314E220E8DE6C00B55072 /* Base */ = {isa = PBXFileReference; lastKnownFileType = file.storyboard; name = Base; path = Base.lproj/LaunchScreen.storyboard; sourceTree = "<group>"; };
		277314E420E8DE6C00B55072 /* Info.plist */ = {isa = PBXFileReference; lastKnownFileType = text.plist.xml; path = Info.plist; sourceTree = "<group>"; };
/* End PBXFileReference section */

/* Begin PBXFrameworksBuildPhase section */
		277314D220E8DE6A00B55072 /* Frameworks */ = {
			isa = PBXFrameworksBuildPhase;
			buildActionMask = 2147483647;
			files = (
			);
			runOnlyForDeploymentPostprocessing = 0;
		};
/* End PBXFrameworksBuildPhase section */

/* Begin PBXGroup section */
		277314CC20E8DE6A00B55072 = {
			isa = PBXGroup;
			children = (
				277314D720E8DE6A00B55072 /* Dynamic_FontSize */,
				277314D620E8DE6A00B55072 /* Products */,
			);
			sourceTree = "<group>";
		};
		277314D620E8DE6A00B55072 /* Products */ = {
			isa = PBXGroup;
			children = (
				277314D520E8DE6A00B55072 /* Dynamic_FontSize.app */,
			);
			name = Products;
			sourceTree = "<group>";
		};
		277314D720E8DE6A00B55072 /* Dynamic_FontSize */ = {
			isa = PBXGroup;
			children = (
				277314D820E8DE6A00B55072 /* AppDelegate.swift */,
				277314DA20E8DE6A00B55072 /* ViewController.swift */,
				277314DC20E8DE6A00B55072 /* Main.storyboard */,
				277314DF20E8DE6C00B55072 /* Assets.xcassets */,
				277314E120E8DE6C00B55072 /* LaunchScreen.storyboard */,
				277314E420E8DE6C00B55072 /* Info.plist */,
			);
			path = Dynamic_FontSize;
			sourceTree = "<group>";
		};
/* End PBXGroup section */

/* Begin PBXNativeTarget section */
		277314D420E8DE6A00B55072 /* Dynamic_FontSize */ = {
			isa = PBXNativeTarget;
			buildConfigurationList = 277314E720E8DE6C00B55072 /* Build configuration list for PBXNativeTarget "Dynamic_FontSize" */;
			buildPhases = (
				277314D120E8DE6A00B55072 /* Sources */,
				277314D220E8DE6A00B55072 /* Frameworks */,
				277314D320E8DE6A00B55072 /* Resources */,
			);
			buildRules = (
			);
			dependencies = (
			);
			name = Dynamic_FontSize;
			productName = Dynamic_FontSize;
			productReference = 277314D520E8DE6A00B55072 /* Dynamic_FontSize.app */;
			productType = "com.apple.product-type.application";
		};
/* End PBXNativeTarget section */

/* Begin PBXProject section */
		277314CD20E8DE6A00B55072 /* Project object */ = {
			isa = PBXProject;
			attributes = {
				LastSwiftUpdateCheck = 0940;
				LastUpgradeCheck = 0940;
				ORGANIZATIONNAME = zhong;
				TargetAttributes = {
					277314D420E8DE6A00B55072 = {
						CreatedOnToolsVersion = 9.4;
					};
				};
			};
			buildConfigurationList = 277314D020E8DE6A00B55072 /* Build configuration list for PBXProject "Dynamic_FontSize" */;
			compatibilityVersion = "Xcode 9.3";
			developmentRegion = en;
			hasScannedForEncodings = 0;
			knownRegions = (
				en,
				Base,
			);
			mainGroup = 277314CC20E8DE6A00B55072;
			productRefGroup = 277314D620E8DE6A00B55072 /* Products */;
			projectDirPath = "";
			projectRoot = "";
			targets = (
				277314D420E8DE6A00B55072 /* Dynamic_FontSize */,
			);
		};
/* End PBXProject section */

/* Begin PBXResourcesBuildPhase section */
		277314D320E8DE6A00B55072 /* Resources */ = {
			isa = PBXResourcesBuildPhase;
			buildActionMask = 2147483647;
			files = (
				277314E320E8DE6C00B55072 /* LaunchScreen.storyboard in Resources */,
				277314E020E8DE6C00B55072 /* Assets.xcassets in Resources */,
				277314DE20E8DE6A00B55072 /* Main.storyboard in Resources */,
			);
			runOnlyForDeploymentPostprocessing = 0;
		};
/* End PBXResourcesBuildPhase section */

/* Begin PBXSourcesBuildPhase section */
		277314D120E8DE6A00B55072 /* Sources */ = {
			isa = PBXSourcesBuildPhase;
			buildActionMask = 2147483647;
			files = (
				277314DB20E8DE6A00B55072 /* ViewController.swift in Sources */,
				277314D920E8DE6A00B55072 /* AppDelegate.swift in Sources */,
			);
			runOnlyForDeploymentPostprocessing = 0;
		};
/* End PBXSourcesBuildPhase section */

/* Begin PBXVariantGroup section */
		277314DC20E8DE6A00B55072 /* Main.storyboard */ = {
			isa = PBXVariantGroup;
			children = (
				277314DD20E8DE6A00B55072 /* Base */,
			);
			name = Main.storyboard;
			sourceTree = "<group>";
		};
		277314E120E8DE6C00B55072 /* LaunchScreen.storyboard */ = {
			isa = PBXVariantGroup;
			children = (
				277314E220E8DE6C00B55072 /* Base */,
			);
			name = LaunchScreen.storyboard;
			sourceTree = "<group>";
		};
/* End PBXVariantGroup section */

/* Begin XCBuildConfiguration section */
		277314E520E8DE6C00B55072 /* Debug */ = {
			isa = XCBuildConfiguration;
			buildSettings = {
				ALWAYS_SEARCH_USER_PATHS = NO;
				CLANG_ANALYZER_NONNULL = YES;
				CLANG_ANALYZER_NUMBER_OBJECT_CONVERSION = YES_AGGRESSIVE;
				CLANG_CXX_LANGUAGE_STANDARD = "gnu++14";
				CLANG_CXX_LIBRARY = "libc++";
				CLANG_ENABLE_MODULES = YES;
				CLANG_ENABLE_OBJC_ARC = YES;
				CLANG_ENABLE_OBJC_WEAK = YES;
				CLANG_WARN_BLOCK_CAPTURE_AUTORELEASING = YES;
				CLANG_WARN_BOOL_CONVERSION = YES;
				CLANG_WARN_COMMA = YES;
				CLANG_WARN_CONSTANT_CONVERSION = YES;
				CLANG_WARN_DEPRECATED_OBJC_IMPLEMENTATIONS = YES;
				CLANG_WARN_DIRECT_OBJC_ISA_USAGE = YES_ERROR;
				CLANG_WARN_DOCUMENTATION_COMMENTS = YES;
				CLANG_WARN_EMPTY_BODY = YES;
				CLANG_WARN_ENUM_CONVERSION = YES;
				CLANG_WARN_INFINITE_RECURSION = YES;
				CLANG_WARN_INT_CONVERSION = YES;
				CLANG_WARN_NON_LITERAL_NULL_CONVERSION = YES;
				CLANG_WARN_OBJC_IMPLICIT_RETAIN_SELF = YES;
				CLANG_WARN_OBJC_LITERAL_CONVERSION = YES;
				CLANG_WARN_OBJC_ROOT_CLASS = YES_ERROR;
				CLANG_WARN_RANGE_LOOP_ANALYSIS = YES;
				CLANG_WARN_STRICT_PROTOTYPES = YES;
				CLANG_WARN_SUSPICIOUS_MOVE = YES;
				CLANG_WARN_UNGUARDED_AVAILABILITY = YES_AGGRESSIVE;
				CLANG_WARN_UNREACHABLE_CODE = YES;
				CLANG_WARN__DUPLICATE_METHOD_MATCH = YES;
				CODE_SIGN_IDENTITY = "iPhone Developer";
				COPY_PHASE_STRIP = NO;
				DEBUG_INFORMATION_FORMAT = dwarf;
				ENABLE_STRICT_OBJC_MSGSEND = YES;
				ENABLE_TESTABILITY = YES;
				GCC_C_LANGUAGE_STANDARD = gnu11;
				GCC_DYNAMIC_NO_PIC = NO;
				GCC_NO_COMMON_BLOCKS = YES;
				GCC_OPTIMIZATION_LEVEL = 0;
				GCC_PREPROCESSOR_DEFINITIONS = (
					"DEBUG=1",
					"$(inherited)",
				);
				GCC_WARN_64_TO_32_BIT_CONVERSION = YES;
				GCC_WARN_ABOUT_RETURN_TYPE = YES_ERROR;
				GCC_WARN_UNDECLARED_SELECTOR = YES;
				GCC_WARN_UNINITIALIZED_AUTOS = YES_AGGRESSIVE;
				GCC_WARN_UNUSED_FUNCTION = YES;
				GCC_WARN_UNUSED_VARIABLE = YES;
				IPHONEOS_DEPLOYMENT_TARGET = 11.4;
				MTL_ENABLE_DEBUG_INFO = YES;
				ONLY_ACTIVE_ARCH = YES;
				SDKROOT = iphoneos;
				SWIFT_ACTIVE_COMPILATION_CONDITIONS = DEBUG;
				SWIFT_OPTIMIZATION_LEVEL = "-Onone";
			};
			name = Debug;
		};
		277314E620E8DE6C00B55072 /* Release */ = {
			isa = XCBuildConfiguration;
			buildSettings = {
				ALWAYS_SEARCH_USER_PATHS = NO;
				CLANG_ANALYZER_NONNULL = YES;
				CLANG_ANALYZER_NUMBER_OBJECT_CONVERSION = YES_AGGRESSIVE;
				CLANG_CXX_LANGUAGE_STANDARD = "gnu++14";
				CLANG_CXX_LIBRARY = "libc++";
				CLANG_ENABLE_MODULES = YES;
				CLANG_ENABLE_OBJC_ARC = YES;
				CLANG_ENABLE_OBJC_WEAK = YES;
				CLANG_WARN_BLOCK_CAPTURE_AUTORELEASING = YES;
				CLANG_WARN_BOOL_CONVERSION = YES;
				CLANG_WARN_COMMA = YES;
				CLANG_WARN_CONSTANT_CONVERSION = YES;
				CLANG_WARN_DEPRECATED_OBJC_IMPLEMENTATIONS = YES;
				CLANG_WARN_DIRECT_OBJC_ISA_USAGE = YES_ERROR;
				CLANG_WARN_DOCUMENTATION_COMMENTS = YES;
				CLANG_WARN_EMPTY_BODY = YES;
				CLANG_WARN_ENUM_CONVERSION = YES;
				CLANG_WARN_INFINITE_RECURSION = YES;
				CLANG_WARN_INT_CONVERSION = YES;
				CLANG_WARN_NON_LITERAL_NULL_CONVERSION = YES;
				CLANG_WARN_OBJC_IMPLICIT_RETAIN_SELF = YES;
				CLANG_WARN_OBJC_LITERAL_CONVERSION = YES;
				CLANG_WARN_OBJC_ROOT_CLASS = YES_ERROR;
				CLANG_WARN_RANGE_LOOP_ANALYSIS = YES;
				CLANG_WARN_STRICT_PROTOTYPES = YES;
				CLANG_WARN_SUSPICIOUS_MOVE = YES;
				CLANG_WARN_UNGUARDED_AVAILABILITY = YES_AGGRESSIVE;
				CLANG_WARN_UNREACHABLE_CODE = YES;
				CLANG_WARN__DUPLICATE_METHOD_MATCH = YES;
				CODE_SIGN_IDENTITY = "iPhone Developer";
				COPY_PHASE_STRIP = NO;
				DEBUG_INFORMATION_FORMAT = "dwarf-with-dsym";
				ENABLE_NS_ASSERTIONS = NO;
				ENABLE_STRICT_OBJC_MSGSEND = YES;
				GCC_C_LANGUAGE_STANDARD = gnu11;
				GCC_NO_COMMON_BLOCKS = YES;
				GCC_WARN_64_TO_32_BIT_CONVERSION = YES;
				GCC_WARN_ABOUT_RETURN_TYPE = YES_ERROR;
				GCC_WARN_UNDECLARED_SELECTOR = YES;
				GCC_WARN_UNINITIALIZED_AUTOS = YES_AGGRESSIVE;
				GCC_WARN_UNUSED_FUNCTION = YES;
				GCC_WARN_UNUSED_VARIABLE = YES;
				IPHONEOS_DEPLOYMENT_TARGET = 11.4;
				MTL_ENABLE_DEBUG_INFO = NO;
				SDKROOT = iphoneos;
				SWIFT_COMPILATION_MODE = wholemodule;
				SWIFT_OPTIMIZATION_LEVEL = "-O";
				VALIDATE_PRODUCT = YES;
			};
			name = Release;
		};
		277314E820E8DE6C00B55072 /* Debug */ = {
			isa = XCBuildConfiguration;
			buildSettings = {
				ASSETCATALOG_COMPILER_APPICON_NAME = AppIcon;
				CODE_SIGN_STYLE = Automatic;
				INFOPLIST_FILE = Dynamic_FontSize/Info.plist;
				LD_RUNPATH_SEARCH_PATHS = (
					"$(inherited)",
					"@executable_path/Frameworks",
				);
				PRODUCT_BUNDLE_IDENTIFIER = "zhong.Dynamic-FontSize";
				PRODUCT_NAME = "$(TARGET_NAME)";
				SWIFT_VERSION = 4.0;
				TARGETED_DEVICE_FAMILY = "1,2";
			};
			name = Debug;
		};
		277314E920E8DE6C00B55072 /* Release */ = {
			isa = XCBuildConfiguration;
			buildSettings = {
				ASSETCATALOG_COMPILER_APPICON_NAME = AppIcon;
				CODE_SIGN_STYLE = Automatic;
				INFOPLIST_FILE = Dynamic_FontSize/Info.plist;
				LD_RUNPATH_SEARCH_PATHS = (
					"$(inherited)",
					"@executable_path/Frameworks",
				);
				PRODUCT_BUNDLE_IDENTIFIER = "zhong.Dynamic-FontSize";
				PRODUCT_NAME = "$(TARGET_NAME)";
				SWIFT_VERSION = 4.0;
				TARGETED_DEVICE_FAMILY = "1,2";
			};
			name = Release;
		};
/* End XCBuildConfiguration section */

/* Begin XCConfigurationList section */
		277314D020E8DE6A00B55072 /* Build configuration list for PBXProject "Dynamic_FontSize" */ = {
			isa = XCConfigurationList;
			buildConfigurations = (
				277314E520E8DE6C00B55072 /* Debug */,
				277314E620E8DE6C00B55072 /* Release */,
			);
			defaultConfigurationIsVisible = 0;
			defaultConfigurationName = Release;
		};
		277314E720E8DE6C00B55072 /* Build configuration list for PBXNativeTarget "Dynamic_FontSize" */ = {
			isa = XCConfigurationList;
			buildConfigurations = (
				277314E820E8DE6C00B55072 /* Debug */,
				277314E920E8DE6C00B55072 /* Release */,
			);
			defaultConfigurationIsVisible = 0;
			defaultConfigurationName = Release;
		};
/* End XCConfigurationList section */
	};
	rootObject = 277314CD20E8DE6A00B55072 /* Project object */;
}
