// !$*UTF8*$!
{
	archiveVersion = 1;
	classes = {
	};
	objectVersion = 48;
	objects = {

/* Begin PBXBuildFile section */
		27CD59462063918A0064C1A4 /* TalkingViewController.swift in Sources */ = {isa = PBXBuildFile; fileRef = 27CD59452063918A0064C1A4 /* TalkingViewController.swift */; };
		27F7E93E2063461700A28812 /* AppDelegate.swift in Sources */ = {isa = PBXBuildFile; fileRef = 27F7E93D2063461700A28812 /* AppDelegate.swift */; };
		27F7E9402063461700A28812 /* FirstViewController.swift in Sources */ = {isa = PBXBuildFile; fileRef = 27F7E93F2063461700A28812 /* FirstViewController.swift */; };
		27F7E9422063461700A28812 /* PeripheralViewController.swift in Sources */ = {isa = PBXBuildFile; fileRef = 27F7E9412063461700A28812 /* PeripheralViewController.swift */; };
		27F7E9452063461700A28812 /* Main.storyboard in Resources */ = {isa = PBXBuildFile; fileRef = 27F7E9432063461700A28812 /* Main.storyboard */; };
		27F7E9472063461700A28812 /* Assets.xcassets in Resources */ = {isa = PBXBuildFile; fileRef = 27F7E9462063461700A28812 /* Assets.xcassets */; };
		27F7E94A2063461700A28812 /* LaunchScreen.storyboard in Resources */ = {isa = PBXBuildFile; fileRef = 27F7E9482063461700A28812 /* LaunchScreen.storyboard */; };
		27F7E9522063489700A28812 /* CentralTableViewController.swift in Sources */ = {isa = PBXBuildFile; fileRef = 27F7E9512063489700A28812 /* CentralTableViewController.swift */; };
/* End PBXBuildFile section */

/* Begin PBXFileReference section */
		27CD59452063918A0064C1A4 /* TalkingViewController.swift */ = {isa = PBXFileReference; lastKnownFileType = sourcecode.swift; path = TalkingViewController.swift; sourceTree = "<group>"; };
		27F7E93A2063461700A28812 /* HelloMyBLE.app */ = {isa = PBXFileReference; explicitFileType = wrapper.application; includeInIndex = 0; path = HelloMyBLE.app; sourceTree = BUILT_PRODUCTS_DIR; };
		27F7E93D2063461700A28812 /* AppDelegate.swift */ = {isa = PBXFileReference; lastKnownFileType = sourcecode.swift; path = AppDelegate.swift; sourceTree = "<group>"; };
		27F7E93F2063461700A28812 /* FirstViewController.swift */ = {isa = PBXFileReference; lastKnownFileType = sourcecode.swift; path = FirstViewController.swift; sourceTree = "<group>"; };
		27F7E9412063461700A28812 /* PeripheralViewController.swift */ = {isa = PBXFileReference; lastKnownFileType = sourcecode.swift; path = PeripheralViewController.swift; sourceTree = "<group>"; };
		27F7E9442063461700A28812 /* Base */ = {isa = PBXFileReference; lastKnownFileType = file.storyboard; name = Base; path = Base.lproj/Main.storyboard; sourceTree = "<group>"; };
		27F7E9462063461700A28812 /* Assets.xcassets */ = {isa = PBXFileReference; lastKnownFileType = folder.assetcatalog; path = Assets.xcassets; sourceTree = "<group>"; };
		27F7E9492063461700A28812 /* Base */ = {isa = PBXFileReference; lastKnownFileType = file.storyboard; name = Base; path = Base.lproj/LaunchScreen.storyboard; sourceTree = "<group>"; };
		27F7E94B2063461700A28812 /* Info.plist */ = {isa = PBXFileReference; lastKnownFileType = text.plist.xml; path = Info.plist; sourceTree = "<group>"; };
		27F7E9512063489700A28812 /* CentralTableViewController.swift */ = {isa = PBXFileReference; lastKnownFileType = sourcecode.swift; path = CentralTableViewController.swift; sourceTree = "<group>"; };
/* End PBXFileReference section */

/* Begin PBXFrameworksBuildPhase section */
		27F7E9372063461700A28812 /* Frameworks */ = {
			isa = PBXFrameworksBuildPhase;
			buildActionMask = 2147483647;
			files = (
			);
			runOnlyForDeploymentPostprocessing = 0;
		};
/* End PBXFrameworksBuildPhase section */

/* Begin PBXGroup section */
		27F7E9312063461700A28812 = {
			isa = PBXGroup;
			children = (
				27F7E93C2063461700A28812 /* HelloMyBLE */,
				27F7E93B2063461700A28812 /* Products */,
			);
			sourceTree = "<group>";
		};
		27F7E93B2063461700A28812 /* Products */ = {
			isa = PBXGroup;
			children = (
				27F7E93A2063461700A28812 /* HelloMyBLE.app */,
			);
			name = Products;
			sourceTree = "<group>";
		};
		27F7E93C2063461700A28812 /* HelloMyBLE */ = {
			isa = PBXGroup;
			children = (
				27F7E93D2063461700A28812 /* AppDelegate.swift */,
				27F7E93F2063461700A28812 /* FirstViewController.swift */,
				27F7E9412063461700A28812 /* PeripheralViewController.swift */,
				27F7E9432063461700A28812 /* Main.storyboard */,
				27F7E9462063461700A28812 /* Assets.xcassets */,
				27F7E9482063461700A28812 /* LaunchScreen.storyboard */,
				27F7E94B2063461700A28812 /* Info.plist */,
				27F7E9512063489700A28812 /* CentralTableViewController.swift */,
				27CD59452063918A0064C1A4 /* TalkingViewController.swift */,
			);
			path = HelloMyBLE;
			sourceTree = "<group>";
		};
/* End PBXGroup section */

/* Begin PBXNativeTarget section */
		27F7E9392063461700A28812 /* HelloMyBLE */ = {
			isa = PBXNativeTarget;
			buildConfigurationList = 27F7E94E2063461700A28812 /* Build configuration list for PBXNativeTarget "HelloMyBLE" */;
			buildPhases = (
				27F7E9362063461700A28812 /* Sources */,
				27F7E9372063461700A28812 /* Frameworks */,
				27F7E9382063461700A28812 /* Resources */,
			);
			buildRules = (
			);
			dependencies = (
			);
			name = HelloMyBLE;
			productName = HelloMyBLE;
			productReference = 27F7E93A2063461700A28812 /* HelloMyBLE.app */;
			productType = "com.apple.product-type.application";
		};
/* End PBXNativeTarget section */

/* Begin PBXProject section */
		27F7E9322063461700A28812 /* Project object */ = {
			isa = PBXProject;
			attributes = {
				LastSwiftUpdateCheck = 0910;
				LastUpgradeCheck = 0910;
				ORGANIZATIONNAME = user37;
				TargetAttributes = {
					27F7E9392063461700A28812 = {
						CreatedOnToolsVersion = 9.1;
						ProvisioningStyle = Automatic;
						SystemCapabilities = {
							com.apple.BackgroundModes = {
								enabled = 1;
							};
						};
					};
				};
			};
			buildConfigurationList = 27F7E9352063461700A28812 /* Build configuration list for PBXProject "HelloMyBLE" */;
			compatibilityVersion = "Xcode 8.0";
			developmentRegion = en;
			hasScannedForEncodings = 0;
			knownRegions = (
				en,
				Base,
			);
			mainGroup = 27F7E9312063461700A28812;
			productRefGroup = 27F7E93B2063461700A28812 /* Products */;
			projectDirPath = "";
			projectRoot = "";
			targets = (
				27F7E9392063461700A28812 /* HelloMyBLE */,
			);
		};
/* End PBXProject section */

/* Begin PBXResourcesBuildPhase section */
		27F7E9382063461700A28812 /* Resources */ = {
			isa = PBXResourcesBuildPhase;
			buildActionMask = 2147483647;
			files = (
				27F7E94A2063461700A28812 /* LaunchScreen.storyboard in Resources */,
				27F7E9472063461700A28812 /* Assets.xcassets in Resources */,
				27F7E9452063461700A28812 /* Main.storyboard in Resources */,
			);
			runOnlyForDeploymentPostprocessing = 0;
		};
/* End PBXResourcesBuildPhase section */

/* Begin PBXSourcesBuildPhase section */
		27F7E9362063461700A28812 /* Sources */ = {
			isa = PBXSourcesBuildPhase;
			buildActionMask = 2147483647;
			files = (
				27F7E9422063461700A28812 /* PeripheralViewController.swift in Sources */,
				27F7E93E2063461700A28812 /* AppDelegate.swift in Sources */,
				27CD59462063918A0064C1A4 /* TalkingViewController.swift in Sources */,
				27F7E9522063489700A28812 /* CentralTableViewController.swift in Sources */,
				27F7E9402063461700A28812 /* FirstViewController.swift in Sources */,
			);
			runOnlyForDeploymentPostprocessing = 0;
		};
/* End PBXSourcesBuildPhase section */

/* Begin PBXVariantGroup section */
		27F7E9432063461700A28812 /* Main.storyboard */ = {
			isa = PBXVariantGroup;
			children = (
				27F7E9442063461700A28812 /* Base */,
			);
			name = Main.storyboard;
			sourceTree = "<group>";
		};
		27F7E9482063461700A28812 /* LaunchScreen.storyboard */ = {
			isa = PBXVariantGroup;
			children = (
				27F7E9492063461700A28812 /* Base */,
			);
			name = LaunchScreen.storyboard;
			sourceTree = "<group>";
		};
/* End PBXVariantGroup section */

/* Begin XCBuildConfiguration section */
		27F7E94C2063461700A28812 /* Debug */ = {
			isa = XCBuildConfiguration;
			buildSettings = {
				ALWAYS_SEARCH_USER_PATHS = NO;
				CLANG_ANALYZER_NONNULL = YES;
				CLANG_ANALYZER_NUMBER_OBJECT_CONVERSION = YES_AGGRESSIVE;
				CLANG_CXX_LANGUAGE_STANDARD = "gnu++14";
				CLANG_CXX_LIBRARY = "libc++";
				CLANG_ENABLE_MODULES = YES;
				CLANG_ENABLE_OBJC_ARC = YES;
				CLANG_WARN_BLOCK_CAPTURE_AUTORELEASING = YES;
				CLANG_WARN_BOOL_CONVERSION = YES;
				CLANG_WARN_COMMA = YES;
				CLANG_WARN_CONSTANT_CONVERSION = YES;
				CLANG_WARN_DIRECT_OBJC_ISA_USAGE = YES_ERROR;
				CLANG_WARN_DOCUMENTATION_COMMENTS = YES;
				CLANG_WARN_EMPTY_BODY = YES;
				CLANG_WARN_ENUM_CONVERSION = YES;
				CLANG_WARN_INFINITE_RECURSION = YES;
				CLANG_WARN_INT_CONVERSION = YES;
				CLANG_WARN_NON_LITERAL_NULL_CONVERSION = YES;
				CLANG_WARN_OBJC_LITERAL_CONVERSION = YES;
				CLANG_WARN_OBJC_ROOT_CLASS = YES_ERROR;
				CLANG_WARN_RANGE_LOOP_ANALYSIS = YES;
				CLANG_WARN_STRICT_PROTOTYPES = YES;
				CLANG_WARN_SUSPICIOUS_MOVE = YES;
				CLANG_WARN_UNGUARDED_AVAILABILITY = YES_AGGRESSIVE;
				CLANG_WARN_UNREACHABLE_CODE = YES;
				CLANG_WARN__DUPLICATE_METHOD_MATCH = YES;
				CODE_SIGN_IDENTITY = "iPhone Developer";
				COPY_PHASE_STRIP = NO;
				DEBUG_INFORMATION_FORMAT = dwarf;
				ENABLE_STRICT_OBJC_MSGSEND = YES;
				ENABLE_TESTABILITY = YES;
				GCC_C_LANGUAGE_STANDARD = gnu11;
				GCC_DYNAMIC_NO_PIC = NO;
				GCC_NO_COMMON_BLOCKS = YES;
				GCC_OPTIMIZATION_LEVEL = 0;
				GCC_PREPROCESSOR_DEFINITIONS = (
					"DEBUG=1",
					"$(inherited)",
				);
				GCC_WARN_64_TO_32_BIT_CONVERSION = YES;
				GCC_WARN_ABOUT_RETURN_TYPE = YES_ERROR;
				GCC_WARN_UNDECLARED_SELECTOR = YES;
				GCC_WARN_UNINITIALIZED_AUTOS = YES_AGGRESSIVE;
				GCC_WARN_UNUSED_FUNCTION = YES;
				GCC_WARN_UNUSED_VARIABLE = YES;
				IPHONEOS_DEPLOYMENT_TARGET = 11.1;
				MTL_ENABLE_DEBUG_INFO = YES;
				ONLY_ACTIVE_ARCH = YES;
				SDKROOT = iphoneos;
				SWIFT_ACTIVE_COMPILATION_CONDITIONS = DEBUG;
				SWIFT_OPTIMIZATION_LEVEL = "-Onone";
			};
			name = Debug;
		};
		27F7E94D2063461700A28812 /* Release */ = {
			isa = XCBuildConfiguration;
			buildSettings = {
				ALWAYS_SEARCH_USER_PATHS = NO;
				CLANG_ANALYZER_NONNULL = YES;
				CLANG_ANALYZER_NUMBER_OBJECT_CONVERSION = YES_AGGRESSIVE;
				CLANG_CXX_LANGUAGE_STANDARD = "gnu++14";
				CLANG_CXX_LIBRARY = "libc++";
				CLANG_ENABLE_MODULES = YES;
				CLANG_ENABLE_OBJC_ARC = YES;
				CLANG_WARN_BLOCK_CAPTURE_AUTORELEASING = YES;
				CLANG_WARN_BOOL_CONVERSION = YES;
				CLANG_WARN_COMMA = YES;
				CLANG_WARN_CONSTANT_CONVERSION = YES;
				CLANG_WARN_DIRECT_OBJC_ISA_USAGE = YES_ERROR;
				CLANG_WARN_DOCUMENTATION_COMMENTS = YES;
				CLANG_WARN_EMPTY_BODY = YES;
				CLANG_WARN_ENUM_CONVERSION = YES;
				CLANG_WARN_INFINITE_RECURSION = YES;
				CLANG_WARN_INT_CONVERSION = YES;
				CLANG_WARN_NON_LITERAL_NULL_CONVERSION = YES;
				CLANG_WARN_OBJC_LITERAL_CONVERSION = YES;
				CLANG_WARN_OBJC_ROOT_CLASS = YES_ERROR;
				CLANG_WARN_RANGE_LOOP_ANALYSIS = YES;
				CLANG_WARN_STRICT_PROTOTYPES = YES;
				CLANG_WARN_SUSPICIOUS_MOVE = YES;
				CLANG_WARN_UNGUARDED_AVAILABILITY = YES_AGGRESSIVE;
				CLANG_WARN_UNREACHABLE_CODE = YES;
				CLANG_WARN__DUPLICATE_METHOD_MATCH = YES;
				CODE_SIGN_IDENTITY = "iPhone Developer";
				COPY_PHASE_STRIP = NO;
				DEBUG_INFORMATION_FORMAT = "dwarf-with-dsym";
				ENABLE_NS_ASSERTIONS = NO;
				ENABLE_STRICT_OBJC_MSGSEND = YES;
				GCC_C_LANGUAGE_STANDARD = gnu11;
				GCC_NO_COMMON_BLOCKS = YES;
				GCC_WARN_64_TO_32_BIT_CONVERSION = YES;
				GCC_WARN_ABOUT_RETURN_TYPE = YES_ERROR;
				GCC_WARN_UNDECLARED_SELECTOR = YES;
				GCC_WARN_UNINITIALIZED_AUTOS = YES_AGGRESSIVE;
				GCC_WARN_UNUSED_FUNCTION = YES;
				GCC_WARN_UNUSED_VARIABLE = YES;
				IPHONEOS_DEPLOYMENT_TARGET = 11.1;
				MTL_ENABLE_DEBUG_INFO = NO;
				SDKROOT = iphoneos;
				SWIFT_OPTIMIZATION_LEVEL = "-Owholemodule";
				VALIDATE_PRODUCT = YES;
			};
			name = Release;
		};
		27F7E94F2063461700A28812 /* Debug */ = {
			isa = XCBuildConfiguration;
			buildSettings = {
				ASSETCATALOG_COMPILER_APPICON_NAME = AppIcon;
				CODE_SIGN_STYLE = Automatic;
				DEVELOPMENT_TEAM = ZH73R434FZ;
				INFOPLIST_FILE = HelloMyBLE/Info.plist;
				IPHONEOS_DEPLOYMENT_TARGET = 11.2;
				LD_RUNPATH_SEARCH_PATHS = "$(inherited) @executable_path/Frameworks";
				PRODUCT_BUNDLE_IDENTIFIER = com.www.HelloMyBLEEE;
				PRODUCT_NAME = "$(TARGET_NAME)";
				SWIFT_VERSION = 4.0;
				TARGETED_DEVICE_FAMILY = "1,2";
			};
			name = Debug;
		};
		27F7E9502063461700A28812 /* Release */ = {
			isa = XCBuildConfiguration;
			buildSettings = {
				ASSETCATALOG_COMPILER_APPICON_NAME = AppIcon;
				CODE_SIGN_STYLE = Automatic;
				DEVELOPMENT_TEAM = ZH73R434FZ;
				INFOPLIST_FILE = HelloMyBLE/Info.plist;
				IPHONEOS_DEPLOYMENT_TARGET = 11.2;
				LD_RUNPATH_SEARCH_PATHS = "$(inherited) @executable_path/Frameworks";
				PRODUCT_BUNDLE_IDENTIFIER = com.www.HelloMyBLEEE;
				PRODUCT_NAME = "$(TARGET_NAME)";
				SWIFT_VERSION = 4.0;
				TARGETED_DEVICE_FAMILY = "1,2";
			};
			name = Release;
		};
/* End XCBuildConfiguration section */

/* Begin XCConfigurationList section */
		27F7E9352063461700A28812 /* Build configuration list for PBXProject "HelloMyBLE" */ = {
			isa = XCConfigurationList;
			buildConfigurations = (
				27F7E94C2063461700A28812 /* Debug */,
				27F7E94D2063461700A28812 /* Release */,
			);
			defaultConfigurationIsVisible = 0;
			defaultConfigurationName = Release;
		};
		27F7E94E2063461700A28812 /* Build configuration list for PBXNativeTarget "HelloMyBLE" */ = {
			isa = XCConfigurationList;
			buildConfigurations = (
				27F7E94F2063461700A28812 /* Debug */,
				27F7E9502063461700A28812 /* Release */,
			);
			defaultConfigurationIsVisible = 0;
			defaultConfigurationName = Release;
		};
/* End XCConfigurationList section */
	};
	rootObject = 27F7E9322063461700A28812 /* Project object */;
}
