// !$*UTF8*$!
{
	archiveVersion = 1;
	classes = {
	};
	objectVersion = 50;
	objects = {

/* Begin PBXBuildFile section */
		3639429A213FC47700D42D31 /* AppDelegate.swift in Sources */ = {isa = PBXBuildFile; fileRef = 36394299213FC47700D42D31 /* AppDelegate.swift */; };
		3639429C213FC47700D42D31 /* ViewController.swift in Sources */ = {isa = PBXBuildFile; fileRef = 3639429B213FC47700D42D31 /* ViewController.swift */; };
		3639429F213FC47700D42D31 /* Main.storyboard in Resources */ = {isa = PBXBuildFile; fileRef = 3639429D213FC47700D42D31 /* Main.storyboard */; };
		363942A1213FC47800D42D31 /* Assets.xcassets in Resources */ = {isa = PBXBuildFile; fileRef = 363942A0213FC47800D42D31 /* Assets.xcassets */; };
		363942A4213FC47800D42D31 /* LaunchScreen.storyboard in Resources */ = {isa = PBXBuildFile; fileRef = 363942A2213FC47800D42D31 /* LaunchScreen.storyboard */; };
		96181DFDF7F1454335B0592A /* Pods_EPUB_FolioReader.framework in Frameworks */ = {isa = PBXBuildFile; fileRef = 8ED1400762260FC4F9085D40 /* Pods_EPUB_FolioReader.framework */; };
/* End PBXBuildFile section */

/* Begin PBXFileReference section */
		36394296213FC47700D42D31 /* EPUB_FolioReader.app */ = {isa = PBXFileReference; explicitFileType = wrapper.application; includeInIndex = 0; path = EPUB_FolioReader.app; sourceTree = BUILT_PRODUCTS_DIR; };
		36394299213FC47700D42D31 /* AppDelegate.swift */ = {isa = PBXFileReference; lastKnownFileType = sourcecode.swift; path = AppDelegate.swift; sourceTree = "<group>"; };
		3639429B213FC47700D42D31 /* ViewController.swift */ = {isa = PBXFileReference; lastKnownFileType = sourcecode.swift; path = ViewController.swift; sourceTree = "<group>"; };
		3639429E213FC47700D42D31 /* Base */ = {isa = PBXFileReference; lastKnownFileType = file.storyboard; name = Base; path = Base.lproj/Main.storyboard; sourceTree = "<group>"; };
		363942A0213FC47800D42D31 /* Assets.xcassets */ = {isa = PBXFileReference; lastKnownFileType = folder.assetcatalog; path = Assets.xcassets; sourceTree = "<group>"; };
		363942A3213FC47800D42D31 /* Base */ = {isa = PBXFileReference; lastKnownFileType = file.storyboard; name = Base; path = Base.lproj/LaunchScreen.storyboard; sourceTree = "<group>"; };
		363942A5213FC47800D42D31 /* Info.plist */ = {isa = PBXFileReference; lastKnownFileType = text.plist.xml; path = Info.plist; sourceTree = "<group>"; };
		8ED1400762260FC4F9085D40 /* Pods_EPUB_FolioReader.framework */ = {isa = PBXFileReference; explicitFileType = wrapper.framework; includeInIndex = 0; path = Pods_EPUB_FolioReader.framework; sourceTree = BUILT_PRODUCTS_DIR; };
		A53D30056C47CAD710C6A6B0 /* Pods-EPUB_FolioReader.release.xcconfig */ = {isa = PBXFileReference; includeInIndex = 1; lastKnownFileType = text.xcconfig; name = "Pods-EPUB_FolioReader.release.xcconfig"; path = "Pods/Target Support Files/Pods-EPUB_FolioReader/Pods-EPUB_FolioReader.release.xcconfig"; sourceTree = "<group>"; };
		EF9120381EB49FE31110E0D6 /* Pods-EPUB_FolioReader.debug.xcconfig */ = {isa = PBXFileReference; includeInIndex = 1; lastKnownFileType = text.xcconfig; name = "Pods-EPUB_FolioReader.debug.xcconfig"; path = "Pods/Target Support Files/Pods-EPUB_FolioReader/Pods-EPUB_FolioReader.debug.xcconfig"; sourceTree = "<group>"; };
/* End PBXFileReference section */

/* Begin PBXFrameworksBuildPhase section */
		36394293213FC47700D42D31 /* Frameworks */ = {
			isa = PBXFrameworksBuildPhase;
			buildActionMask = 2147483647;
			files = (
				96181DFDF7F1454335B0592A /* Pods_EPUB_FolioReader.framework in Frameworks */,
			);
			runOnlyForDeploymentPostprocessing = 0;
		};
/* End PBXFrameworksBuildPhase section */

/* Begin PBXGroup section */
		3639428D213FC47700D42D31 = {
			isa = PBXGroup;
			children = (
				36394298213FC47700D42D31 /* EPUB_FolioReader */,
				36394297213FC47700D42D31 /* Products */,
				D595E17C586B6D77313D5AB5 /* Pods */,
				52CFAA10A3027128D1749065 /* Frameworks */,
			);
			sourceTree = "<group>";
		};
		36394297213FC47700D42D31 /* Products */ = {
			isa = PBXGroup;
			children = (
				36394296213FC47700D42D31 /* EPUB_FolioReader.app */,
			);
			name = Products;
			sourceTree = "<group>";
		};
		36394298213FC47700D42D31 /* EPUB_FolioReader */ = {
			isa = PBXGroup;
			children = (
				36394299213FC47700D42D31 /* AppDelegate.swift */,
				3639429B213FC47700D42D31 /* ViewController.swift */,
				3639429D213FC47700D42D31 /* Main.storyboard */,
				363942A0213FC47800D42D31 /* Assets.xcassets */,
				363942A2213FC47800D42D31 /* LaunchScreen.storyboard */,
				363942A5213FC47800D42D31 /* Info.plist */,
			);
			path = EPUB_FolioReader;
			sourceTree = "<group>";
		};
		52CFAA10A3027128D1749065 /* Frameworks */ = {
			isa = PBXGroup;
			children = (
				8ED1400762260FC4F9085D40 /* Pods_EPUB_FolioReader.framework */,
			);
			name = Frameworks;
			sourceTree = "<group>";
		};
		D595E17C586B6D77313D5AB5 /* Pods */ = {
			isa = PBXGroup;
			children = (
				EF9120381EB49FE31110E0D6 /* Pods-EPUB_FolioReader.debug.xcconfig */,
				A53D30056C47CAD710C6A6B0 /* Pods-EPUB_FolioReader.release.xcconfig */,
			);
			name = Pods;
			sourceTree = "<group>";
		};
/* End PBXGroup section */

/* Begin PBXNativeTarget section */
		36394295213FC47700D42D31 /* EPUB_FolioReader */ = {
			isa = PBXNativeTarget;
			buildConfigurationList = 363942A8213FC47800D42D31 /* Build configuration list for PBXNativeTarget "EPUB_FolioReader" */;
			buildPhases = (
				AC360F5E009B46294DBD3964 /* [CP] Check Pods Manifest.lock */,
				36394292213FC47700D42D31 /* Sources */,
				36394293213FC47700D42D31 /* Frameworks */,
				36394294213FC47700D42D31 /* Resources */,
				7ECB83ED380F845AF82F877C /* [CP] Embed Pods Frameworks */,
			);
			buildRules = (
			);
			dependencies = (
			);
			name = EPUB_FolioReader;
			productName = EPUB_FolioReader;
			productReference = 36394296213FC47700D42D31 /* EPUB_FolioReader.app */;
			productType = "com.apple.product-type.application";
		};
/* End PBXNativeTarget section */

/* Begin PBXProject section */
		3639428E213FC47700D42D31 /* Project object */ = {
			isa = PBXProject;
			attributes = {
				LastSwiftUpdateCheck = 0940;
				LastUpgradeCheck = 0940;
				ORGANIZATIONNAME = Hank_Zhong;
				TargetAttributes = {
					36394295213FC47700D42D31 = {
						CreatedOnToolsVersion = 9.4.1;
					};
				};
			};
			buildConfigurationList = 36394291213FC47700D42D31 /* Build configuration list for PBXProject "EPUB_FolioReader" */;
			compatibilityVersion = "Xcode 9.3";
			developmentRegion = en;
			hasScannedForEncodings = 0;
			knownRegions = (
				en,
				Base,
			);
			mainGroup = 3639428D213FC47700D42D31;
			productRefGroup = 36394297213FC47700D42D31 /* Products */;
			projectDirPath = "";
			projectRoot = "";
			targets = (
				36394295213FC47700D42D31 /* EPUB_FolioReader */,
			);
		};
/* End PBXProject section */

/* Begin PBXResourcesBuildPhase section */
		36394294213FC47700D42D31 /* Resources */ = {
			isa = PBXResourcesBuildPhase;
			buildActionMask = 2147483647;
			files = (
				363942A4213FC47800D42D31 /* LaunchScreen.storyboard in Resources */,
				363942A1213FC47800D42D31 /* Assets.xcassets in Resources */,
				3639429F213FC47700D42D31 /* Main.storyboard in Resources */,
			);
			runOnlyForDeploymentPostprocessing = 0;
		};
/* End PBXResourcesBuildPhase section */

/* Begin PBXShellScriptBuildPhase section */
		7ECB83ED380F845AF82F877C /* [CP] Embed Pods Frameworks */ = {
			isa = PBXShellScriptBuildPhase;
			buildActionMask = 2147483647;
			files = (
			);
			inputPaths = (
				"${SRCROOT}/Pods/Target Support Files/Pods-EPUB_FolioReader/Pods-EPUB_FolioReader-frameworks.sh",
				"${BUILT_PRODUCTS_DIR}/AEXML/AEXML.framework",
				"${BUILT_PRODUCTS_DIR}/FolioReaderKit/FolioReaderKit.framework",
				"${BUILT_PRODUCTS_DIR}/FontBlaster/FontBlaster.framework",
				"${BUILT_PRODUCTS_DIR}/GCDWebServer/GCDWebServer.framework",
				"${BUILT_PRODUCTS_DIR}/JSQWebViewController/JSQWebViewController.framework",
				"${BUILT_PRODUCTS_DIR}/MenuItemKit/MenuItemKit.framework",
				"${BUILT_PRODUCTS_DIR}/Realm/Realm.framework",
				"${BUILT_PRODUCTS_DIR}/RealmSwift/RealmSwift.framework",
				"${BUILT_PRODUCTS_DIR}/SSZipArchive/SSZipArchive.framework",
				"${BUILT_PRODUCTS_DIR}/ZFDragableModalTransition/ZFDragableModalTransition.framework",
			);
			name = "[CP] Embed Pods Frameworks";
			outputPaths = (
				"${TARGET_BUILD_DIR}/${FRAMEWORKS_FOLDER_PATH}/AEXML.framework",
				"${TARGET_BUILD_DIR}/${FRAMEWORKS_FOLDER_PATH}/FolioReaderKit.framework",
				"${TARGET_BUILD_DIR}/${FRAMEWORKS_FOLDER_PATH}/FontBlaster.framework",
				"${TARGET_BUILD_DIR}/${FRAMEWORKS_FOLDER_PATH}/GCDWebServer.framework",
				"${TARGET_BUILD_DIR}/${FRAMEWORKS_FOLDER_PATH}/JSQWebViewController.framework",
				"${TARGET_BUILD_DIR}/${FRAMEWORKS_FOLDER_PATH}/MenuItemKit.framework",
				"${TARGET_BUILD_DIR}/${FRAMEWORKS_FOLDER_PATH}/Realm.framework",
				"${TARGET_BUILD_DIR}/${FRAMEWORKS_FOLDER_PATH}/RealmSwift.framework",
				"${TARGET_BUILD_DIR}/${FRAMEWORKS_FOLDER_PATH}/SSZipArchive.framework",
				"${TARGET_BUILD_DIR}/${FRAMEWORKS_FOLDER_PATH}/ZFDragableModalTransition.framework",
			);
			runOnlyForDeploymentPostprocessing = 0;
			shellPath = /bin/sh;
			shellScript = "\"${SRCROOT}/Pods/Target Support Files/Pods-EPUB_FolioReader/Pods-EPUB_FolioReader-frameworks.sh\"\n";
			showEnvVarsInLog = 0;
		};
		AC360F5E009B46294DBD3964 /* [CP] Check Pods Manifest.lock */ = {
			isa = PBXShellScriptBuildPhase;
			buildActionMask = 2147483647;
			files = (
			);
			inputPaths = (
				"${PODS_PODFILE_DIR_PATH}/Podfile.lock",
				"${PODS_ROOT}/Manifest.lock",
			);
			name = "[CP] Check Pods Manifest.lock";
			outputPaths = (
				"$(DERIVED_FILE_DIR)/Pods-EPUB_FolioReader-checkManifestLockResult.txt",
			);
			runOnlyForDeploymentPostprocessing = 0;
			shellPath = /bin/sh;
			shellScript = "diff \"${PODS_PODFILE_DIR_PATH}/Podfile.lock\" \"${PODS_ROOT}/Manifest.lock\" > /dev/null\nif [ $? != 0 ] ; then\n    # print error to STDERR\n    echo \"error: The sandbox is not in sync with the Podfile.lock. Run 'pod install' or update your CocoaPods installation.\" >&2\n    exit 1\nfi\n# This output is used by Xcode 'outputs' to avoid re-running this script phase.\necho \"SUCCESS\" > \"${SCRIPT_OUTPUT_FILE_0}\"\n";
			showEnvVarsInLog = 0;
		};
/* End PBXShellScriptBuildPhase section */

/* Begin PBXSourcesBuildPhase section */
		36394292213FC47700D42D31 /* Sources */ = {
			isa = PBXSourcesBuildPhase;
			buildActionMask = 2147483647;
			files = (
				3639429C213FC47700D42D31 /* ViewController.swift in Sources */,
				3639429A213FC47700D42D31 /* AppDelegate.swift in Sources */,
			);
			runOnlyForDeploymentPostprocessing = 0;
		};
/* End PBXSourcesBuildPhase section */

/* Begin PBXVariantGroup section */
		3639429D213FC47700D42D31 /* Main.storyboard */ = {
			isa = PBXVariantGroup;
			children = (
				3639429E213FC47700D42D31 /* Base */,
			);
			name = Main.storyboard;
			sourceTree = "<group>";
		};
		363942A2213FC47800D42D31 /* LaunchScreen.storyboard */ = {
			isa = PBXVariantGroup;
			children = (
				363942A3213FC47800D42D31 /* Base */,
			);
			name = LaunchScreen.storyboard;
			sourceTree = "<group>";
		};
/* End PBXVariantGroup section */

/* Begin XCBuildConfiguration section */
		363942A6213FC47800D42D31 /* Debug */ = {
			isa = XCBuildConfiguration;
			buildSettings = {
				ALWAYS_SEARCH_USER_PATHS = NO;
				CLANG_ANALYZER_NONNULL = YES;
				CLANG_ANALYZER_NUMBER_OBJECT_CONVERSION = YES_AGGRESSIVE;
				CLANG_CXX_LANGUAGE_STANDARD = "gnu++14";
				CLANG_CXX_LIBRARY = "libc++";
				CLANG_ENABLE_MODULES = YES;
				CLANG_ENABLE_OBJC_ARC = YES;
				CLANG_ENABLE_OBJC_WEAK = YES;
				CLANG_WARN_BLOCK_CAPTURE_AUTORELEASING = YES;
				CLANG_WARN_BOOL_CONVERSION = YES;
				CLANG_WARN_COMMA = YES;
				CLANG_WARN_CONSTANT_CONVERSION = YES;
				CLANG_WARN_DEPRECATED_OBJC_IMPLEMENTATIONS = YES;
				CLANG_WARN_DIRECT_OBJC_ISA_USAGE = YES_ERROR;
				CLANG_WARN_DOCUMENTATION_COMMENTS = YES;
				CLANG_WARN_EMPTY_BODY = YES;
				CLANG_WARN_ENUM_CONVERSION = YES;
				CLANG_WARN_INFINITE_RECURSION = YES;
				CLANG_WARN_INT_CONVERSION = YES;
				CLANG_WARN_NON_LITERAL_NULL_CONVERSION = YES;
				CLANG_WARN_OBJC_IMPLICIT_RETAIN_SELF = YES;
				CLANG_WARN_OBJC_LITERAL_CONVERSION = YES;
				CLANG_WARN_OBJC_ROOT_CLASS = YES_ERROR;
				CLANG_WARN_RANGE_LOOP_ANALYSIS = YES;
				CLANG_WARN_STRICT_PROTOTYPES = YES;
				CLANG_WARN_SUSPICIOUS_MOVE = YES;
				CLANG_WARN_UNGUARDED_AVAILABILITY = YES_AGGRESSIVE;
				CLANG_WARN_UNREACHABLE_CODE = YES;
				CLANG_WARN__DUPLICATE_METHOD_MATCH = YES;
				CODE_SIGN_IDENTITY = "iPhone Developer";
				COPY_PHASE_STRIP = NO;
				DEBUG_INFORMATION_FORMAT = dwarf;
				ENABLE_STRICT_OBJC_MSGSEND = YES;
				ENABLE_TESTABILITY = YES;
				GCC_C_LANGUAGE_STANDARD = gnu11;
				GCC_DYNAMIC_NO_PIC = NO;
				GCC_NO_COMMON_BLOCKS = YES;
				GCC_OPTIMIZATION_LEVEL = 0;
				GCC_PREPROCESSOR_DEFINITIONS = (
					"DEBUG=1",
					"$(inherited)",
				);
				GCC_WARN_64_TO_32_BIT_CONVERSION = YES;
				GCC_WARN_ABOUT_RETURN_TYPE = YES_ERROR;
				GCC_WARN_UNDECLARED_SELECTOR = YES;
				GCC_WARN_UNINITIALIZED_AUTOS = YES_AGGRESSIVE;
				GCC_WARN_UNUSED_FUNCTION = YES;
				GCC_WARN_UNUSED_VARIABLE = YES;
				IPHONEOS_DEPLOYMENT_TARGET = 11.4;
				MTL_ENABLE_DEBUG_INFO = YES;
				ONLY_ACTIVE_ARCH = YES;
				SDKROOT = iphoneos;
				SWIFT_ACTIVE_COMPILATION_CONDITIONS = DEBUG;
				SWIFT_OPTIMIZATION_LEVEL = "-Onone";
			};
			name = Debug;
		};
		363942A7213FC47800D42D31 /* Release */ = {
			isa = XCBuildConfiguration;
			buildSettings = {
				ALWAYS_SEARCH_USER_PATHS = NO;
				CLANG_ANALYZER_NONNULL = YES;
				CLANG_ANALYZER_NUMBER_OBJECT_CONVERSION = YES_AGGRESSIVE;
				CLANG_CXX_LANGUAGE_STANDARD = "gnu++14";
				CLANG_CXX_LIBRARY = "libc++";
				CLANG_ENABLE_MODULES = YES;
				CLANG_ENABLE_OBJC_ARC = YES;
				CLANG_ENABLE_OBJC_WEAK = YES;
				CLANG_WARN_BLOCK_CAPTURE_AUTORELEASING = YES;
				CLANG_WARN_BOOL_CONVERSION = YES;
				CLANG_WARN_COMMA = YES;
				CLANG_WARN_CONSTANT_CONVERSION = YES;
				CLANG_WARN_DEPRECATED_OBJC_IMPLEMENTATIONS = YES;
				CLANG_WARN_DIRECT_OBJC_ISA_USAGE = YES_ERROR;
				CLANG_WARN_DOCUMENTATION_COMMENTS = YES;
				CLANG_WARN_EMPTY_BODY = YES;
				CLANG_WARN_ENUM_CONVERSION = YES;
				CLANG_WARN_INFINITE_RECURSION = YES;
				CLANG_WARN_INT_CONVERSION = YES;
				CLANG_WARN_NON_LITERAL_NULL_CONVERSION = YES;
				CLANG_WARN_OBJC_IMPLICIT_RETAIN_SELF = YES;
				CLANG_WARN_OBJC_LITERAL_CONVERSION = YES;
				CLANG_WARN_OBJC_ROOT_CLASS = YES_ERROR;
				CLANG_WARN_RANGE_LOOP_ANALYSIS = YES;
				CLANG_WARN_STRICT_PROTOTYPES = YES;
				CLANG_WARN_SUSPICIOUS_MOVE = YES;
				CLANG_WARN_UNGUARDED_AVAILABILITY = YES_AGGRESSIVE;
				CLANG_WARN_UNREACHABLE_CODE = YES;
				CLANG_WARN__DUPLICATE_METHOD_MATCH = YES;
				CODE_SIGN_IDENTITY = "iPhone Developer";
				COPY_PHASE_STRIP = NO;
				DEBUG_INFORMATION_FORMAT = "dwarf-with-dsym";
				ENABLE_NS_ASSERTIONS = NO;
				ENABLE_STRICT_OBJC_MSGSEND = YES;
				GCC_C_LANGUAGE_STANDARD = gnu11;
				GCC_NO_COMMON_BLOCKS = YES;
				GCC_WARN_64_TO_32_BIT_CONVERSION = YES;
				GCC_WARN_ABOUT_RETURN_TYPE = YES_ERROR;
				GCC_WARN_UNDECLARED_SELECTOR = YES;
				GCC_WARN_UNINITIALIZED_AUTOS = YES_AGGRESSIVE;
				GCC_WARN_UNUSED_FUNCTION = YES;
				GCC_WARN_UNUSED_VARIABLE = YES;
				IPHONEOS_DEPLOYMENT_TARGET = 11.4;
				MTL_ENABLE_DEBUG_INFO = NO;
				SDKROOT = iphoneos;
				SWIFT_COMPILATION_MODE = wholemodule;
				SWIFT_OPTIMIZATION_LEVEL = "-O";
				VALIDATE_PRODUCT = YES;
			};
			name = Release;
		};
		363942A9213FC47800D42D31 /* Debug */ = {
			isa = XCBuildConfiguration;
			baseConfigurationReference = EF9120381EB49FE31110E0D6 /* Pods-EPUB_FolioReader.debug.xcconfig */;
			buildSettings = {
				ASSETCATALOG_COMPILER_APPICON_NAME = AppIcon;
				CODE_SIGN_STYLE = Automatic;
				INFOPLIST_FILE = EPUB_FolioReader/Info.plist;
				LD_RUNPATH_SEARCH_PATHS = (
					"$(inherited)",
					"@executable_path/Frameworks",
				);
				PRODUCT_BUNDLE_IDENTIFIER = "com.Hank-Zhong.EPUB-FolioReader";
				PRODUCT_NAME = "$(TARGET_NAME)";
				SWIFT_VERSION = 4.0;
				TARGETED_DEVICE_FAMILY = "1,2";
			};
			name = Debug;
		};
		363942AA213FC47800D42D31 /* Release */ = {
			isa = XCBuildConfiguration;
			baseConfigurationReference = A53D30056C47CAD710C6A6B0 /* Pods-EPUB_FolioReader.release.xcconfig */;
			buildSettings = {
				ASSETCATALOG_COMPILER_APPICON_NAME = AppIcon;
				CODE_SIGN_STYLE = Automatic;
				INFOPLIST_FILE = EPUB_FolioReader/Info.plist;
				LD_RUNPATH_SEARCH_PATHS = (
					"$(inherited)",
					"@executable_path/Frameworks",
				);
				PRODUCT_BUNDLE_IDENTIFIER = "com.Hank-Zhong.EPUB-FolioReader";
				PRODUCT_NAME = "$(TARGET_NAME)";
				SWIFT_VERSION = 4.0;
				TARGETED_DEVICE_FAMILY = "1,2";
			};
			name = Release;
		};
/* End XCBuildConfiguration section */

/* Begin XCConfigurationList section */
		36394291213FC47700D42D31 /* Build configuration list for PBXProject "EPUB_FolioReader" */ = {
			isa = XCConfigurationList;
			buildConfigurations = (
				363942A6213FC47800D42D31 /* Debug */,
				363942A7213FC47800D42D31 /* Release */,
			);
			defaultConfigurationIsVisible = 0;
			defaultConfigurationName = Release;
		};
		363942A8213FC47800D42D31 /* Build configuration list for PBXNativeTarget "EPUB_FolioReader" */ = {
			isa = XCConfigurationList;
			buildConfigurations = (
				363942A9213FC47800D42D31 /* Debug */,
				363942AA213FC47800D42D31 /* Release */,
			);
			defaultConfigurationIsVisible = 0;
			defaultConfigurationName = Release;
		};
/* End XCConfigurationList section */
	};
	rootObject = 3639428E213FC47700D42D31 /* Project object */;
}
