// !$*UTF8*$!
{
	archiveVersion = 1;
	classes = {
	};
	objectVersion = 50;
	objects = {

/* Begin PBXBuildFile section */
		3649EDFC20DB57BA008C17F9 /* AppDelegate.swift in Sources */ = {isa = PBXBuildFile; fileRef = 3649EDFB20DB57BA008C17F9 /* AppDelegate.swift */; };
		3649EE0120DB57BA008C17F9 /* Main.storyboard in Resources */ = {isa = PBXBuildFile; fileRef = 3649EDFF20DB57BA008C17F9 /* Main.storyboard */; };
		3649EE0320DB57BB008C17F9 /* Assets.xcassets in Resources */ = {isa = PBXBuildFile; fileRef = 3649EE0220DB57BB008C17F9 /* Assets.xcassets */; };
		3649EE0620DB57BB008C17F9 /* LaunchScreen.storyboard in Resources */ = {isa = PBXBuildFile; fileRef = 3649EE0420DB57BB008C17F9 /* LaunchScreen.storyboard */; };
		3649EE1020DB7F75008C17F9 /* APITestViewController.swift in Sources */ = {isa = PBXBuildFile; fileRef = 3649EE0F20DB7F75008C17F9 /* APITestViewController.swift */; };
		3649EE1320DB7FD6008C17F9 /* API.swift in Sources */ = {isa = PBXBuildFile; fileRef = 3649EE1220DB7FD6008C17F9 /* API.swift */; };
		3649EE1520DB8ADF008C17F9 /* APITestResultViewController.swift in Sources */ = {isa = PBXBuildFile; fileRef = 3649EE1420DB8ADF008C17F9 /* APITestResultViewController.swift */; };
/* End PBXBuildFile section */

/* Begin PBXFileReference section */
		3649EDF820DB57BA008C17F9 /* TWB_Good_Viewer.app */ = {isa = PBXFileReference; explicitFileType = wrapper.application; includeInIndex = 0; path = TWB_Good_Viewer.app; sourceTree = BUILT_PRODUCTS_DIR; };
		3649EDFB20DB57BA008C17F9 /* AppDelegate.swift */ = {isa = PBXFileReference; lastKnownFileType = sourcecode.swift; path = AppDelegate.swift; sourceTree = "<group>"; };
		3649EE0020DB57BA008C17F9 /* Base */ = {isa = PBXFileReference; lastKnownFileType = file.storyboard; name = Base; path = Base.lproj/Main.storyboard; sourceTree = "<group>"; };
		3649EE0220DB57BB008C17F9 /* Assets.xcassets */ = {isa = PBXFileReference; lastKnownFileType = folder.assetcatalog; path = Assets.xcassets; sourceTree = "<group>"; };
		3649EE0520DB57BB008C17F9 /* Base */ = {isa = PBXFileReference; lastKnownFileType = file.storyboard; name = Base; path = Base.lproj/LaunchScreen.storyboard; sourceTree = "<group>"; };
		3649EE0720DB57BB008C17F9 /* Info.plist */ = {isa = PBXFileReference; lastKnownFileType = text.plist.xml; path = Info.plist; sourceTree = "<group>"; };
		3649EE0F20DB7F75008C17F9 /* APITestViewController.swift */ = {isa = PBXFileReference; lastKnownFileType = sourcecode.swift; path = APITestViewController.swift; sourceTree = "<group>"; };
		3649EE1220DB7FD6008C17F9 /* API.swift */ = {isa = PBXFileReference; lastKnownFileType = sourcecode.swift; path = API.swift; sourceTree = "<group>"; };
		3649EE1420DB8ADF008C17F9 /* APITestResultViewController.swift */ = {isa = PBXFileReference; lastKnownFileType = sourcecode.swift; path = APITestResultViewController.swift; sourceTree = "<group>"; };
/* End PBXFileReference section */

/* Begin PBXFrameworksBuildPhase section */
		3649EDF520DB57BA008C17F9 /* Frameworks */ = {
			isa = PBXFrameworksBuildPhase;
			buildActionMask = 2147483647;
			files = (
			);
			runOnlyForDeploymentPostprocessing = 0;
		};
/* End PBXFrameworksBuildPhase section */

/* Begin PBXGroup section */
		3649EDEF20DB57BA008C17F9 = {
			isa = PBXGroup;
			children = (
				3649EDFA20DB57BA008C17F9 /* TWB_Good_Viewer */,
				3649EDF920DB57BA008C17F9 /* Products */,
			);
			sourceTree = "<group>";
		};
		3649EDF920DB57BA008C17F9 /* Products */ = {
			isa = PBXGroup;
			children = (
				3649EDF820DB57BA008C17F9 /* TWB_Good_Viewer.app */,
			);
			name = Products;
			sourceTree = "<group>";
		};
		3649EDFA20DB57BA008C17F9 /* TWB_Good_Viewer */ = {
			isa = PBXGroup;
			children = (
				3649EE1120DB7FB2008C17F9 /* Model */,
				3649EDFB20DB57BA008C17F9 /* AppDelegate.swift */,
				3649EDFF20DB57BA008C17F9 /* Main.storyboard */,
				3649EE0220DB57BB008C17F9 /* Assets.xcassets */,
				3649EE0420DB57BB008C17F9 /* LaunchScreen.storyboard */,
				3649EE0720DB57BB008C17F9 /* Info.plist */,
			);
			path = TWB_Good_Viewer;
			sourceTree = "<group>";
		};
		3649EE1120DB7FB2008C17F9 /* Model */ = {
			isa = PBXGroup;
			children = (
				3649EE1220DB7FD6008C17F9 /* API.swift */,
				3649EE1420DB8ADF008C17F9 /* APITestResultViewController.swift */,
				3649EE0F20DB7F75008C17F9 /* APITestViewController.swift */,
			);
			path = Model;
			sourceTree = "<group>";
		};
/* End PBXGroup section */

/* Begin PBXNativeTarget section */
		3649EDF720DB57BA008C17F9 /* TWB_Good_Viewer */ = {
			isa = PBXNativeTarget;
			buildConfigurationList = 3649EE0A20DB57BB008C17F9 /* Build configuration list for PBXNativeTarget "TWB_Good_Viewer" */;
			buildPhases = (
				3649EDF420DB57BA008C17F9 /* Sources */,
				3649EDF520DB57BA008C17F9 /* Frameworks */,
				3649EDF620DB57BA008C17F9 /* Resources */,
			);
			buildRules = (
			);
			dependencies = (
			);
			name = TWB_Good_Viewer;
			productName = TWB_Good_Viewer;
			productReference = 3649EDF820DB57BA008C17F9 /* TWB_Good_Viewer.app */;
			productType = "com.apple.product-type.application";
		};
/* End PBXNativeTarget section */

/* Begin PBXProject section */
		3649EDF020DB57BA008C17F9 /* Project object */ = {
			isa = PBXProject;
			attributes = {
				LastSwiftUpdateCheck = 0940;
				LastUpgradeCheck = 0940;
				ORGANIZATIONNAME = Hank_Zhong;
				TargetAttributes = {
					3649EDF720DB57BA008C17F9 = {
						CreatedOnToolsVersion = 9.4;
					};
				};
			};
			buildConfigurationList = 3649EDF320DB57BA008C17F9 /* Build configuration list for PBXProject "TWB_Good_Viewer" */;
			compatibilityVersion = "Xcode 9.3";
			developmentRegion = en;
			hasScannedForEncodings = 0;
			knownRegions = (
				en,
				Base,
			);
			mainGroup = 3649EDEF20DB57BA008C17F9;
			productRefGroup = 3649EDF920DB57BA008C17F9 /* Products */;
			projectDirPath = "";
			projectRoot = "";
			targets = (
				3649EDF720DB57BA008C17F9 /* TWB_Good_Viewer */,
			);
		};
/* End PBXProject section */

/* Begin PBXResourcesBuildPhase section */
		3649EDF620DB57BA008C17F9 /* Resources */ = {
			isa = PBXResourcesBuildPhase;
			buildActionMask = 2147483647;
			files = (
				3649EE0620DB57BB008C17F9 /* LaunchScreen.storyboard in Resources */,
				3649EE0320DB57BB008C17F9 /* Assets.xcassets in Resources */,
				3649EE0120DB57BA008C17F9 /* Main.storyboard in Resources */,
			);
			runOnlyForDeploymentPostprocessing = 0;
		};
/* End PBXResourcesBuildPhase section */

/* Begin PBXSourcesBuildPhase section */
		3649EDF420DB57BA008C17F9 /* Sources */ = {
			isa = PBXSourcesBuildPhase;
			buildActionMask = 2147483647;
			files = (
				3649EE1520DB8ADF008C17F9 /* APITestResultViewController.swift in Sources */,
				3649EDFC20DB57BA008C17F9 /* AppDelegate.swift in Sources */,
				3649EE1320DB7FD6008C17F9 /* API.swift in Sources */,
				3649EE1020DB7F75008C17F9 /* APITestViewController.swift in Sources */,
			);
			runOnlyForDeploymentPostprocessing = 0;
		};
/* End PBXSourcesBuildPhase section */

/* Begin PBXVariantGroup section */
		3649EDFF20DB57BA008C17F9 /* Main.storyboard */ = {
			isa = PBXVariantGroup;
			children = (
				3649EE0020DB57BA008C17F9 /* Base */,
			);
			name = Main.storyboard;
			sourceTree = "<group>";
		};
		3649EE0420DB57BB008C17F9 /* LaunchScreen.storyboard */ = {
			isa = PBXVariantGroup;
			children = (
				3649EE0520DB57BB008C17F9 /* Base */,
			);
			name = LaunchScreen.storyboard;
			sourceTree = "<group>";
		};
/* End PBXVariantGroup section */

/* Begin XCBuildConfiguration section */
		3649EE0820DB57BB008C17F9 /* Debug */ = {
			isa = XCBuildConfiguration;
			buildSettings = {
				ALWAYS_SEARCH_USER_PATHS = NO;
				CLANG_ANALYZER_NONNULL = YES;
				CLANG_ANALYZER_NUMBER_OBJECT_CONVERSION = YES_AGGRESSIVE;
				CLANG_CXX_LANGUAGE_STANDARD = "gnu++14";
				CLANG_CXX_LIBRARY = "libc++";
				CLANG_ENABLE_MODULES = YES;
				CLANG_ENABLE_OBJC_ARC = YES;
				CLANG_ENABLE_OBJC_WEAK = YES;
				CLANG_WARN_BLOCK_CAPTURE_AUTORELEASING = YES;
				CLANG_WARN_BOOL_CONVERSION = YES;
				CLANG_WARN_COMMA = YES;
				CLANG_WARN_CONSTANT_CONVERSION = YES;
				CLANG_WARN_DEPRECATED_OBJC_IMPLEMENTATIONS = YES;
				CLANG_WARN_DIRECT_OBJC_ISA_USAGE = YES_ERROR;
				CLANG_WARN_DOCUMENTATION_COMMENTS = YES;
				CLANG_WARN_EMPTY_BODY = YES;
				CLANG_WARN_ENUM_CONVERSION = YES;
				CLANG_WARN_INFINITE_RECURSION = YES;
				CLANG_WARN_INT_CONVERSION = YES;
				CLANG_WARN_NON_LITERAL_NULL_CONVERSION = YES;
				CLANG_WARN_OBJC_IMPLICIT_RETAIN_SELF = YES;
				CLANG_WARN_OBJC_LITERAL_CONVERSION = YES;
				CLANG_WARN_OBJC_ROOT_CLASS = YES_ERROR;
				CLANG_WARN_RANGE_LOOP_ANALYSIS = YES;
				CLANG_WARN_STRICT_PROTOTYPES = YES;
				CLANG_WARN_SUSPICIOUS_MOVE = YES;
				CLANG_WARN_UNGUARDED_AVAILABILITY = YES_AGGRESSIVE;
				CLANG_WARN_UNREACHABLE_CODE = YES;
				CLANG_WARN__DUPLICATE_METHOD_MATCH = YES;
				CODE_SIGN_IDENTITY = "iPhone Developer";
				COPY_PHASE_STRIP = NO;
				DEBUG_INFORMATION_FORMAT = dwarf;
				ENABLE_STRICT_OBJC_MSGSEND = YES;
				ENABLE_TESTABILITY = YES;
				GCC_C_LANGUAGE_STANDARD = gnu11;
				GCC_DYNAMIC_NO_PIC = NO;
				GCC_NO_COMMON_BLOCKS = YES;
				GCC_OPTIMIZATION_LEVEL = 0;
				GCC_PREPROCESSOR_DEFINITIONS = (
					"DEBUG=1",
					"$(inherited)",
				);
				GCC_WARN_64_TO_32_BIT_CONVERSION = YES;
				GCC_WARN_ABOUT_RETURN_TYPE = YES_ERROR;
				GCC_WARN_UNDECLARED_SELECTOR = YES;
				GCC_WARN_UNINITIALIZED_AUTOS = YES_AGGRESSIVE;
				GCC_WARN_UNUSED_FUNCTION = YES;
				GCC_WARN_UNUSED_VARIABLE = YES;
				IPHONEOS_DEPLOYMENT_TARGET = 11.4;
				MTL_ENABLE_DEBUG_INFO = YES;
				ONLY_ACTIVE_ARCH = YES;
				SDKROOT = iphoneos;
				SWIFT_ACTIVE_COMPILATION_CONDITIONS = DEBUG;
				SWIFT_OPTIMIZATION_LEVEL = "-Onone";
			};
			name = Debug;
		};
		3649EE0920DB57BB008C17F9 /* Release */ = {
			isa = XCBuildConfiguration;
			buildSettings = {
				ALWAYS_SEARCH_USER_PATHS = NO;
				CLANG_ANALYZER_NONNULL = YES;
				CLANG_ANALYZER_NUMBER_OBJECT_CONVERSION = YES_AGGRESSIVE;
				CLANG_CXX_LANGUAGE_STANDARD = "gnu++14";
				CLANG_CXX_LIBRARY = "libc++";
				CLANG_ENABLE_MODULES = YES;
				CLANG_ENABLE_OBJC_ARC = YES;
				CLANG_ENABLE_OBJC_WEAK = YES;
				CLANG_WARN_BLOCK_CAPTURE_AUTORELEASING = YES;
				CLANG_WARN_BOOL_CONVERSION = YES;
				CLANG_WARN_COMMA = YES;
				CLANG_WARN_CONSTANT_CONVERSION = YES;
				CLANG_WARN_DEPRECATED_OBJC_IMPLEMENTATIONS = YES;
				CLANG_WARN_DIRECT_OBJC_ISA_USAGE = YES_ERROR;
				CLANG_WARN_DOCUMENTATION_COMMENTS = YES;
				CLANG_WARN_EMPTY_BODY = YES;
				CLANG_WARN_ENUM_CONVERSION = YES;
				CLANG_WARN_INFINITE_RECURSION = YES;
				CLANG_WARN_INT_CONVERSION = YES;
				CLANG_WARN_NON_LITERAL_NULL_CONVERSION = YES;
				CLANG_WARN_OBJC_IMPLICIT_RETAIN_SELF = YES;
				CLANG_WARN_OBJC_LITERAL_CONVERSION = YES;
				CLANG_WARN_OBJC_ROOT_CLASS = YES_ERROR;
				CLANG_WARN_RANGE_LOOP_ANALYSIS = YES;
				CLANG_WARN_STRICT_PROTOTYPES = YES;
				CLANG_WARN_SUSPICIOUS_MOVE = YES;
				CLANG_WARN_UNGUARDED_AVAILABILITY = YES_AGGRESSIVE;
				CLANG_WARN_UNREACHABLE_CODE = YES;
				CLANG_WARN__DUPLICATE_METHOD_MATCH = YES;
				CODE_SIGN_IDENTITY = "iPhone Developer";
				COPY_PHASE_STRIP = NO;
				DEBUG_INFORMATION_FORMAT = "dwarf-with-dsym";
				ENABLE_NS_ASSERTIONS = NO;
				ENABLE_STRICT_OBJC_MSGSEND = YES;
				GCC_C_LANGUAGE_STANDARD = gnu11;
				GCC_NO_COMMON_BLOCKS = YES;
				GCC_WARN_64_TO_32_BIT_CONVERSION = YES;
				GCC_WARN_ABOUT_RETURN_TYPE = YES_ERROR;
				GCC_WARN_UNDECLARED_SELECTOR = YES;
				GCC_WARN_UNINITIALIZED_AUTOS = YES_AGGRESSIVE;
				GCC_WARN_UNUSED_FUNCTION = YES;
				GCC_WARN_UNUSED_VARIABLE = YES;
				IPHONEOS_DEPLOYMENT_TARGET = 11.4;
				MTL_ENABLE_DEBUG_INFO = NO;
				SDKROOT = iphoneos;
				SWIFT_COMPILATION_MODE = wholemodule;
				SWIFT_OPTIMIZATION_LEVEL = "-O";
				VALIDATE_PRODUCT = YES;
			};
			name = Release;
		};
		3649EE0B20DB57BB008C17F9 /* Debug */ = {
			isa = XCBuildConfiguration;
			buildSettings = {
				ASSETCATALOG_COMPILER_APPICON_NAME = AppIcon;
				CODE_SIGN_STYLE = Automatic;
				DEVELOPMENT_TEAM = FJ796T7KK8;
				INFOPLIST_FILE = TWB_Good_Viewer/Info.plist;
				LD_RUNPATH_SEARCH_PATHS = (
					"$(inherited)",
					"@executable_path/Frameworks",
				);
				PRODUCT_BUNDLE_IDENTIFIER = "com.Hank-Zhong.TWB-Good-Viewer";
				PRODUCT_NAME = "$(TARGET_NAME)";
				SWIFT_VERSION = 4.0;
				TARGETED_DEVICE_FAMILY = "1,2";
			};
			name = Debug;
		};
		3649EE0C20DB57BB008C17F9 /* Release */ = {
			isa = XCBuildConfiguration;
			buildSettings = {
				ASSETCATALOG_COMPILER_APPICON_NAME = AppIcon;
				CODE_SIGN_STYLE = Automatic;
				DEVELOPMENT_TEAM = FJ796T7KK8;
				INFOPLIST_FILE = TWB_Good_Viewer/Info.plist;
				LD_RUNPATH_SEARCH_PATHS = (
					"$(inherited)",
					"@executable_path/Frameworks",
				);
				PRODUCT_BUNDLE_IDENTIFIER = "com.Hank-Zhong.TWB-Good-Viewer";
				PRODUCT_NAME = "$(TARGET_NAME)";
				SWIFT_VERSION = 4.0;
				TARGETED_DEVICE_FAMILY = "1,2";
			};
			name = Release;
		};
/* End XCBuildConfiguration section */

/* Begin XCConfigurationList section */
		3649EDF320DB57BA008C17F9 /* Build configuration list for PBXProject "TWB_Good_Viewer" */ = {
			isa = XCConfigurationList;
			buildConfigurations = (
				3649EE0820DB57BB008C17F9 /* Debug */,
				3649EE0920DB57BB008C17F9 /* Release */,
			);
			defaultConfigurationIsVisible = 0;
			defaultConfigurationName = Release;
		};
		3649EE0A20DB57BB008C17F9 /* Build configuration list for PBXNativeTarget "TWB_Good_Viewer" */ = {
			isa = XCConfigurationList;
			buildConfigurations = (
				3649EE0B20DB57BB008C17F9 /* Debug */,
				3649EE0C20DB57BB008C17F9 /* Release */,
			);
			defaultConfigurationIsVisible = 0;
			defaultConfigurationName = Release;
		};
/* End XCConfigurationList section */
	};
	rootObject = 3649EDF020DB57BA008C17F9 /* Project object */;
}
